// !$*UTF8*$!
{
	archiveVersion = 1;
	classes = {
	};
	objectVersion = 46;
	objects = {

/* Begin PBXBuildFile section */
		47941132684FD3E2DFBF2496 /* libPods-GitGood.a in Frameworks */ = {isa = PBXBuildFile; fileRef = A632ECB5297AC4CFB862B94F /* libPods-GitGood.a */; };
		FD03506219E108CD009279EC /* Accounts.framework in Frameworks */ = {isa = PBXBuildFile; fileRef = 34DDC7F219E07D9500EDA7B0 /* Accounts.framework */; };
		FD03506319E108DF009279EC /* AudioToolbox.framework in Frameworks */ = {isa = PBXBuildFile; fileRef = 34DDC7DE19E07D5500EDA7B0 /* AudioToolbox.framework */; };
		FD03506419E108E5009279EC /* CFNetwork.framework in Frameworks */ = {isa = PBXBuildFile; fileRef = 34DDC7E019E07D5A00EDA7B0 /* CFNetwork.framework */; };
		FD03506519E108EF009279EC /* CoreLocation.framework in Frameworks */ = {isa = PBXBuildFile; fileRef = 34DDC7E219E07D6B00EDA7B0 /* CoreLocation.framework */; };
		FD03506619E108FB009279EC /* MobileCoreServices.framework in Frameworks */ = {isa = PBXBuildFile; fileRef = 34DDC7E619E07D7800EDA7B0 /* MobileCoreServices.framework */; };
		FD03506719E10900009279EC /* QuartzCore.framework in Frameworks */ = {isa = PBXBuildFile; fileRef = 34DDC7E819E07D7F00EDA7B0 /* QuartzCore.framework */; };
		FD03506819E1090E009279EC /* libz.dylib in Frameworks */ = {isa = PBXBuildFile; fileRef = 34DDC7E419E07D7200EDA7B0 /* libz.dylib */; };
		FD03506919E10917009279EC /* Security.framework in Frameworks */ = {isa = PBXBuildFile; fileRef = 34DDC7EA19E07D8400EDA7B0 /* Security.framework */; };
		FD03506B19E10922009279EC /* SystemConfiguration.framework in Frameworks */ = {isa = PBXBuildFile; fileRef = 34DDC7EE19E07D8E00EDA7B0 /* SystemConfiguration.framework */; };
		FD03506C19E1094C009279EC /* Social.framework in Frameworks */ = {isa = PBXBuildFile; fileRef = 34DDC7F019E07D9100EDA7B0 /* Social.framework */; };
		FD31C91919E312260013A245 /* JoinViewController.m in Sources */ = {isa = PBXBuildFile; fileRef = FD31C90B19E312260013A245 /* JoinViewController.m */; };
		FD31C91A19E312260013A245 /* LeaderboardViewController.m in Sources */ = {isa = PBXBuildFile; fileRef = FD31C90D19E312260013A245 /* LeaderboardViewController.m */; };
		FD31C91B19E312260013A245 /* LogInViewController.m in Sources */ = {isa = PBXBuildFile; fileRef = FD31C90F19E312260013A245 /* LogInViewController.m */; };
		FD31C91C19E312260013A245 /* MainViewController.m in Sources */ = {isa = PBXBuildFile; fileRef = FD31C91119E312260013A245 /* MainViewController.m */; };
		FD31C91D19E312260013A245 /* PaymentViewController.m in Sources */ = {isa = PBXBuildFile; fileRef = FD31C91319E312260013A245 /* PaymentViewController.m */; };
		FD31C91E19E312260013A245 /* StartChallengeViewController.m in Sources */ = {isa = PBXBuildFile; fileRef = FD31C91519E312260013A245 /* StartChallengeViewController.m */; };
		FD31C91F19E312260013A245 /* TabBarViewController.m in Sources */ = {isa = PBXBuildFile; fileRef = FD31C91719E312260013A245 /* TabBarViewController.m */; };
		FD31C92319E312360013A245 /* LocalGitGoodUser.m in Sources */ = {isa = PBXBuildFile; fileRef = FD31C92119E312360013A245 /* LocalGitGoodUser.m */; };
		FD31C92419E312360013A245 /* UserProfile.swift in Sources */ = {isa = PBXBuildFile; fileRef = FD31C92219E312360013A245 /* UserProfile.swift */; };
		FD31C92A19E3126D0013A245 /* AppDelegate.m in Sources */ = {isa = PBXBuildFile; fileRef = FD31C92619E3126D0013A245 /* AppDelegate.m */; };
		FD31C92B19E3126D0013A245 /* Images.xcassets in Resources */ = {isa = PBXBuildFile; fileRef = FD31C92719E3126D0013A245 /* Images.xcassets */; };
		FD31C92D19E3126D0013A245 /* main.m in Sources */ = {isa = PBXBuildFile; fileRef = FD31C92919E3126D0013A245 /* main.m */; };
		FD31C94519E3150B0013A245 /* GitGoodTests.m in Sources */ = {isa = PBXBuildFile; fileRef = FD31C92E19E312940013A245 /* GitGoodTests.m */; };
		FD34657B19F07F8800698B27 /* InfoPlist.strings in Resources */ = {isa = PBXBuildFile; fileRef = FD3464FE19F07F8800698B27 /* InfoPlist.strings */; };
		FD34657C19F07F8800698B27 /* NSDateFormatter+OCTFormattingAdditions.m in Sources */ = {isa = PBXBuildFile; fileRef = FD34650019F07F8800698B27 /* NSDateFormatter+OCTFormattingAdditions.m */; };
		FD34657D19F07F8800698B27 /* NSURL+OCTQueryAdditions.m in Sources */ = {isa = PBXBuildFile; fileRef = FD34650219F07F8800698B27 /* NSURL+OCTQueryAdditions.m */; };
		FD34657E19F07F8800698B27 /* NSValueTransformer+OCTPredefinedTransformerAdditions.m in Sources */ = {isa = PBXBuildFile; fileRef = FD34650419F07F8800698B27 /* NSValueTransformer+OCTPredefinedTransformerAdditions.m */; };
		FD34657F19F07F8800698B27 /* OCTAccessToken.m in Sources */ = {isa = PBXBuildFile; fileRef = FD34650619F07F8800698B27 /* OCTAccessToken.m */; };
		FD34658019F07F8800698B27 /* OCTAuthorization.m in Sources */ = {isa = PBXBuildFile; fileRef = FD34650819F07F8800698B27 /* OCTAuthorization.m */; };
		FD34658119F07F8800698B27 /* OCTBlobTreeEntry.m in Sources */ = {isa = PBXBuildFile; fileRef = FD34650A19F07F8800698B27 /* OCTBlobTreeEntry.m */; };
		FD34658219F07F8800698B27 /* OCTBranch.m in Sources */ = {isa = PBXBuildFile; fileRef = FD34650C19F07F8800698B27 /* OCTBranch.m */; };
		FD34658319F07F8800698B27 /* OCTClient.m in Sources */ = {isa = PBXBuildFile; fileRef = FD34650E19F07F8800698B27 /* OCTClient.m */; };
		FD34658419F07F8800698B27 /* OCTClient+Activity.m in Sources */ = {isa = PBXBuildFile; fileRef = FD34651019F07F8800698B27 /* OCTClient+Activity.m */; };
		FD34658519F07F8800698B27 /* OCTClient+Events.m in Sources */ = {isa = PBXBuildFile; fileRef = FD34651219F07F8800698B27 /* OCTClient+Events.m */; };
		FD34658619F07F8800698B27 /* OCTClient+Gists.m in Sources */ = {isa = PBXBuildFile; fileRef = FD34651419F07F8800698B27 /* OCTClient+Gists.m */; };
		FD34658719F07F8800698B27 /* OCTClient+Git.m in Sources */ = {isa = PBXBuildFile; fileRef = FD34651619F07F8800698B27 /* OCTClient+Git.m */; };
		FD34658819F07F8800698B27 /* OCTClient+Keys.m in Sources */ = {isa = PBXBuildFile; fileRef = FD34651819F07F8800698B27 /* OCTClient+Keys.m */; };
		FD34658919F07F8800698B27 /* OCTClient+Notifications.m in Sources */ = {isa = PBXBuildFile; fileRef = FD34651A19F07F8800698B27 /* OCTClient+Notifications.m */; };
		FD34658A19F07F8800698B27 /* OCTClient+Organizations.m in Sources */ = {isa = PBXBuildFile; fileRef = FD34651C19F07F8800698B27 /* OCTClient+Organizations.m */; };
		FD34658B19F07F8800698B27 /* OCTClient+Repositories.m in Sources */ = {isa = PBXBuildFile; fileRef = FD34651F19F07F8800698B27 /* OCTClient+Repositories.m */; };
		FD34658C19F07F8800698B27 /* OCTClient+User.m in Sources */ = {isa = PBXBuildFile; fileRef = FD34652119F07F8800698B27 /* OCTClient+User.m */; };
		FD34658D19F07F8800698B27 /* OCTCommit.m in Sources */ = {isa = PBXBuildFile; fileRef = FD34652419F07F8800698B27 /* OCTCommit.m */; };
		FD34658E19F07F8800698B27 /* OCTCommitComment.m in Sources */ = {isa = PBXBuildFile; fileRef = FD34652619F07F8800698B27 /* OCTCommitComment.m */; };
		FD34658F19F07F8800698B27 /* OCTCommitCommentEvent.m in Sources */ = {isa = PBXBuildFile; fileRef = FD34652819F07F8800698B27 /* OCTCommitCommentEvent.m */; };
		FD34659019F07F8800698B27 /* OCTCommitTreeEntry.m in Sources */ = {isa = PBXBuildFile; fileRef = FD34652A19F07F8800698B27 /* OCTCommitTreeEntry.m */; };
		FD34659119F07F8800698B27 /* OCTContent.m in Sources */ = {isa = PBXBuildFile; fileRef = FD34652C19F07F8800698B27 /* OCTContent.m */; };
		FD34659219F07F8800698B27 /* OCTContentTreeEntry.m in Sources */ = {isa = PBXBuildFile; fileRef = FD34652E19F07F8800698B27 /* OCTContentTreeEntry.m */; };
		FD34659319F07F8800698B27 /* OCTDirectoryContent.m in Sources */ = {isa = PBXBuildFile; fileRef = FD34653019F07F8800698B27 /* OCTDirectoryContent.m */; };
		FD34659419F07F8800698B27 /* OCTEntity.m in Sources */ = {isa = PBXBuildFile; fileRef = FD34653219F07F8800698B27 /* OCTEntity.m */; };
		FD34659519F07F8800698B27 /* OCTEvent.m in Sources */ = {isa = PBXBuildFile; fileRef = FD34653419F07F8800698B27 /* OCTEvent.m */; };
		FD34659619F07F8800698B27 /* OCTFileContent.m in Sources */ = {isa = PBXBuildFile; fileRef = FD34653619F07F8800698B27 /* OCTFileContent.m */; };
		FD34659719F07F8800698B27 /* OCTGist.m in Sources */ = {isa = PBXBuildFile; fileRef = FD34653819F07F8800698B27 /* OCTGist.m */; };
		FD34659819F07F8800698B27 /* OCTGistFile.m in Sources */ = {isa = PBXBuildFile; fileRef = FD34653A19F07F8800698B27 /* OCTGistFile.m */; };
		FD34659919F07F8800698B27 /* OCTGitCommit.m in Sources */ = {isa = PBXBuildFile; fileRef = FD34653C19F07F8800698B27 /* OCTGitCommit.m */; };
		FD34659A19F07F8800698B27 /* OCTGitCommitFile.m in Sources */ = {isa = PBXBuildFile; fileRef = FD34653E19F07F8800698B27 /* OCTGitCommitFile.m */; };
		FD34659B19F07F8800698B27 /* OCTIssue.m in Sources */ = {isa = PBXBuildFile; fileRef = FD34654019F07F8800698B27 /* OCTIssue.m */; };
		FD34659C19F07F8800698B27 /* OCTIssueComment.m in Sources */ = {isa = PBXBuildFile; fileRef = FD34654219F07F8800698B27 /* OCTIssueComment.m */; };
		FD34659D19F07F8800698B27 /* OCTIssueCommentEvent.m in Sources */ = {isa = PBXBuildFile; fileRef = FD34654419F07F8800698B27 /* OCTIssueCommentEvent.m */; };
		FD34659E19F07F8800698B27 /* OCTIssueEvent.m in Sources */ = {isa = PBXBuildFile; fileRef = FD34654619F07F8800698B27 /* OCTIssueEvent.m */; };
		FD34659F19F07F8800698B27 /* OCTNotification.m in Sources */ = {isa = PBXBuildFile; fileRef = FD34654819F07F8800698B27 /* OCTNotification.m */; };
		FD3465A019F07F8800698B27 /* OCTObject.m in Sources */ = {isa = PBXBuildFile; fileRef = FD34654A19F07F8800698B27 /* OCTObject.m */; };
		FD3465A119F07F8800698B27 /* OctoKit-Info.plist in Resources */ = {isa = PBXBuildFile; fileRef = FD34654C19F07F8800698B27 /* OctoKit-Info.plist */; };
		FD3465A219F07F8800698B27 /* OCTOrganization.m in Sources */ = {isa = PBXBuildFile; fileRef = FD34655019F07F8800698B27 /* OCTOrganization.m */; };
		FD3465A319F07F8800698B27 /* OCTPlan.m in Sources */ = {isa = PBXBuildFile; fileRef = FD34655219F07F8800698B27 /* OCTPlan.m */; };
		FD3465A419F07F8800698B27 /* OCTPublicKey.m in Sources */ = {isa = PBXBuildFile; fileRef = FD34655419F07F8800698B27 /* OCTPublicKey.m */; };
		FD3465A519F07F8800698B27 /* OCTPullRequest.m in Sources */ = {isa = PBXBuildFile; fileRef = FD34655619F07F8800698B27 /* OCTPullRequest.m */; };
		FD3465A619F07F8800698B27 /* OCTPullRequestComment.m in Sources */ = {isa = PBXBuildFile; fileRef = FD34655819F07F8800698B27 /* OCTPullRequestComment.m */; };
		FD3465A719F07F8800698B27 /* OCTPullRequestCommentEvent.m in Sources */ = {isa = PBXBuildFile; fileRef = FD34655A19F07F8800698B27 /* OCTPullRequestCommentEvent.m */; };
		FD3465A819F07F8800698B27 /* OCTPullRequestEvent.m in Sources */ = {isa = PBXBuildFile; fileRef = FD34655C19F07F8800698B27 /* OCTPullRequestEvent.m */; };
		FD3465A919F07F8800698B27 /* OCTPushEvent.m in Sources */ = {isa = PBXBuildFile; fileRef = FD34655E19F07F8800698B27 /* OCTPushEvent.m */; };
		FD3465AA19F07F8800698B27 /* OCTRef.m in Sources */ = {isa = PBXBuildFile; fileRef = FD34656019F07F8800698B27 /* OCTRef.m */; };
		FD3465AB19F07F8800698B27 /* OCTRefEvent.m in Sources */ = {isa = PBXBuildFile; fileRef = FD34656219F07F8800698B27 /* OCTRefEvent.m */; };
		FD3465AC19F07F8800698B27 /* OCTRepository.m in Sources */ = {isa = PBXBuildFile; fileRef = FD34656419F07F8800698B27 /* OCTRepository.m */; };
		FD3465AD19F07F8800698B27 /* OCTResponse.m in Sources */ = {isa = PBXBuildFile; fileRef = FD34656619F07F8800698B27 /* OCTResponse.m */; };
		FD3465AE19F07F8800698B27 /* OCTServer.m in Sources */ = {isa = PBXBuildFile; fileRef = FD34656919F07F8800698B27 /* OCTServer.m */; };
		FD3465AF19F07F8800698B27 /* OCTServerMetadata.m in Sources */ = {isa = PBXBuildFile; fileRef = FD34656C19F07F8800698B27 /* OCTServerMetadata.m */; };
		FD3465B019F07F8800698B27 /* OCTSubmoduleContent.m in Sources */ = {isa = PBXBuildFile; fileRef = FD34656E19F07F8800698B27 /* OCTSubmoduleContent.m */; };
		FD3465B119F07F8800698B27 /* OCTSymlinkContent.m in Sources */ = {isa = PBXBuildFile; fileRef = FD34657019F07F8800698B27 /* OCTSymlinkContent.m */; };
		FD3465B219F07F8800698B27 /* OCTTeam.m in Sources */ = {isa = PBXBuildFile; fileRef = FD34657219F07F8800698B27 /* OCTTeam.m */; };
		FD3465B319F07F8800698B27 /* OCTTree.m in Sources */ = {isa = PBXBuildFile; fileRef = FD34657419F07F8800698B27 /* OCTTree.m */; };
		FD3465B419F07F8800698B27 /* OCTTreeEntry.m in Sources */ = {isa = PBXBuildFile; fileRef = FD34657619F07F8800698B27 /* OCTTreeEntry.m */; };
		FD3465B519F07F8800698B27 /* OCTUser.m in Sources */ = {isa = PBXBuildFile; fileRef = FD34657819F07F8800698B27 /* OCTUser.m */; };
		FD3465B619F07F8800698B27 /* RACSignal+OCTClientAdditions.m in Sources */ = {isa = PBXBuildFile; fileRef = FD34657A19F07F8800698B27 /* RACSignal+OCTClientAdditions.m */; };
		FD3465B819F080C200698B27 /* Foundation.framework in Frameworks */ = {isa = PBXBuildFile; fileRef = FD3465B719F080C200698B27 /* Foundation.framework */; };
		FD3465BA19F080CC00698B27 /* UIKit.framework in Frameworks */ = {isa = PBXBuildFile; fileRef = FD3465B919F080CC00698B27 /* UIKit.framework */; };
		FD39D76C19F07E220043FF37 /* MoxtraConversationResources.bundle in Resources */ = {isa = PBXBuildFile; fileRef = FD39D76A19F07E220043FF37 /* MoxtraConversationResources.bundle */; };
		FD39D77519F07E3A0043FF37 /* libPayPalMobile.a in Frameworks */ = {isa = PBXBuildFile; fileRef = FD39D76D19F07E3A0043FF37 /* libPayPalMobile.a */; };
		FD39D77819F07EDE0043FF37 /* Bolts.framework in Frameworks */ = {isa = PBXBuildFile; fileRef = FD39D77619F07EDE0043FF37 /* Bolts.framework */; };
		FD39D77919F07EDE0043FF37 /* Parse.framework in Frameworks */ = {isa = PBXBuildFile; fileRef = FD39D77719F07EDE0043FF37 /* Parse.framework */; };
		FD39FB0119E065DD00CC2CFE /* CoreGraphics.framework in Frameworks */ = {isa = PBXBuildFile; fileRef = FD39FB0019E065DD00CC2CFE /* CoreGraphics.framework */; };
		FD39FB0719E0664100CC2CFE /* Accelerate.framework in Frameworks */ = {isa = PBXBuildFile; fileRef = FD39FB0219E0664100CC2CFE /* Accelerate.framework */; };
		FD39FB0819E0664100CC2CFE /* AVFoundation.framework in Frameworks */ = {isa = PBXBuildFile; fileRef = FD39FB0319E0664100CC2CFE /* AVFoundation.framework */; };
		FD39FB0919E0664100CC2CFE /* CoreFoundation.framework in Frameworks */ = {isa = PBXBuildFile; fileRef = FD39FB0419E0664100CC2CFE /* CoreFoundation.framework */; };
		FD39FB0A19E0664100CC2CFE /* CoreImage.framework in Frameworks */ = {isa = PBXBuildFile; fileRef = FD39FB0519E0664100CC2CFE /* CoreImage.framework */; };
		FD39FB0B19E0664100CC2CFE /* CoreMedia.framework in Frameworks */ = {isa = PBXBuildFile; fileRef = FD39FB0619E0664100CC2CFE /* CoreMedia.framework */; };
		FD43290A19F0863600C5AE39 /* Main.storyboard in Resources */ = {isa = PBXBuildFile; fileRef = FD31C90119E311850013A245 /* Main.storyboard */; };
		FD43290B19F0863A00C5AE39 /* LaunchScreen.xib in Resources */ = {isa = PBXBuildFile; fileRef = FD31C8FF19E311850013A245 /* LaunchScreen.xib */; };
		FD43294619F086DD00C5AE39 /* PasscodeSettingsViewController.m in Sources */ = {isa = PBXBuildFile; fileRef = FD43294519F086DD00C5AE39 /* PasscodeSettingsViewController.m */; };
		FD85BF7419E1BC8400048FBA /* MessageUI.framework in Frameworks */ = {isa = PBXBuildFile; fileRef = FD85BF7319E1BC8400048FBA /* MessageUI.framework */; };
		FDA5E4BA19E167FF005F33DC /* dylib1.o in Frameworks */ = {isa = PBXBuildFile; fileRef = FDA5E4B919E167FF005F33DC /* dylib1.o */; };
		FDB2489319E35BE500D667D0 /* SettingsViewController.m in Sources */ = {isa = PBXBuildFile; fileRef = FDB2489219E35BE500D667D0 /* SettingsViewController.m */; };
		FDC5520519F06A1F001F0EBE /* GenericGitGoodUser.m in Sources */ = {isa = PBXBuildFile; fileRef = FDC5520419F06A1F001F0EBE /* GenericGitGoodUser.m */; };
/* End PBXBuildFile section */

/* Begin PBXContainerItemProxy section */
		FD39FAE819DFE74000CC2CFE /* PBXContainerItemProxy */ = {
			isa = PBXContainerItemProxy;
			containerPortal = FD39FAC619DFE74000CC2CFE /* Project object */;
			proxyType = 1;
			remoteGlobalIDString = FD39FACD19DFE74000CC2CFE;
			remoteInfo = Product;
		};
/* End PBXContainerItemProxy section */

/* Begin PBXFileReference section */
		3221010A271D17557E38BCB1 /* Pods-GitGood.debug.xcconfig */ = {isa = PBXFileReference; includeInIndex = 1; lastKnownFileType = text.xcconfig; name = "Pods-GitGood.debug.xcconfig"; path = "Pods/Target Support Files/Pods-GitGood/Pods-GitGood.debug.xcconfig"; sourceTree = "<group>"; };
		34DDC7DE19E07D5500EDA7B0 /* AudioToolbox.framework */ = {isa = PBXFileReference; lastKnownFileType = wrapper.framework; name = AudioToolbox.framework; path = System/Library/Frameworks/AudioToolbox.framework; sourceTree = SDKROOT; };
		34DDC7E019E07D5A00EDA7B0 /* CFNetwork.framework */ = {isa = PBXFileReference; lastKnownFileType = wrapper.framework; name = CFNetwork.framework; path = System/Library/Frameworks/CFNetwork.framework; sourceTree = SDKROOT; };
		34DDC7E219E07D6B00EDA7B0 /* CoreLocation.framework */ = {isa = PBXFileReference; lastKnownFileType = wrapper.framework; name = CoreLocation.framework; path = System/Library/Frameworks/CoreLocation.framework; sourceTree = SDKROOT; };
		34DDC7E419E07D7200EDA7B0 /* libz.dylib */ = {isa = PBXFileReference; lastKnownFileType = "compiled.mach-o.dylib"; name = libz.dylib; path = usr/lib/libz.dylib; sourceTree = SDKROOT; };
		34DDC7E619E07D7800EDA7B0 /* MobileCoreServices.framework */ = {isa = PBXFileReference; lastKnownFileType = wrapper.framework; name = MobileCoreServices.framework; path = System/Library/Frameworks/MobileCoreServices.framework; sourceTree = SDKROOT; };
		34DDC7E819E07D7F00EDA7B0 /* QuartzCore.framework */ = {isa = PBXFileReference; lastKnownFileType = wrapper.framework; name = QuartzCore.framework; path = System/Library/Frameworks/QuartzCore.framework; sourceTree = SDKROOT; };
		34DDC7EA19E07D8400EDA7B0 /* Security.framework */ = {isa = PBXFileReference; lastKnownFileType = wrapper.framework; name = Security.framework; path = System/Library/Frameworks/Security.framework; sourceTree = SDKROOT; };
		34DDC7EE19E07D8E00EDA7B0 /* SystemConfiguration.framework */ = {isa = PBXFileReference; lastKnownFileType = wrapper.framework; name = SystemConfiguration.framework; path = System/Library/Frameworks/SystemConfiguration.framework; sourceTree = SDKROOT; };
		34DDC7F019E07D9100EDA7B0 /* Social.framework */ = {isa = PBXFileReference; lastKnownFileType = wrapper.framework; name = Social.framework; path = System/Library/Frameworks/Social.framework; sourceTree = SDKROOT; };
		34DDC7F219E07D9500EDA7B0 /* Accounts.framework */ = {isa = PBXFileReference; lastKnownFileType = wrapper.framework; name = Accounts.framework; path = System/Library/Frameworks/Accounts.framework; sourceTree = SDKROOT; };
		A632ECB5297AC4CFB862B94F /* libPods-GitGood.a */ = {isa = PBXFileReference; explicitFileType = archive.ar; includeInIndex = 0; path = "libPods-GitGood.a"; sourceTree = BUILT_PRODUCTS_DIR; };
		AA14908FF7EFA4400976D231 /* Pods-GitGood.release.xcconfig */ = {isa = PBXFileReference; includeInIndex = 1; lastKnownFileType = text.xcconfig; name = "Pods-GitGood.release.xcconfig"; path = "Pods/Target Support Files/Pods-GitGood/Pods-GitGood.release.xcconfig"; sourceTree = "<group>"; };
		FD31C90019E311850013A245 /* Base */ = {isa = PBXFileReference; lastKnownFileType = file.xib; name = Base; path = GitGood/Base.lproj/LaunchScreen.xib; sourceTree = SOURCE_ROOT; };
		FD31C90219E311850013A245 /* Base */ = {isa = PBXFileReference; lastKnownFileType = file.storyboard; name = Base; path = GitGood/Base.lproj/Main.storyboard; sourceTree = SOURCE_ROOT; };
		FD31C90A19E312260013A245 /* JoinViewController.h */ = {isa = PBXFileReference; fileEncoding = 4; lastKnownFileType = sourcecode.c.h; name = JoinViewController.h; path = GitGood/ViewControllers/JoinViewController.h; sourceTree = SOURCE_ROOT; };
		FD31C90B19E312260013A245 /* JoinViewController.m */ = {isa = PBXFileReference; fileEncoding = 4; lastKnownFileType = sourcecode.c.objc; name = JoinViewController.m; path = GitGood/ViewControllers/JoinViewController.m; sourceTree = SOURCE_ROOT; };
		FD31C90C19E312260013A245 /* LeaderboardViewController.h */ = {isa = PBXFileReference; fileEncoding = 4; lastKnownFileType = sourcecode.c.h; name = LeaderboardViewController.h; path = GitGood/ViewControllers/LeaderboardViewController.h; sourceTree = SOURCE_ROOT; };
		FD31C90D19E312260013A245 /* LeaderboardViewController.m */ = {isa = PBXFileReference; fileEncoding = 4; lastKnownFileType = sourcecode.c.objc; name = LeaderboardViewController.m; path = GitGood/ViewControllers/LeaderboardViewController.m; sourceTree = SOURCE_ROOT; };
		FD31C90E19E312260013A245 /* LogInViewController.h */ = {isa = PBXFileReference; fileEncoding = 4; lastKnownFileType = sourcecode.c.h; name = LogInViewController.h; path = GitGood/ViewControllers/LogInViewController.h; sourceTree = SOURCE_ROOT; };
		FD31C90F19E312260013A245 /* LogInViewController.m */ = {isa = PBXFileReference; fileEncoding = 4; lastKnownFileType = sourcecode.c.objc; name = LogInViewController.m; path = GitGood/ViewControllers/LogInViewController.m; sourceTree = SOURCE_ROOT; };
		FD31C91019E312260013A245 /* MainViewController.h */ = {isa = PBXFileReference; fileEncoding = 4; lastKnownFileType = sourcecode.c.h; name = MainViewController.h; path = GitGood/ViewControllers/MainViewController.h; sourceTree = SOURCE_ROOT; };
		FD31C91119E312260013A245 /* MainViewController.m */ = {isa = PBXFileReference; fileEncoding = 4; lastKnownFileType = sourcecode.c.objc; name = MainViewController.m; path = GitGood/ViewControllers/MainViewController.m; sourceTree = SOURCE_ROOT; };
		FD31C91219E312260013A245 /* PaymentViewController.h */ = {isa = PBXFileReference; fileEncoding = 4; lastKnownFileType = sourcecode.c.h; name = PaymentViewController.h; path = GitGood/ViewControllers/PaymentViewController.h; sourceTree = SOURCE_ROOT; };
		FD31C91319E312260013A245 /* PaymentViewController.m */ = {isa = PBXFileReference; fileEncoding = 4; lastKnownFileType = sourcecode.c.objc; name = PaymentViewController.m; path = GitGood/ViewControllers/PaymentViewController.m; sourceTree = SOURCE_ROOT; };
		FD31C91419E312260013A245 /* StartChallengeViewController.h */ = {isa = PBXFileReference; fileEncoding = 4; lastKnownFileType = sourcecode.c.h; name = StartChallengeViewController.h; path = GitGood/ViewControllers/StartChallengeViewController.h; sourceTree = SOURCE_ROOT; };
		FD31C91519E312260013A245 /* StartChallengeViewController.m */ = {isa = PBXFileReference; fileEncoding = 4; lastKnownFileType = sourcecode.c.objc; name = StartChallengeViewController.m; path = GitGood/ViewControllers/StartChallengeViewController.m; sourceTree = SOURCE_ROOT; };
		FD31C91619E312260013A245 /* TabBarViewController.h */ = {isa = PBXFileReference; fileEncoding = 4; lastKnownFileType = sourcecode.c.h; name = TabBarViewController.h; path = GitGood/ViewControllers/TabBarViewController.h; sourceTree = SOURCE_ROOT; };
		FD31C91719E312260013A245 /* TabBarViewController.m */ = {isa = PBXFileReference; fileEncoding = 4; lastKnownFileType = sourcecode.c.objc; name = TabBarViewController.m; path = GitGood/ViewControllers/TabBarViewController.m; sourceTree = SOURCE_ROOT; };
		FD31C92019E312360013A245 /* LocalGitGoodUser.h */ = {isa = PBXFileReference; fileEncoding = 4; lastKnownFileType = sourcecode.c.h; name = LocalGitGoodUser.h; path = GitGood/Models/LocalGitGoodUser.h; sourceTree = SOURCE_ROOT; };
		FD31C92119E312360013A245 /* LocalGitGoodUser.m */ = {isa = PBXFileReference; fileEncoding = 4; lastKnownFileType = sourcecode.c.objc; name = LocalGitGoodUser.m; path = GitGood/Models/LocalGitGoodUser.m; sourceTree = SOURCE_ROOT; };
		FD31C92219E312360013A245 /* UserProfile.swift */ = {isa = PBXFileReference; fileEncoding = 4; lastKnownFileType = sourcecode.swift; name = UserProfile.swift; path = GitGood/Models/UserProfile.swift; sourceTree = SOURCE_ROOT; };
		FD31C92519E3126D0013A245 /* AppDelegate.h */ = {isa = PBXFileReference; fileEncoding = 4; lastKnownFileType = sourcecode.c.h; name = AppDelegate.h; path = GitGood/AppDelegate.h; sourceTree = SOURCE_ROOT; };
		FD31C92619E3126D0013A245 /* AppDelegate.m */ = {isa = PBXFileReference; fileEncoding = 4; lastKnownFileType = sourcecode.c.objc; name = AppDelegate.m; path = GitGood/AppDelegate.m; sourceTree = SOURCE_ROOT; };
		FD31C92719E3126D0013A245 /* Images.xcassets */ = {isa = PBXFileReference; lastKnownFileType = folder.assetcatalog; name = Images.xcassets; path = GitGood/Images.xcassets; sourceTree = SOURCE_ROOT; };
		FD31C92819E3126D0013A245 /* Info.plist */ = {isa = PBXFileReference; fileEncoding = 4; lastKnownFileType = text.plist.xml; name = Info.plist; path = GitGood/Info.plist; sourceTree = SOURCE_ROOT; };
		FD31C92919E3126D0013A245 /* main.m */ = {isa = PBXFileReference; fileEncoding = 4; lastKnownFileType = sourcecode.c.objc; name = main.m; path = GitGood/main.m; sourceTree = SOURCE_ROOT; };
		FD31C92E19E312940013A245 /* GitGoodTests.m */ = {isa = PBXFileReference; fileEncoding = 4; lastKnownFileType = sourcecode.c.objc; name = GitGoodTests.m; path = GitGoodTests/GitGoodTests.m; sourceTree = SOURCE_ROOT; };
		FD31C93019E312A00013A245 /* Info.plist */ = {isa = PBXFileReference; fileEncoding = 4; lastKnownFileType = text.plist.xml; name = Info.plist; path = GitGoodTests/Info.plist; sourceTree = SOURCE_ROOT; };
		FD31C94719E3366A0013A245 /* GitGood-Bridging-Header.h */ = {isa = PBXFileReference; fileEncoding = 4; lastKnownFileType = sourcecode.c.h; path = "GitGood-Bridging-Header.h"; sourceTree = "<group>"; };
		FD3464FC19F07F7C00698B27 /* NSDateFormatter+OCTFormattingAdditions.h */ = {isa = PBXFileReference; lastKnownFileType = sourcecode.c.h; name = "NSDateFormatter+OCTFormattingAdditions.h"; path = "SDKs/OctoKit/NSDateFormatter+OCTFormattingAdditions.h"; sourceTree = SOURCE_ROOT; };
		FD3464FF19F07F8800698B27 /* en */ = {isa = PBXFileReference; lastKnownFileType = text.plist.strings; name = en; path = InfoPlist.strings; sourceTree = "<group>"; };
		FD34650019F07F8800698B27 /* NSDateFormatter+OCTFormattingAdditions.m */ = {isa = PBXFileReference; fileEncoding = 4; lastKnownFileType = sourcecode.c.objc; name = "NSDateFormatter+OCTFormattingAdditions.m"; path = "SDKs/OctoKit/NSDateFormatter+OCTFormattingAdditions.m"; sourceTree = SOURCE_ROOT; };
		FD34650119F07F8800698B27 /* NSURL+OCTQueryAdditions.h */ = {isa = PBXFileReference; fileEncoding = 4; lastKnownFileType = sourcecode.c.h; name = "NSURL+OCTQueryAdditions.h"; path = "SDKs/OctoKit/NSURL+OCTQueryAdditions.h"; sourceTree = SOURCE_ROOT; };
		FD34650219F07F8800698B27 /* NSURL+OCTQueryAdditions.m */ = {isa = PBXFileReference; fileEncoding = 4; lastKnownFileType = sourcecode.c.objc; name = "NSURL+OCTQueryAdditions.m"; path = "SDKs/OctoKit/NSURL+OCTQueryAdditions.m"; sourceTree = SOURCE_ROOT; };
		FD34650319F07F8800698B27 /* NSValueTransformer+OCTPredefinedTransformerAdditions.h */ = {isa = PBXFileReference; fileEncoding = 4; lastKnownFileType = sourcecode.c.h; name = "NSValueTransformer+OCTPredefinedTransformerAdditions.h"; path = "SDKs/OctoKit/NSValueTransformer+OCTPredefinedTransformerAdditions.h"; sourceTree = SOURCE_ROOT; };
		FD34650419F07F8800698B27 /* NSValueTransformer+OCTPredefinedTransformerAdditions.m */ = {isa = PBXFileReference; fileEncoding = 4; lastKnownFileType = sourcecode.c.objc; name = "NSValueTransformer+OCTPredefinedTransformerAdditions.m"; path = "SDKs/OctoKit/NSValueTransformer+OCTPredefinedTransformerAdditions.m"; sourceTree = SOURCE_ROOT; };
		FD34650519F07F8800698B27 /* OCTAccessToken.h */ = {isa = PBXFileReference; fileEncoding = 4; lastKnownFileType = sourcecode.c.h; name = OCTAccessToken.h; path = SDKs/OctoKit/OCTAccessToken.h; sourceTree = SOURCE_ROOT; };
		FD34650619F07F8800698B27 /* OCTAccessToken.m */ = {isa = PBXFileReference; fileEncoding = 4; lastKnownFileType = sourcecode.c.objc; name = OCTAccessToken.m; path = SDKs/OctoKit/OCTAccessToken.m; sourceTree = SOURCE_ROOT; };
		FD34650719F07F8800698B27 /* OCTAuthorization.h */ = {isa = PBXFileReference; fileEncoding = 4; lastKnownFileType = sourcecode.c.h; name = OCTAuthorization.h; path = SDKs/OctoKit/OCTAuthorization.h; sourceTree = SOURCE_ROOT; };
		FD34650819F07F8800698B27 /* OCTAuthorization.m */ = {isa = PBXFileReference; fileEncoding = 4; lastKnownFileType = sourcecode.c.objc; name = OCTAuthorization.m; path = SDKs/OctoKit/OCTAuthorization.m; sourceTree = SOURCE_ROOT; };
		FD34650919F07F8800698B27 /* OCTBlobTreeEntry.h */ = {isa = PBXFileReference; fileEncoding = 4; lastKnownFileType = sourcecode.c.h; name = OCTBlobTreeEntry.h; path = SDKs/OctoKit/OCTBlobTreeEntry.h; sourceTree = SOURCE_ROOT; };
		FD34650A19F07F8800698B27 /* OCTBlobTreeEntry.m */ = {isa = PBXFileReference; fileEncoding = 4; lastKnownFileType = sourcecode.c.objc; name = OCTBlobTreeEntry.m; path = SDKs/OctoKit/OCTBlobTreeEntry.m; sourceTree = SOURCE_ROOT; };
		FD34650B19F07F8800698B27 /* OCTBranch.h */ = {isa = PBXFileReference; fileEncoding = 4; lastKnownFileType = sourcecode.c.h; name = OCTBranch.h; path = SDKs/OctoKit/OCTBranch.h; sourceTree = SOURCE_ROOT; };
		FD34650C19F07F8800698B27 /* OCTBranch.m */ = {isa = PBXFileReference; fileEncoding = 4; lastKnownFileType = sourcecode.c.objc; name = OCTBranch.m; path = SDKs/OctoKit/OCTBranch.m; sourceTree = SOURCE_ROOT; };
		FD34650D19F07F8800698B27 /* OCTClient.h */ = {isa = PBXFileReference; fileEncoding = 4; lastKnownFileType = sourcecode.c.h; name = OCTClient.h; path = SDKs/OctoKit/OCTClient.h; sourceTree = SOURCE_ROOT; };
		FD34650E19F07F8800698B27 /* OCTClient.m */ = {isa = PBXFileReference; fileEncoding = 4; lastKnownFileType = sourcecode.c.objc; name = OCTClient.m; path = SDKs/OctoKit/OCTClient.m; sourceTree = SOURCE_ROOT; };
		FD34650F19F07F8800698B27 /* OCTClient+Activity.h */ = {isa = PBXFileReference; fileEncoding = 4; lastKnownFileType = sourcecode.c.h; name = "OCTClient+Activity.h"; path = "SDKs/OctoKit/OCTClient+Activity.h"; sourceTree = SOURCE_ROOT; };
		FD34651019F07F8800698B27 /* OCTClient+Activity.m */ = {isa = PBXFileReference; fileEncoding = 4; lastKnownFileType = sourcecode.c.objc; name = "OCTClient+Activity.m"; path = "SDKs/OctoKit/OCTClient+Activity.m"; sourceTree = SOURCE_ROOT; };
		FD34651119F07F8800698B27 /* OCTClient+Events.h */ = {isa = PBXFileReference; fileEncoding = 4; lastKnownFileType = sourcecode.c.h; name = "OCTClient+Events.h"; path = "SDKs/OctoKit/OCTClient+Events.h"; sourceTree = SOURCE_ROOT; };
		FD34651219F07F8800698B27 /* OCTClient+Events.m */ = {isa = PBXFileReference; fileEncoding = 4; lastKnownFileType = sourcecode.c.objc; name = "OCTClient+Events.m"; path = "SDKs/OctoKit/OCTClient+Events.m"; sourceTree = SOURCE_ROOT; };
		FD34651319F07F8800698B27 /* OCTClient+Gists.h */ = {isa = PBXFileReference; fileEncoding = 4; lastKnownFileType = sourcecode.c.h; name = "OCTClient+Gists.h"; path = "SDKs/OctoKit/OCTClient+Gists.h"; sourceTree = SOURCE_ROOT; };
		FD34651419F07F8800698B27 /* OCTClient+Gists.m */ = {isa = PBXFileReference; fileEncoding = 4; lastKnownFileType = sourcecode.c.objc; name = "OCTClient+Gists.m"; path = "SDKs/OctoKit/OCTClient+Gists.m"; sourceTree = SOURCE_ROOT; };
		FD34651519F07F8800698B27 /* OCTClient+Git.h */ = {isa = PBXFileReference; fileEncoding = 4; lastKnownFileType = sourcecode.c.h; name = "OCTClient+Git.h"; path = "SDKs/OctoKit/OCTClient+Git.h"; sourceTree = SOURCE_ROOT; };
		FD34651619F07F8800698B27 /* OCTClient+Git.m */ = {isa = PBXFileReference; fileEncoding = 4; lastKnownFileType = sourcecode.c.objc; name = "OCTClient+Git.m"; path = "SDKs/OctoKit/OCTClient+Git.m"; sourceTree = SOURCE_ROOT; };
		FD34651719F07F8800698B27 /* OCTClient+Keys.h */ = {isa = PBXFileReference; fileEncoding = 4; lastKnownFileType = sourcecode.c.h; name = "OCTClient+Keys.h"; path = "SDKs/OctoKit/OCTClient+Keys.h"; sourceTree = SOURCE_ROOT; };
		FD34651819F07F8800698B27 /* OCTClient+Keys.m */ = {isa = PBXFileReference; fileEncoding = 4; lastKnownFileType = sourcecode.c.objc; name = "OCTClient+Keys.m"; path = "SDKs/OctoKit/OCTClient+Keys.m"; sourceTree = SOURCE_ROOT; };
		FD34651919F07F8800698B27 /* OCTClient+Notifications.h */ = {isa = PBXFileReference; fileEncoding = 4; lastKnownFileType = sourcecode.c.h; name = "OCTClient+Notifications.h"; path = "SDKs/OctoKit/OCTClient+Notifications.h"; sourceTree = SOURCE_ROOT; };
		FD34651A19F07F8800698B27 /* OCTClient+Notifications.m */ = {isa = PBXFileReference; fileEncoding = 4; lastKnownFileType = sourcecode.c.objc; name = "OCTClient+Notifications.m"; path = "SDKs/OctoKit/OCTClient+Notifications.m"; sourceTree = SOURCE_ROOT; };
		FD34651B19F07F8800698B27 /* OCTClient+Organizations.h */ = {isa = PBXFileReference; fileEncoding = 4; lastKnownFileType = sourcecode.c.h; name = "OCTClient+Organizations.h"; path = "SDKs/OctoKit/OCTClient+Organizations.h"; sourceTree = SOURCE_ROOT; };
		FD34651C19F07F8800698B27 /* OCTClient+Organizations.m */ = {isa = PBXFileReference; fileEncoding = 4; lastKnownFileType = sourcecode.c.objc; name = "OCTClient+Organizations.m"; path = "SDKs/OctoKit/OCTClient+Organizations.m"; sourceTree = SOURCE_ROOT; };
		FD34651D19F07F8800698B27 /* OCTClient+Private.h */ = {isa = PBXFileReference; fileEncoding = 4; lastKnownFileType = sourcecode.c.h; name = "OCTClient+Private.h"; path = "SDKs/OctoKit/OCTClient+Private.h"; sourceTree = SOURCE_ROOT; };
		FD34651E19F07F8800698B27 /* OCTClient+Repositories.h */ = {isa = PBXFileReference; fileEncoding = 4; lastKnownFileType = sourcecode.c.h; name = "OCTClient+Repositories.h"; path = "SDKs/OctoKit/OCTClient+Repositories.h"; sourceTree = SOURCE_ROOT; };
		FD34651F19F07F8800698B27 /* OCTClient+Repositories.m */ = {isa = PBXFileReference; fileEncoding = 4; lastKnownFileType = sourcecode.c.objc; name = "OCTClient+Repositories.m"; path = "SDKs/OctoKit/OCTClient+Repositories.m"; sourceTree = SOURCE_ROOT; };
		FD34652019F07F8800698B27 /* OCTClient+User.h */ = {isa = PBXFileReference; fileEncoding = 4; lastKnownFileType = sourcecode.c.h; name = "OCTClient+User.h"; path = "SDKs/OctoKit/OCTClient+User.h"; sourceTree = SOURCE_ROOT; };
		FD34652119F07F8800698B27 /* OCTClient+User.m */ = {isa = PBXFileReference; fileEncoding = 4; lastKnownFileType = sourcecode.c.objc; name = "OCTClient+User.m"; path = "SDKs/OctoKit/OCTClient+User.m"; sourceTree = SOURCE_ROOT; };
		FD34652219F07F8800698B27 /* OCTComment.h */ = {isa = PBXFileReference; fileEncoding = 4; lastKnownFileType = sourcecode.c.h; name = OCTComment.h; path = SDKs/OctoKit/OCTComment.h; sourceTree = SOURCE_ROOT; };
		FD34652319F07F8800698B27 /* OCTCommit.h */ = {isa = PBXFileReference; fileEncoding = 4; lastKnownFileType = sourcecode.c.h; name = OCTCommit.h; path = SDKs/OctoKit/OCTCommit.h; sourceTree = SOURCE_ROOT; };
		FD34652419F07F8800698B27 /* OCTCommit.m */ = {isa = PBXFileReference; fileEncoding = 4; lastKnownFileType = sourcecode.c.objc; name = OCTCommit.m; path = SDKs/OctoKit/OCTCommit.m; sourceTree = SOURCE_ROOT; };
		FD34652519F07F8800698B27 /* OCTCommitComment.h */ = {isa = PBXFileReference; fileEncoding = 4; lastKnownFileType = sourcecode.c.h; name = OCTCommitComment.h; path = SDKs/OctoKit/OCTCommitComment.h; sourceTree = SOURCE_ROOT; };
		FD34652619F07F8800698B27 /* OCTCommitComment.m */ = {isa = PBXFileReference; fileEncoding = 4; lastKnownFileType = sourcecode.c.objc; name = OCTCommitComment.m; path = SDKs/OctoKit/OCTCommitComment.m; sourceTree = SOURCE_ROOT; };
		FD34652719F07F8800698B27 /* OCTCommitCommentEvent.h */ = {isa = PBXFileReference; fileEncoding = 4; lastKnownFileType = sourcecode.c.h; name = OCTCommitCommentEvent.h; path = SDKs/OctoKit/OCTCommitCommentEvent.h; sourceTree = SOURCE_ROOT; };
		FD34652819F07F8800698B27 /* OCTCommitCommentEvent.m */ = {isa = PBXFileReference; fileEncoding = 4; lastKnownFileType = sourcecode.c.objc; name = OCTCommitCommentEvent.m; path = SDKs/OctoKit/OCTCommitCommentEvent.m; sourceTree = SOURCE_ROOT; };
		FD34652919F07F8800698B27 /* OCTCommitTreeEntry.h */ = {isa = PBXFileReference; fileEncoding = 4; lastKnownFileType = sourcecode.c.h; name = OCTCommitTreeEntry.h; path = SDKs/OctoKit/OCTCommitTreeEntry.h; sourceTree = SOURCE_ROOT; };
		FD34652A19F07F8800698B27 /* OCTCommitTreeEntry.m */ = {isa = PBXFileReference; fileEncoding = 4; lastKnownFileType = sourcecode.c.objc; name = OCTCommitTreeEntry.m; path = SDKs/OctoKit/OCTCommitTreeEntry.m; sourceTree = SOURCE_ROOT; };
		FD34652B19F07F8800698B27 /* OCTContent.h */ = {isa = PBXFileReference; fileEncoding = 4; lastKnownFileType = sourcecode.c.h; name = OCTContent.h; path = SDKs/OctoKit/OCTContent.h; sourceTree = SOURCE_ROOT; };
		FD34652C19F07F8800698B27 /* OCTContent.m */ = {isa = PBXFileReference; fileEncoding = 4; lastKnownFileType = sourcecode.c.objc; name = OCTContent.m; path = SDKs/OctoKit/OCTContent.m; sourceTree = SOURCE_ROOT; };
		FD34652D19F07F8800698B27 /* OCTContentTreeEntry.h */ = {isa = PBXFileReference; fileEncoding = 4; lastKnownFileType = sourcecode.c.h; name = OCTContentTreeEntry.h; path = SDKs/OctoKit/OCTContentTreeEntry.h; sourceTree = SOURCE_ROOT; };
		FD34652E19F07F8800698B27 /* OCTContentTreeEntry.m */ = {isa = PBXFileReference; fileEncoding = 4; lastKnownFileType = sourcecode.c.objc; name = OCTContentTreeEntry.m; path = SDKs/OctoKit/OCTContentTreeEntry.m; sourceTree = SOURCE_ROOT; };
		FD34652F19F07F8800698B27 /* OCTDirectoryContent.h */ = {isa = PBXFileReference; fileEncoding = 4; lastKnownFileType = sourcecode.c.h; name = OCTDirectoryContent.h; path = SDKs/OctoKit/OCTDirectoryContent.h; sourceTree = SOURCE_ROOT; };
		FD34653019F07F8800698B27 /* OCTDirectoryContent.m */ = {isa = PBXFileReference; fileEncoding = 4; lastKnownFileType = sourcecode.c.objc; name = OCTDirectoryContent.m; path = SDKs/OctoKit/OCTDirectoryContent.m; sourceTree = SOURCE_ROOT; };
		FD34653119F07F8800698B27 /* OCTEntity.h */ = {isa = PBXFileReference; fileEncoding = 4; lastKnownFileType = sourcecode.c.h; name = OCTEntity.h; path = SDKs/OctoKit/OCTEntity.h; sourceTree = SOURCE_ROOT; };
		FD34653219F07F8800698B27 /* OCTEntity.m */ = {isa = PBXFileReference; fileEncoding = 4; lastKnownFileType = sourcecode.c.objc; name = OCTEntity.m; path = SDKs/OctoKit/OCTEntity.m; sourceTree = SOURCE_ROOT; };
		FD34653319F07F8800698B27 /* OCTEvent.h */ = {isa = PBXFileReference; fileEncoding = 4; lastKnownFileType = sourcecode.c.h; name = OCTEvent.h; path = SDKs/OctoKit/OCTEvent.h; sourceTree = SOURCE_ROOT; };
		FD34653419F07F8800698B27 /* OCTEvent.m */ = {isa = PBXFileReference; fileEncoding = 4; lastKnownFileType = sourcecode.c.objc; name = OCTEvent.m; path = SDKs/OctoKit/OCTEvent.m; sourceTree = SOURCE_ROOT; };
		FD34653519F07F8800698B27 /* OCTFileContent.h */ = {isa = PBXFileReference; fileEncoding = 4; lastKnownFileType = sourcecode.c.h; name = OCTFileContent.h; path = SDKs/OctoKit/OCTFileContent.h; sourceTree = SOURCE_ROOT; };
		FD34653619F07F8800698B27 /* OCTFileContent.m */ = {isa = PBXFileReference; fileEncoding = 4; lastKnownFileType = sourcecode.c.objc; name = OCTFileContent.m; path = SDKs/OctoKit/OCTFileContent.m; sourceTree = SOURCE_ROOT; };
		FD34653719F07F8800698B27 /* OCTGist.h */ = {isa = PBXFileReference; fileEncoding = 4; lastKnownFileType = sourcecode.c.h; name = OCTGist.h; path = SDKs/OctoKit/OCTGist.h; sourceTree = SOURCE_ROOT; };
		FD34653819F07F8800698B27 /* OCTGist.m */ = {isa = PBXFileReference; fileEncoding = 4; lastKnownFileType = sourcecode.c.objc; name = OCTGist.m; path = SDKs/OctoKit/OCTGist.m; sourceTree = SOURCE_ROOT; };
		FD34653919F07F8800698B27 /* OCTGistFile.h */ = {isa = PBXFileReference; fileEncoding = 4; lastKnownFileType = sourcecode.c.h; name = OCTGistFile.h; path = SDKs/OctoKit/OCTGistFile.h; sourceTree = SOURCE_ROOT; };
		FD34653A19F07F8800698B27 /* OCTGistFile.m */ = {isa = PBXFileReference; fileEncoding = 4; lastKnownFileType = sourcecode.c.objc; name = OCTGistFile.m; path = SDKs/OctoKit/OCTGistFile.m; sourceTree = SOURCE_ROOT; };
		FD34653B19F07F8800698B27 /* OCTGitCommit.h */ = {isa = PBXFileReference; fileEncoding = 4; lastKnownFileType = sourcecode.c.h; name = OCTGitCommit.h; path = SDKs/OctoKit/OCTGitCommit.h; sourceTree = SOURCE_ROOT; };
		FD34653C19F07F8800698B27 /* OCTGitCommit.m */ = {isa = PBXFileReference; fileEncoding = 4; lastKnownFileType = sourcecode.c.objc; name = OCTGitCommit.m; path = SDKs/OctoKit/OCTGitCommit.m; sourceTree = SOURCE_ROOT; };
		FD34653D19F07F8800698B27 /* OCTGitCommitFile.h */ = {isa = PBXFileReference; fileEncoding = 4; lastKnownFileType = sourcecode.c.h; name = OCTGitCommitFile.h; path = SDKs/OctoKit/OCTGitCommitFile.h; sourceTree = SOURCE_ROOT; };
		FD34653E19F07F8800698B27 /* OCTGitCommitFile.m */ = {isa = PBXFileReference; fileEncoding = 4; lastKnownFileType = sourcecode.c.objc; name = OCTGitCommitFile.m; path = SDKs/OctoKit/OCTGitCommitFile.m; sourceTree = SOURCE_ROOT; };
		FD34653F19F07F8800698B27 /* OCTIssue.h */ = {isa = PBXFileReference; fileEncoding = 4; lastKnownFileType = sourcecode.c.h; name = OCTIssue.h; path = SDKs/OctoKit/OCTIssue.h; sourceTree = SOURCE_ROOT; };
		FD34654019F07F8800698B27 /* OCTIssue.m */ = {isa = PBXFileReference; fileEncoding = 4; lastKnownFileType = sourcecode.c.objc; name = OCTIssue.m; path = SDKs/OctoKit/OCTIssue.m; sourceTree = SOURCE_ROOT; };
		FD34654119F07F8800698B27 /* OCTIssueComment.h */ = {isa = PBXFileReference; fileEncoding = 4; lastKnownFileType = sourcecode.c.h; name = OCTIssueComment.h; path = SDKs/OctoKit/OCTIssueComment.h; sourceTree = SOURCE_ROOT; };
		FD34654219F07F8800698B27 /* OCTIssueComment.m */ = {isa = PBXFileReference; fileEncoding = 4; lastKnownFileType = sourcecode.c.objc; name = OCTIssueComment.m; path = SDKs/OctoKit/OCTIssueComment.m; sourceTree = SOURCE_ROOT; };
		FD34654319F07F8800698B27 /* OCTIssueCommentEvent.h */ = {isa = PBXFileReference; fileEncoding = 4; lastKnownFileType = sourcecode.c.h; name = OCTIssueCommentEvent.h; path = SDKs/OctoKit/OCTIssueCommentEvent.h; sourceTree = SOURCE_ROOT; };
		FD34654419F07F8800698B27 /* OCTIssueCommentEvent.m */ = {isa = PBXFileReference; fileEncoding = 4; lastKnownFileType = sourcecode.c.objc; name = OCTIssueCommentEvent.m; path = SDKs/OctoKit/OCTIssueCommentEvent.m; sourceTree = SOURCE_ROOT; };
		FD34654519F07F8800698B27 /* OCTIssueEvent.h */ = {isa = PBXFileReference; fileEncoding = 4; lastKnownFileType = sourcecode.c.h; name = OCTIssueEvent.h; path = SDKs/OctoKit/OCTIssueEvent.h; sourceTree = SOURCE_ROOT; };
		FD34654619F07F8800698B27 /* OCTIssueEvent.m */ = {isa = PBXFileReference; fileEncoding = 4; lastKnownFileType = sourcecode.c.objc; name = OCTIssueEvent.m; path = SDKs/OctoKit/OCTIssueEvent.m; sourceTree = SOURCE_ROOT; };
		FD34654719F07F8800698B27 /* OCTNotification.h */ = {isa = PBXFileReference; fileEncoding = 4; lastKnownFileType = sourcecode.c.h; name = OCTNotification.h; path = SDKs/OctoKit/OCTNotification.h; sourceTree = SOURCE_ROOT; };
		FD34654819F07F8800698B27 /* OCTNotification.m */ = {isa = PBXFileReference; fileEncoding = 4; lastKnownFileType = sourcecode.c.objc; name = OCTNotification.m; path = SDKs/OctoKit/OCTNotification.m; sourceTree = SOURCE_ROOT; };
		FD34654919F07F8800698B27 /* OCTObject.h */ = {isa = PBXFileReference; fileEncoding = 4; lastKnownFileType = sourcecode.c.h; name = OCTObject.h; path = SDKs/OctoKit/OCTObject.h; sourceTree = SOURCE_ROOT; };
		FD34654A19F07F8800698B27 /* OCTObject.m */ = {isa = PBXFileReference; fileEncoding = 4; lastKnownFileType = sourcecode.c.objc; name = OCTObject.m; path = SDKs/OctoKit/OCTObject.m; sourceTree = SOURCE_ROOT; };
		FD34654B19F07F8800698B27 /* OCTObject+Private.h */ = {isa = PBXFileReference; fileEncoding = 4; lastKnownFileType = sourcecode.c.h; name = "OCTObject+Private.h"; path = "SDKs/OctoKit/OCTObject+Private.h"; sourceTree = SOURCE_ROOT; };
		FD34654C19F07F8800698B27 /* OctoKit-Info.plist */ = {isa = PBXFileReference; fileEncoding = 4; lastKnownFileType = text.plist.xml; name = "OctoKit-Info.plist"; path = "SDKs/OctoKit/OctoKit-Info.plist"; sourceTree = SOURCE_ROOT; };
		FD34654D19F07F8800698B27 /* OctoKit-Prefix.pch */ = {isa = PBXFileReference; fileEncoding = 4; lastKnownFileType = sourcecode.c.h; name = "OctoKit-Prefix.pch"; path = "SDKs/OctoKit/OctoKit-Prefix.pch"; sourceTree = SOURCE_ROOT; };
		FD34654E19F07F8800698B27 /* OctoKit.h */ = {isa = PBXFileReference; fileEncoding = 4; lastKnownFileType = sourcecode.c.h; name = OctoKit.h; path = SDKs/OctoKit/OctoKit.h; sourceTree = SOURCE_ROOT; };
		FD34654F19F07F8800698B27 /* OCTOrganization.h */ = {isa = PBXFileReference; fileEncoding = 4; lastKnownFileType = sourcecode.c.h; name = OCTOrganization.h; path = SDKs/OctoKit/OCTOrganization.h; sourceTree = SOURCE_ROOT; };
		FD34655019F07F8800698B27 /* OCTOrganization.m */ = {isa = PBXFileReference; fileEncoding = 4; lastKnownFileType = sourcecode.c.objc; name = OCTOrganization.m; path = SDKs/OctoKit/OCTOrganization.m; sourceTree = SOURCE_ROOT; };
		FD34655119F07F8800698B27 /* OCTPlan.h */ = {isa = PBXFileReference; fileEncoding = 4; lastKnownFileType = sourcecode.c.h; name = OCTPlan.h; path = SDKs/OctoKit/OCTPlan.h; sourceTree = SOURCE_ROOT; };
		FD34655219F07F8800698B27 /* OCTPlan.m */ = {isa = PBXFileReference; fileEncoding = 4; lastKnownFileType = sourcecode.c.objc; name = OCTPlan.m; path = SDKs/OctoKit/OCTPlan.m; sourceTree = SOURCE_ROOT; };
		FD34655319F07F8800698B27 /* OCTPublicKey.h */ = {isa = PBXFileReference; fileEncoding = 4; lastKnownFileType = sourcecode.c.h; name = OCTPublicKey.h; path = SDKs/OctoKit/OCTPublicKey.h; sourceTree = SOURCE_ROOT; };
		FD34655419F07F8800698B27 /* OCTPublicKey.m */ = {isa = PBXFileReference; fileEncoding = 4; lastKnownFileType = sourcecode.c.objc; name = OCTPublicKey.m; path = SDKs/OctoKit/OCTPublicKey.m; sourceTree = SOURCE_ROOT; };
		FD34655519F07F8800698B27 /* OCTPullRequest.h */ = {isa = PBXFileReference; fileEncoding = 4; lastKnownFileType = sourcecode.c.h; name = OCTPullRequest.h; path = SDKs/OctoKit/OCTPullRequest.h; sourceTree = SOURCE_ROOT; };
		FD34655619F07F8800698B27 /* OCTPullRequest.m */ = {isa = PBXFileReference; fileEncoding = 4; lastKnownFileType = sourcecode.c.objc; name = OCTPullRequest.m; path = SDKs/OctoKit/OCTPullRequest.m; sourceTree = SOURCE_ROOT; };
		FD34655719F07F8800698B27 /* OCTPullRequestComment.h */ = {isa = PBXFileReference; fileEncoding = 4; lastKnownFileType = sourcecode.c.h; name = OCTPullRequestComment.h; path = SDKs/OctoKit/OCTPullRequestComment.h; sourceTree = SOURCE_ROOT; };
		FD34655819F07F8800698B27 /* OCTPullRequestComment.m */ = {isa = PBXFileReference; fileEncoding = 4; lastKnownFileType = sourcecode.c.objc; name = OCTPullRequestComment.m; path = SDKs/OctoKit/OCTPullRequestComment.m; sourceTree = SOURCE_ROOT; };
		FD34655919F07F8800698B27 /* OCTPullRequestCommentEvent.h */ = {isa = PBXFileReference; fileEncoding = 4; lastKnownFileType = sourcecode.c.h; name = OCTPullRequestCommentEvent.h; path = SDKs/OctoKit/OCTPullRequestCommentEvent.h; sourceTree = SOURCE_ROOT; };
		FD34655A19F07F8800698B27 /* OCTPullRequestCommentEvent.m */ = {isa = PBXFileReference; fileEncoding = 4; lastKnownFileType = sourcecode.c.objc; name = OCTPullRequestCommentEvent.m; path = SDKs/OctoKit/OCTPullRequestCommentEvent.m; sourceTree = SOURCE_ROOT; };
		FD34655B19F07F8800698B27 /* OCTPullRequestEvent.h */ = {isa = PBXFileReference; fileEncoding = 4; lastKnownFileType = sourcecode.c.h; name = OCTPullRequestEvent.h; path = SDKs/OctoKit/OCTPullRequestEvent.h; sourceTree = SOURCE_ROOT; };
		FD34655C19F07F8800698B27 /* OCTPullRequestEvent.m */ = {isa = PBXFileReference; fileEncoding = 4; lastKnownFileType = sourcecode.c.objc; name = OCTPullRequestEvent.m; path = SDKs/OctoKit/OCTPullRequestEvent.m; sourceTree = SOURCE_ROOT; };
		FD34655D19F07F8800698B27 /* OCTPushEvent.h */ = {isa = PBXFileReference; fileEncoding = 4; lastKnownFileType = sourcecode.c.h; name = OCTPushEvent.h; path = SDKs/OctoKit/OCTPushEvent.h; sourceTree = SOURCE_ROOT; };
		FD34655E19F07F8800698B27 /* OCTPushEvent.m */ = {isa = PBXFileReference; fileEncoding = 4; lastKnownFileType = sourcecode.c.objc; name = OCTPushEvent.m; path = SDKs/OctoKit/OCTPushEvent.m; sourceTree = SOURCE_ROOT; };
		FD34655F19F07F8800698B27 /* OCTRef.h */ = {isa = PBXFileReference; fileEncoding = 4; lastKnownFileType = sourcecode.c.h; name = OCTRef.h; path = SDKs/OctoKit/OCTRef.h; sourceTree = SOURCE_ROOT; };
		FD34656019F07F8800698B27 /* OCTRef.m */ = {isa = PBXFileReference; fileEncoding = 4; lastKnownFileType = sourcecode.c.objc; name = OCTRef.m; path = SDKs/OctoKit/OCTRef.m; sourceTree = SOURCE_ROOT; };
		FD34656119F07F8800698B27 /* OCTRefEvent.h */ = {isa = PBXFileReference; fileEncoding = 4; lastKnownFileType = sourcecode.c.h; name = OCTRefEvent.h; path = SDKs/OctoKit/OCTRefEvent.h; sourceTree = SOURCE_ROOT; };
		FD34656219F07F8800698B27 /* OCTRefEvent.m */ = {isa = PBXFileReference; fileEncoding = 4; lastKnownFileType = sourcecode.c.objc; name = OCTRefEvent.m; path = SDKs/OctoKit/OCTRefEvent.m; sourceTree = SOURCE_ROOT; };
		FD34656319F07F8800698B27 /* OCTRepository.h */ = {isa = PBXFileReference; fileEncoding = 4; lastKnownFileType = sourcecode.c.h; name = OCTRepository.h; path = SDKs/OctoKit/OCTRepository.h; sourceTree = SOURCE_ROOT; };
		FD34656419F07F8800698B27 /* OCTRepository.m */ = {isa = PBXFileReference; fileEncoding = 4; lastKnownFileType = sourcecode.c.objc; name = OCTRepository.m; path = SDKs/OctoKit/OCTRepository.m; sourceTree = SOURCE_ROOT; };
		FD34656519F07F8800698B27 /* OCTResponse.h */ = {isa = PBXFileReference; fileEncoding = 4; lastKnownFileType = sourcecode.c.h; name = OCTResponse.h; path = SDKs/OctoKit/OCTResponse.h; sourceTree = SOURCE_ROOT; };
		FD34656619F07F8800698B27 /* OCTResponse.m */ = {isa = PBXFileReference; fileEncoding = 4; lastKnownFileType = sourcecode.c.objc; name = OCTResponse.m; path = SDKs/OctoKit/OCTResponse.m; sourceTree = SOURCE_ROOT; };
		FD34656719F07F8800698B27 /* OCTReviewComment.h */ = {isa = PBXFileReference; fileEncoding = 4; lastKnownFileType = sourcecode.c.h; name = OCTReviewComment.h; path = SDKs/OctoKit/OCTReviewComment.h; sourceTree = SOURCE_ROOT; };
		FD34656819F07F8800698B27 /* OCTServer.h */ = {isa = PBXFileReference; fileEncoding = 4; lastKnownFileType = sourcecode.c.h; name = OCTServer.h; path = SDKs/OctoKit/OCTServer.h; sourceTree = SOURCE_ROOT; };
		FD34656919F07F8800698B27 /* OCTServer.m */ = {isa = PBXFileReference; fileEncoding = 4; lastKnownFileType = sourcecode.c.objc; name = OCTServer.m; path = SDKs/OctoKit/OCTServer.m; sourceTree = SOURCE_ROOT; };
		FD34656A19F07F8800698B27 /* OCTServer+Private.h */ = {isa = PBXFileReference; fileEncoding = 4; lastKnownFileType = sourcecode.c.h; name = "OCTServer+Private.h"; path = "SDKs/OctoKit/OCTServer+Private.h"; sourceTree = SOURCE_ROOT; };
		FD34656B19F07F8800698B27 /* OCTServerMetadata.h */ = {isa = PBXFileReference; fileEncoding = 4; lastKnownFileType = sourcecode.c.h; name = OCTServerMetadata.h; path = SDKs/OctoKit/OCTServerMetadata.h; sourceTree = SOURCE_ROOT; };
		FD34656C19F07F8800698B27 /* OCTServerMetadata.m */ = {isa = PBXFileReference; fileEncoding = 4; lastKnownFileType = sourcecode.c.objc; name = OCTServerMetadata.m; path = SDKs/OctoKit/OCTServerMetadata.m; sourceTree = SOURCE_ROOT; };
		FD34656D19F07F8800698B27 /* OCTSubmoduleContent.h */ = {isa = PBXFileReference; fileEncoding = 4; lastKnownFileType = sourcecode.c.h; name = OCTSubmoduleContent.h; path = SDKs/OctoKit/OCTSubmoduleContent.h; sourceTree = SOURCE_ROOT; };
		FD34656E19F07F8800698B27 /* OCTSubmoduleContent.m */ = {isa = PBXFileReference; fileEncoding = 4; lastKnownFileType = sourcecode.c.objc; name = OCTSubmoduleContent.m; path = SDKs/OctoKit/OCTSubmoduleContent.m; sourceTree = SOURCE_ROOT; };
		FD34656F19F07F8800698B27 /* OCTSymlinkContent.h */ = {isa = PBXFileReference; fileEncoding = 4; lastKnownFileType = sourcecode.c.h; name = OCTSymlinkContent.h; path = SDKs/OctoKit/OCTSymlinkContent.h; sourceTree = SOURCE_ROOT; };
		FD34657019F07F8800698B27 /* OCTSymlinkContent.m */ = {isa = PBXFileReference; fileEncoding = 4; lastKnownFileType = sourcecode.c.objc; name = OCTSymlinkContent.m; path = SDKs/OctoKit/OCTSymlinkContent.m; sourceTree = SOURCE_ROOT; };
		FD34657119F07F8800698B27 /* OCTTeam.h */ = {isa = PBXFileReference; fileEncoding = 4; lastKnownFileType = sourcecode.c.h; name = OCTTeam.h; path = SDKs/OctoKit/OCTTeam.h; sourceTree = SOURCE_ROOT; };
		FD34657219F07F8800698B27 /* OCTTeam.m */ = {isa = PBXFileReference; fileEncoding = 4; lastKnownFileType = sourcecode.c.objc; name = OCTTeam.m; path = SDKs/OctoKit/OCTTeam.m; sourceTree = SOURCE_ROOT; };
		FD34657319F07F8800698B27 /* OCTTree.h */ = {isa = PBXFileReference; fileEncoding = 4; lastKnownFileType = sourcecode.c.h; name = OCTTree.h; path = SDKs/OctoKit/OCTTree.h; sourceTree = SOURCE_ROOT; };
		FD34657419F07F8800698B27 /* OCTTree.m */ = {isa = PBXFileReference; fileEncoding = 4; lastKnownFileType = sourcecode.c.objc; name = OCTTree.m; path = SDKs/OctoKit/OCTTree.m; sourceTree = SOURCE_ROOT; };
		FD34657519F07F8800698B27 /* OCTTreeEntry.h */ = {isa = PBXFileReference; fileEncoding = 4; lastKnownFileType = sourcecode.c.h; name = OCTTreeEntry.h; path = SDKs/OctoKit/OCTTreeEntry.h; sourceTree = SOURCE_ROOT; };
		FD34657619F07F8800698B27 /* OCTTreeEntry.m */ = {isa = PBXFileReference; fileEncoding = 4; lastKnownFileType = sourcecode.c.objc; name = OCTTreeEntry.m; path = SDKs/OctoKit/OCTTreeEntry.m; sourceTree = SOURCE_ROOT; };
		FD34657719F07F8800698B27 /* OCTUser.h */ = {isa = PBXFileReference; fileEncoding = 4; lastKnownFileType = sourcecode.c.h; name = OCTUser.h; path = SDKs/OctoKit/OCTUser.h; sourceTree = SOURCE_ROOT; };
		FD34657819F07F8800698B27 /* OCTUser.m */ = {isa = PBXFileReference; fileEncoding = 4; lastKnownFileType = sourcecode.c.objc; name = OCTUser.m; path = SDKs/OctoKit/OCTUser.m; sourceTree = SOURCE_ROOT; };
		FD34657919F07F8800698B27 /* RACSignal+OCTClientAdditions.h */ = {isa = PBXFileReference; fileEncoding = 4; lastKnownFileType = sourcecode.c.h; name = "RACSignal+OCTClientAdditions.h"; path = "SDKs/OctoKit/RACSignal+OCTClientAdditions.h"; sourceTree = SOURCE_ROOT; };
		FD34657A19F07F8800698B27 /* RACSignal+OCTClientAdditions.m */ = {isa = PBXFileReference; fileEncoding = 4; lastKnownFileType = sourcecode.c.objc; name = "RACSignal+OCTClientAdditions.m"; path = "SDKs/OctoKit/RACSignal+OCTClientAdditions.m"; sourceTree = SOURCE_ROOT; };
		FD3465B719F080C200698B27 /* Foundation.framework */ = {isa = PBXFileReference; lastKnownFileType = wrapper.framework; name = Foundation.framework; path = System/Library/Frameworks/Foundation.framework; sourceTree = SDKROOT; };
		FD3465B919F080CC00698B27 /* UIKit.framework */ = {isa = PBXFileReference; lastKnownFileType = wrapper.framework; name = UIKit.framework; path = System/Library/Frameworks/UIKit.framework; sourceTree = SDKROOT; };
		FD39D76919F07E220043FF37 /* Moxtra.h */ = {isa = PBXFileReference; fileEncoding = 4; lastKnownFileType = sourcecode.c.h; name = Moxtra.h; path = SDKs/Moxtra/Moxtra.h; sourceTree = "<group>"; };
		FD39D76A19F07E220043FF37 /* MoxtraConversationResources.bundle */ = {isa = PBXFileReference; lastKnownFileType = "wrapper.plug-in"; name = MoxtraConversationResources.bundle; path = SDKs/Moxtra/MoxtraConversationResources.bundle; sourceTree = "<group>"; };
		FD39D76B19F07E220043FF37 /* MXClient.h */ = {isa = PBXFileReference; fileEncoding = 4; lastKnownFileType = sourcecode.c.h; name = MXClient.h; path = SDKs/Moxtra/MXClient.h; sourceTree = "<group>"; };
		FD39D76D19F07E3A0043FF37 /* libPayPalMobile.a */ = {isa = PBXFileReference; lastKnownFileType = archive.ar; name = libPayPalMobile.a; path = SDKs/PayPalMobile/libPayPalMobile.a; sourceTree = SOURCE_ROOT; };
		FD39D76E19F07E3A0043FF37 /* PayPalConfiguration.h */ = {isa = PBXFileReference; fileEncoding = 4; lastKnownFileType = sourcecode.c.h; name = PayPalConfiguration.h; path = SDKs/PayPalMobile/PayPalConfiguration.h; sourceTree = SOURCE_ROOT; };
		FD39D76F19F07E3A0043FF37 /* PayPalFuturePaymentViewController.h */ = {isa = PBXFileReference; fileEncoding = 4; lastKnownFileType = sourcecode.c.h; name = PayPalFuturePaymentViewController.h; path = SDKs/PayPalMobile/PayPalFuturePaymentViewController.h; sourceTree = SOURCE_ROOT; };
		FD39D77019F07E3A0043FF37 /* PayPalMobile.h */ = {isa = PBXFileReference; fileEncoding = 4; lastKnownFileType = sourcecode.c.h; name = PayPalMobile.h; path = SDKs/PayPalMobile/PayPalMobile.h; sourceTree = SOURCE_ROOT; };
		FD39D77119F07E3A0043FF37 /* PayPalOAuthScopes.h */ = {isa = PBXFileReference; fileEncoding = 4; lastKnownFileType = sourcecode.c.h; name = PayPalOAuthScopes.h; path = SDKs/PayPalMobile/PayPalOAuthScopes.h; sourceTree = SOURCE_ROOT; };
		FD39D77219F07E3A0043FF37 /* PayPalPayment.h */ = {isa = PBXFileReference; fileEncoding = 4; lastKnownFileType = sourcecode.c.h; name = PayPalPayment.h; path = SDKs/PayPalMobile/PayPalPayment.h; sourceTree = SOURCE_ROOT; };
		FD39D77319F07E3A0043FF37 /* PayPalPaymentViewController.h */ = {isa = PBXFileReference; fileEncoding = 4; lastKnownFileType = sourcecode.c.h; name = PayPalPaymentViewController.h; path = SDKs/PayPalMobile/PayPalPaymentViewController.h; sourceTree = SOURCE_ROOT; };
		FD39D77419F07E3A0043FF37 /* PayPalProfileSharingViewController.h */ = {isa = PBXFileReference; fileEncoding = 4; lastKnownFileType = sourcecode.c.h; name = PayPalProfileSharingViewController.h; path = SDKs/PayPalMobile/PayPalProfileSharingViewController.h; sourceTree = SOURCE_ROOT; };
		FD39D77619F07EDE0043FF37 /* Bolts.framework */ = {isa = PBXFileReference; lastKnownFileType = wrapper.framework; name = Bolts.framework; path = SDKs/Parse/Bolts.framework; sourceTree = "<group>"; };
		FD39D77719F07EDE0043FF37 /* Parse.framework */ = {isa = PBXFileReference; lastKnownFileType = wrapper.framework; name = Parse.framework; path = SDKs/Parse/Parse.framework; sourceTree = "<group>"; };
		FD39FB0019E065DD00CC2CFE /* CoreGraphics.framework */ = {isa = PBXFileReference; lastKnownFileType = wrapper.framework; name = CoreGraphics.framework; path = System/Library/Frameworks/CoreGraphics.framework; sourceTree = SDKROOT; };
		FD39FB0219E0664100CC2CFE /* Accelerate.framework */ = {isa = PBXFileReference; lastKnownFileType = wrapper.framework; name = Accelerate.framework; path = System/Library/Frameworks/Accelerate.framework; sourceTree = SDKROOT; };
		FD39FB0319E0664100CC2CFE /* AVFoundation.framework */ = {isa = PBXFileReference; lastKnownFileType = wrapper.framework; name = AVFoundation.framework; path = System/Library/Frameworks/AVFoundation.framework; sourceTree = SDKROOT; };
		FD39FB0419E0664100CC2CFE /* CoreFoundation.framework */ = {isa = PBXFileReference; lastKnownFileType = wrapper.framework; name = CoreFoundation.framework; path = System/Library/Frameworks/CoreFoundation.framework; sourceTree = SDKROOT; };
		FD39FB0519E0664100CC2CFE /* CoreImage.framework */ = {isa = PBXFileReference; lastKnownFileType = wrapper.framework; name = CoreImage.framework; path = System/Library/Frameworks/CoreImage.framework; sourceTree = SDKROOT; };
		FD39FB0619E0664100CC2CFE /* CoreMedia.framework */ = {isa = PBXFileReference; lastKnownFileType = wrapper.framework; name = CoreMedia.framework; path = System/Library/Frameworks/CoreMedia.framework; sourceTree = SDKROOT; };
		FD43294419F086DD00C5AE39 /* PasscodeSettingsViewController.h */ = {isa = PBXFileReference; fileEncoding = 4; lastKnownFileType = sourcecode.c.h; name = PasscodeSettingsViewController.h; path = GitGood/ViewControllers/PasscodeSettingsViewController.h; sourceTree = SOURCE_ROOT; };
		FD43294519F086DD00C5AE39 /* PasscodeSettingsViewController.m */ = {isa = PBXFileReference; fileEncoding = 4; lastKnownFileType = sourcecode.c.objc; name = PasscodeSettingsViewController.m; path = GitGood/ViewControllers/PasscodeSettingsViewController.m; sourceTree = SOURCE_ROOT; };
		FD85BF7319E1BC8400048FBA /* MessageUI.framework */ = {isa = PBXFileReference; lastKnownFileType = wrapper.framework; name = MessageUI.framework; path = System/Library/Frameworks/MessageUI.framework; sourceTree = SDKROOT; };
		FDA5E4B919E167FF005F33DC /* dylib1.o */ = {isa = PBXFileReference; lastKnownFileType = "compiled.mach-o.objfile"; name = dylib1.o; path = usr/lib/dylib1.o; sourceTree = SDKROOT; };
		FDB2488D19E359F000D667D0 /* GitGoodTests.xctest */ = {isa = PBXFileReference; explicitFileType = wrapper.cfbundle; includeInIndex = 0; path = GitGoodTests.xctest; sourceTree = BUILT_PRODUCTS_DIR; };
		FDB2489119E35BE500D667D0 /* SettingsViewController.h */ = {isa = PBXFileReference; fileEncoding = 4; lastKnownFileType = sourcecode.c.h; name = SettingsViewController.h; path = GitGood/ViewControllers/SettingsViewController.h; sourceTree = SOURCE_ROOT; };
		FDB2489219E35BE500D667D0 /* SettingsViewController.m */ = {isa = PBXFileReference; fileEncoding = 4; lastKnownFileType = sourcecode.c.objc; name = SettingsViewController.m; path = GitGood/ViewControllers/SettingsViewController.m; sourceTree = SOURCE_ROOT; };
		FDC5520319F06A1F001F0EBE /* GenericGitGoodUser.h */ = {isa = PBXFileReference; fileEncoding = 4; lastKnownFileType = sourcecode.c.h; name = GenericGitGoodUser.h; path = GitGood/Models/GenericGitGoodUser.h; sourceTree = SOURCE_ROOT; };
		FDC5520419F06A1F001F0EBE /* GenericGitGoodUser.m */ = {isa = PBXFileReference; fileEncoding = 4; lastKnownFileType = sourcecode.c.objc; name = GenericGitGoodUser.m; path = GitGood/Models/GenericGitGoodUser.m; sourceTree = SOURCE_ROOT; };
		FDDD532119E3443400413D52 /* GitGood.app */ = {isa = PBXFileReference; explicitFileType = wrapper.application; includeInIndex = 0; path = GitGood.app; sourceTree = BUILT_PRODUCTS_DIR; };
/* End PBXFileReference section */

/* Begin PBXFrameworksBuildPhase section */
		FD39FACB19DFE74000CC2CFE /* Frameworks */ = {
			isa = PBXFrameworksBuildPhase;
			buildActionMask = 2147483647;
			files = (
				FD3465BA19F080CC00698B27 /* UIKit.framework in Frameworks */,
				FD39FB0119E065DD00CC2CFE /* CoreGraphics.framework in Frameworks */,
				FD3465B819F080C200698B27 /* Foundation.framework in Frameworks */,
				FD03506719E10900009279EC /* QuartzCore.framework in Frameworks */,
				FD39D77819F07EDE0043FF37 /* Bolts.framework in Frameworks */,
				FD39D77919F07EDE0043FF37 /* Parse.framework in Frameworks */,
				FD85BF7419E1BC8400048FBA /* MessageUI.framework in Frameworks */,
				FD03506B19E10922009279EC /* SystemConfiguration.framework in Frameworks */,
				FD03506619E108FB009279EC /* MobileCoreServices.framework in Frameworks */,
				FD39FB0B19E0664100CC2CFE /* CoreMedia.framework in Frameworks */,
				FD03506519E108EF009279EC /* CoreLocation.framework in Frameworks */,
				FD39FB0819E0664100CC2CFE /* AVFoundation.framework in Frameworks */,
				FD39D77519F07E3A0043FF37 /* libPayPalMobile.a in Frameworks */,
				FD03506319E108DF009279EC /* AudioToolbox.framework in Frameworks */,
				FDA5E4BA19E167FF005F33DC /* dylib1.o in Frameworks */,
				FD03506919E10917009279EC /* Security.framework in Frameworks */,
				FD03506C19E1094C009279EC /* Social.framework in Frameworks */,
				FD03506819E1090E009279EC /* libz.dylib in Frameworks */,
				FD03506419E108E5009279EC /* CFNetwork.framework in Frameworks */,
				FD03506219E108CD009279EC /* Accounts.framework in Frameworks */,
				FD39FB0719E0664100CC2CFE /* Accelerate.framework in Frameworks */,
				FD39FB0919E0664100CC2CFE /* CoreFoundation.framework in Frameworks */,
				FD39FB0A19E0664100CC2CFE /* CoreImage.framework in Frameworks */,
				47941132684FD3E2DFBF2496 /* libPods-GitGood.a in Frameworks */,
			);
			runOnlyForDeploymentPostprocessing = 0;
		};
		FD39FAE419DFE74000CC2CFE /* Frameworks */ = {
			isa = PBXFrameworksBuildPhase;
			buildActionMask = 2147483647;
			files = (
			);
			runOnlyForDeploymentPostprocessing = 0;
		};
/* End PBXFrameworksBuildPhase section */

/* Begin PBXGroup section */
		34DDCA4419E1B09A00EDA7B0 /* OctoKit */ = {
			isa = PBXGroup;
			children = (
				FD3464FD19F07F8800698B27 /* en.lproj */,
				FD34650019F07F8800698B27 /* NSDateFormatter+OCTFormattingAdditions.m */,
				FD34650119F07F8800698B27 /* NSURL+OCTQueryAdditions.h */,
				FD34650219F07F8800698B27 /* NSURL+OCTQueryAdditions.m */,
				FD34650319F07F8800698B27 /* NSValueTransformer+OCTPredefinedTransformerAdditions.h */,
				FD34650419F07F8800698B27 /* NSValueTransformer+OCTPredefinedTransformerAdditions.m */,
				FD34650519F07F8800698B27 /* OCTAccessToken.h */,
				FD34650619F07F8800698B27 /* OCTAccessToken.m */,
				FD34650719F07F8800698B27 /* OCTAuthorization.h */,
				FD34650819F07F8800698B27 /* OCTAuthorization.m */,
				FD34650919F07F8800698B27 /* OCTBlobTreeEntry.h */,
				FD34650A19F07F8800698B27 /* OCTBlobTreeEntry.m */,
				FD34650B19F07F8800698B27 /* OCTBranch.h */,
				FD34650C19F07F8800698B27 /* OCTBranch.m */,
				FD34650D19F07F8800698B27 /* OCTClient.h */,
				FD34650E19F07F8800698B27 /* OCTClient.m */,
				FD34650F19F07F8800698B27 /* OCTClient+Activity.h */,
				FD34651019F07F8800698B27 /* OCTClient+Activity.m */,
				FD34651119F07F8800698B27 /* OCTClient+Events.h */,
				FD34651219F07F8800698B27 /* OCTClient+Events.m */,
				FD34651319F07F8800698B27 /* OCTClient+Gists.h */,
				FD34651419F07F8800698B27 /* OCTClient+Gists.m */,
				FD34651519F07F8800698B27 /* OCTClient+Git.h */,
				FD34651619F07F8800698B27 /* OCTClient+Git.m */,
				FD34651719F07F8800698B27 /* OCTClient+Keys.h */,
				FD34651819F07F8800698B27 /* OCTClient+Keys.m */,
				FD34651919F07F8800698B27 /* OCTClient+Notifications.h */,
				FD34651A19F07F8800698B27 /* OCTClient+Notifications.m */,
				FD34651B19F07F8800698B27 /* OCTClient+Organizations.h */,
				FD34651C19F07F8800698B27 /* OCTClient+Organizations.m */,
				FD34651D19F07F8800698B27 /* OCTClient+Private.h */,
				FD34651E19F07F8800698B27 /* OCTClient+Repositories.h */,
				FD34651F19F07F8800698B27 /* OCTClient+Repositories.m */,
				FD34652019F07F8800698B27 /* OCTClient+User.h */,
				FD34652119F07F8800698B27 /* OCTClient+User.m */,
				FD34652219F07F8800698B27 /* OCTComment.h */,
				FD34652319F07F8800698B27 /* OCTCommit.h */,
				FD34652419F07F8800698B27 /* OCTCommit.m */,
				FD34652519F07F8800698B27 /* OCTCommitComment.h */,
				FD34652619F07F8800698B27 /* OCTCommitComment.m */,
				FD34652719F07F8800698B27 /* OCTCommitCommentEvent.h */,
				FD34652819F07F8800698B27 /* OCTCommitCommentEvent.m */,
				FD34652919F07F8800698B27 /* OCTCommitTreeEntry.h */,
				FD34652A19F07F8800698B27 /* OCTCommitTreeEntry.m */,
				FD34652B19F07F8800698B27 /* OCTContent.h */,
				FD34652C19F07F8800698B27 /* OCTContent.m */,
				FD34652D19F07F8800698B27 /* OCTContentTreeEntry.h */,
				FD34652E19F07F8800698B27 /* OCTContentTreeEntry.m */,
				FD34652F19F07F8800698B27 /* OCTDirectoryContent.h */,
				FD34653019F07F8800698B27 /* OCTDirectoryContent.m */,
				FD34653119F07F8800698B27 /* OCTEntity.h */,
				FD34653219F07F8800698B27 /* OCTEntity.m */,
				FD34653319F07F8800698B27 /* OCTEvent.h */,
				FD34653419F07F8800698B27 /* OCTEvent.m */,
				FD34653519F07F8800698B27 /* OCTFileContent.h */,
				FD34653619F07F8800698B27 /* OCTFileContent.m */,
				FD34653719F07F8800698B27 /* OCTGist.h */,
				FD34653819F07F8800698B27 /* OCTGist.m */,
				FD34653919F07F8800698B27 /* OCTGistFile.h */,
				FD34653A19F07F8800698B27 /* OCTGistFile.m */,
				FD34653B19F07F8800698B27 /* OCTGitCommit.h */,
				FD34653C19F07F8800698B27 /* OCTGitCommit.m */,
				FD34653D19F07F8800698B27 /* OCTGitCommitFile.h */,
				FD34653E19F07F8800698B27 /* OCTGitCommitFile.m */,
				FD34653F19F07F8800698B27 /* OCTIssue.h */,
				FD34654019F07F8800698B27 /* OCTIssue.m */,
				FD34654119F07F8800698B27 /* OCTIssueComment.h */,
				FD34654219F07F8800698B27 /* OCTIssueComment.m */,
				FD34654319F07F8800698B27 /* OCTIssueCommentEvent.h */,
				FD34654419F07F8800698B27 /* OCTIssueCommentEvent.m */,
				FD34654519F07F8800698B27 /* OCTIssueEvent.h */,
				FD34654619F07F8800698B27 /* OCTIssueEvent.m */,
				FD34654719F07F8800698B27 /* OCTNotification.h */,
				FD34654819F07F8800698B27 /* OCTNotification.m */,
				FD34654919F07F8800698B27 /* OCTObject.h */,
				FD34654A19F07F8800698B27 /* OCTObject.m */,
				FD34654B19F07F8800698B27 /* OCTObject+Private.h */,
				FD34654C19F07F8800698B27 /* OctoKit-Info.plist */,
				FD34654D19F07F8800698B27 /* OctoKit-Prefix.pch */,
				FD34654E19F07F8800698B27 /* OctoKit.h */,
				FD34654F19F07F8800698B27 /* OCTOrganization.h */,
				FD34655019F07F8800698B27 /* OCTOrganization.m */,
				FD34655119F07F8800698B27 /* OCTPlan.h */,
				FD34655219F07F8800698B27 /* OCTPlan.m */,
				FD34655319F07F8800698B27 /* OCTPublicKey.h */,
				FD34655419F07F8800698B27 /* OCTPublicKey.m */,
				FD34655519F07F8800698B27 /* OCTPullRequest.h */,
				FD34655619F07F8800698B27 /* OCTPullRequest.m */,
				FD34655719F07F8800698B27 /* OCTPullRequestComment.h */,
				FD34655819F07F8800698B27 /* OCTPullRequestComment.m */,
				FD34655919F07F8800698B27 /* OCTPullRequestCommentEvent.h */,
				FD34655A19F07F8800698B27 /* OCTPullRequestCommentEvent.m */,
				FD34655B19F07F8800698B27 /* OCTPullRequestEvent.h */,
				FD34655C19F07F8800698B27 /* OCTPullRequestEvent.m */,
				FD34655D19F07F8800698B27 /* OCTPushEvent.h */,
				FD34655E19F07F8800698B27 /* OCTPushEvent.m */,
				FD34655F19F07F8800698B27 /* OCTRef.h */,
				FD34656019F07F8800698B27 /* OCTRef.m */,
				FD34656119F07F8800698B27 /* OCTRefEvent.h */,
				FD34656219F07F8800698B27 /* OCTRefEvent.m */,
				FD34656319F07F8800698B27 /* OCTRepository.h */,
				FD34656419F07F8800698B27 /* OCTRepository.m */,
				FD34656519F07F8800698B27 /* OCTResponse.h */,
				FD34656619F07F8800698B27 /* OCTResponse.m */,
				FD34656719F07F8800698B27 /* OCTReviewComment.h */,
				FD34656819F07F8800698B27 /* OCTServer.h */,
				FD34656919F07F8800698B27 /* OCTServer.m */,
				FD34656A19F07F8800698B27 /* OCTServer+Private.h */,
				FD34656B19F07F8800698B27 /* OCTServerMetadata.h */,
				FD34656C19F07F8800698B27 /* OCTServerMetadata.m */,
				FD34656D19F07F8800698B27 /* OCTSubmoduleContent.h */,
				FD34656E19F07F8800698B27 /* OCTSubmoduleContent.m */,
				FD34656F19F07F8800698B27 /* OCTSymlinkContent.h */,
				FD34657019F07F8800698B27 /* OCTSymlinkContent.m */,
				FD34657119F07F8800698B27 /* OCTTeam.h */,
				FD34657219F07F8800698B27 /* OCTTeam.m */,
				FD34657319F07F8800698B27 /* OCTTree.h */,
				FD34657419F07F8800698B27 /* OCTTree.m */,
				FD34657519F07F8800698B27 /* OCTTreeEntry.h */,
				FD34657619F07F8800698B27 /* OCTTreeEntry.m */,
				FD34657719F07F8800698B27 /* OCTUser.h */,
				FD34657819F07F8800698B27 /* OCTUser.m */,
				FD34657919F07F8800698B27 /* RACSignal+OCTClientAdditions.h */,
				FD34657A19F07F8800698B27 /* RACSignal+OCTClientAdditions.m */,
				FD3464FC19F07F7C00698B27 /* NSDateFormatter+OCTFormattingAdditions.h */,
			);
			path = OctoKit;
			sourceTree = "<group>";
		};
		56624183DED6FDFB17CAEC71 /* Pods */ = {
			isa = PBXGroup;
			children = (
				3221010A271D17557E38BCB1 /* Pods-GitGood.debug.xcconfig */,
				AA14908FF7EFA4400976D231 /* Pods-GitGood.release.xcconfig */,
			);
			name = Pods;
			sourceTree = "<group>";
		};
		EF234D5B625C3F0B2B537CD0 /* Frameworks */ = {
			isa = PBXGroup;
			children = (
				FD3465B919F080CC00698B27 /* UIKit.framework */,
				FD3465B719F080C200698B27 /* Foundation.framework */,
				FD39D77619F07EDE0043FF37 /* Bolts.framework */,
				FD39D77719F07EDE0043FF37 /* Parse.framework */,
				FD85BF7319E1BC8400048FBA /* MessageUI.framework */,
				FDA5E4B919E167FF005F33DC /* dylib1.o */,
				34DDC7F219E07D9500EDA7B0 /* Accounts.framework */,
				34DDC7F019E07D9100EDA7B0 /* Social.framework */,
				34DDC7EE19E07D8E00EDA7B0 /* SystemConfiguration.framework */,
				34DDC7EA19E07D8400EDA7B0 /* Security.framework */,
				34DDC7E819E07D7F00EDA7B0 /* QuartzCore.framework */,
				34DDC7E619E07D7800EDA7B0 /* MobileCoreServices.framework */,
				34DDC7E419E07D7200EDA7B0 /* libz.dylib */,
				34DDC7E219E07D6B00EDA7B0 /* CoreLocation.framework */,
				34DDC7E019E07D5A00EDA7B0 /* CFNetwork.framework */,
				34DDC7DE19E07D5500EDA7B0 /* AudioToolbox.framework */,
				FD39FB0219E0664100CC2CFE /* Accelerate.framework */,
				FD39FB0319E0664100CC2CFE /* AVFoundation.framework */,
				FD39FB0419E0664100CC2CFE /* CoreFoundation.framework */,
				FD39FB0519E0664100CC2CFE /* CoreImage.framework */,
				FD39FB0619E0664100CC2CFE /* CoreMedia.framework */,
				FD39FB0019E065DD00CC2CFE /* CoreGraphics.framework */,
				A632ECB5297AC4CFB862B94F /* libPods-GitGood.a */,
			);
			name = Frameworks;
			sourceTree = "<group>";
		};
		FD31C94619E3151E0013A245 /* SDKs */ = {
			isa = PBXGroup;
			children = (
				FDD2D1D219E308B1004B9BF7 /* Moxtra */,
				FD85BF6919E1B90A00048FBA /* PayPalMobile */,
				34DDCA4419E1B09A00EDA7B0 /* OctoKit */,
			);
			name = SDKs;
			sourceTree = "<group>";
		};
		FD3464FD19F07F8800698B27 /* en.lproj */ = {
			isa = PBXGroup;
			children = (
				FD3464FE19F07F8800698B27 /* InfoPlist.strings */,
			);
			name = en.lproj;
			path = SDKs/OctoKit/en.lproj;
			sourceTree = SOURCE_ROOT;
		};
		FD39FAC519DFE74000CC2CFE = {
			isa = PBXGroup;
			children = (
				FD31C94719E3366A0013A245 /* GitGood-Bridging-Header.h */,
				FD39FAD019DFE74000CC2CFE /* GitGood */,
				FD39FAEA19DFE74000CC2CFE /* GitGoodTests */,
				FD31C94619E3151E0013A245 /* SDKs */,
				56624183DED6FDFB17CAEC71 /* Pods */,
				EF234D5B625C3F0B2B537CD0 /* Frameworks */,
				FDDD532119E3443400413D52 /* GitGood.app */,
				FDB2488D19E359F000D667D0 /* GitGoodTests.xctest */,
			);
			sourceTree = "<group>";
		};
		FD39FAD019DFE74000CC2CFE /* GitGood */ = {
			isa = PBXGroup;
			children = (
				FD31C90119E311850013A245 /* Main.storyboard */,
				FD31C8FF19E311850013A245 /* LaunchScreen.xib */,
				FDD2D1D419E3091F004B9BF7 /* Models */,
				FDD2D1D119E3087C004B9BF7 /* ViewControllers */,
				FD39FAD119DFE74000CC2CFE /* Supporting Files */,
			);
			name = GitGood;
			path = Product;
			sourceTree = "<group>";
		};
		FD39FAD119DFE74000CC2CFE /* Supporting Files */ = {
			isa = PBXGroup;
			children = (
				FD31C92519E3126D0013A245 /* AppDelegate.h */,
				FD31C92619E3126D0013A245 /* AppDelegate.m */,
				FD31C92719E3126D0013A245 /* Images.xcassets */,
				FD31C92819E3126D0013A245 /* Info.plist */,
				FD31C92919E3126D0013A245 /* main.m */,
			);
			name = "Supporting Files";
			sourceTree = "<group>";
		};
		FD39FAEA19DFE74000CC2CFE /* GitGoodTests */ = {
			isa = PBXGroup;
			children = (
				FD31C92E19E312940013A245 /* GitGoodTests.m */,
				FD39FAEB19DFE74000CC2CFE /* Supporting Files */,
			);
			name = GitGoodTests;
			path = ProductTests;
			sourceTree = SOURCE_ROOT;
		};
		FD39FAEB19DFE74000CC2CFE /* Supporting Files */ = {
			isa = PBXGroup;
			children = (
				FD31C93019E312A00013A245 /* Info.plist */,
			);
			name = "Supporting Files";
			sourceTree = "<group>";
		};
		FD85BF6919E1B90A00048FBA /* PayPalMobile */ = {
			isa = PBXGroup;
			children = (
				FD39D76D19F07E3A0043FF37 /* libPayPalMobile.a */,
				FD39D76E19F07E3A0043FF37 /* PayPalConfiguration.h */,
				FD39D76F19F07E3A0043FF37 /* PayPalFuturePaymentViewController.h */,
				FD39D77019F07E3A0043FF37 /* PayPalMobile.h */,
				FD39D77119F07E3A0043FF37 /* PayPalOAuthScopes.h */,
				FD39D77219F07E3A0043FF37 /* PayPalPayment.h */,
				FD39D77319F07E3A0043FF37 /* PayPalPaymentViewController.h */,
				FD39D77419F07E3A0043FF37 /* PayPalProfileSharingViewController.h */,
			);
			name = PayPalMobile;
			path = Product/PayPalMobile;
			sourceTree = "<group>";
		};
		FDD2D1D119E3087C004B9BF7 /* ViewControllers */ = {
			isa = PBXGroup;
			children = (
				FD43294419F086DD00C5AE39 /* PasscodeSettingsViewController.h */,
				FD43294519F086DD00C5AE39 /* PasscodeSettingsViewController.m */,
				FDB2489119E35BE500D667D0 /* SettingsViewController.h */,
				FDB2489219E35BE500D667D0 /* SettingsViewController.m */,
				FD31C90A19E312260013A245 /* JoinViewController.h */,
				FD31C90B19E312260013A245 /* JoinViewController.m */,
				FD31C90C19E312260013A245 /* LeaderboardViewController.h */,
				FD31C90D19E312260013A245 /* LeaderboardViewController.m */,
				FD31C90E19E312260013A245 /* LogInViewController.h */,
				FD31C90F19E312260013A245 /* LogInViewController.m */,
				FD31C91019E312260013A245 /* MainViewController.h */,
				FD31C91119E312260013A245 /* MainViewController.m */,
				FD31C91219E312260013A245 /* PaymentViewController.h */,
				FD31C91319E312260013A245 /* PaymentViewController.m */,
				FD31C91419E312260013A245 /* StartChallengeViewController.h */,
				FD31C91519E312260013A245 /* StartChallengeViewController.m */,
				FD31C91619E312260013A245 /* TabBarViewController.h */,
				FD31C91719E312260013A245 /* TabBarViewController.m */,
			);
			name = ViewControllers;
			sourceTree = "<group>";
		};
		FDD2D1D219E308B1004B9BF7 /* Moxtra */ = {
			isa = PBXGroup;
			children = (
				FD39D76919F07E220043FF37 /* Moxtra.h */,
				FD39D76A19F07E220043FF37 /* MoxtraConversationResources.bundle */,
				FD39D76B19F07E220043FF37 /* MXClient.h */,
			);
			name = Moxtra;
			sourceTree = "<group>";
		};
		FDD2D1D419E3091F004B9BF7 /* Models */ = {
			isa = PBXGroup;
			children = (
				FD31C92019E312360013A245 /* LocalGitGoodUser.h */,
				FD31C92119E312360013A245 /* LocalGitGoodUser.m */,
				FDC5520319F06A1F001F0EBE /* GenericGitGoodUser.h */,
				FDC5520419F06A1F001F0EBE /* GenericGitGoodUser.m */,
				FD31C92219E312360013A245 /* UserProfile.swift */,
			);
			name = Models;
			sourceTree = "<group>";
		};
/* End PBXGroup section */

/* Begin PBXNativeTarget section */
		FD39FACD19DFE74000CC2CFE /* GitGood */ = {
			isa = PBXNativeTarget;
			buildConfigurationList = FD39FAF119DFE74000CC2CFE /* Build configuration list for PBXNativeTarget "GitGood" */;
			buildPhases = (
				9652A07814091EF70D12C811 /* Check Pods Manifest.lock */,
				FD39FACA19DFE74000CC2CFE /* Sources */,
				FD39FACB19DFE74000CC2CFE /* Frameworks */,
				FD39FACC19DFE74000CC2CFE /* Resources */,
				F27621B48F04BB7592E842FF /* Copy Pods Resources */,
			);
			buildRules = (
			);
			dependencies = (
			);
			name = GitGood;
			productName = Product;
			productReference = FDDD532119E3443400413D52 /* GitGood.app */;
			productType = "com.apple.product-type.application";
		};
		FD39FAE619DFE74000CC2CFE /* GitGoodTests */ = {
			isa = PBXNativeTarget;
			buildConfigurationList = FD39FAF419DFE74000CC2CFE /* Build configuration list for PBXNativeTarget "GitGoodTests" */;
			buildPhases = (
				FD39FAE319DFE74000CC2CFE /* Sources */,
				FD39FAE419DFE74000CC2CFE /* Frameworks */,
				FD39FAE519DFE74000CC2CFE /* Resources */,
			);
			buildRules = (
			);
			dependencies = (
				FD39FAE919DFE74000CC2CFE /* PBXTargetDependency */,
			);
			name = GitGoodTests;
			productName = ProductTests;
			productReference = FDB2488D19E359F000D667D0 /* GitGoodTests.xctest */;
			productType = "com.apple.product-type.bundle.unit-test";
		};
/* End PBXNativeTarget section */

/* Begin PBXProject section */
		FD39FAC619DFE74000CC2CFE /* Project object */ = {
			isa = PBXProject;
			attributes = {
				LastUpgradeCheck = 0600;
				ORGANIZATIONNAME = CalHacksProductivity;
				TargetAttributes = {
					FD39FACD19DFE74000CC2CFE = {
						CreatedOnToolsVersion = 6.0.1;
						DevelopmentTeam = 8G4H6268W7;
						SystemCapabilities = {
							com.apple.InAppPurchase = {
								enabled = 0;
							};
						};
					};
					FD39FAE619DFE74000CC2CFE = {
						CreatedOnToolsVersion = 6.0.1;
						TestTargetID = FD39FACD19DFE74000CC2CFE;
					};
				};
			};
			buildConfigurationList = FD39FAC919DFE74000CC2CFE /* Build configuration list for PBXProject "GitGood" */;
			compatibilityVersion = "Xcode 3.2";
			developmentRegion = English;
			hasScannedForEncodings = 0;
			knownRegions = (
				en,
				Base,
			);
			mainGroup = FD39FAC519DFE74000CC2CFE;
			productRefGroup = FD39FAC519DFE74000CC2CFE;
			projectDirPath = "";
			projectRoot = "";
			targets = (
				FD39FACD19DFE74000CC2CFE /* GitGood */,
				FD39FAE619DFE74000CC2CFE /* GitGoodTests */,
			);
		};
/* End PBXProject section */

/* Begin PBXResourcesBuildPhase section */
		FD39FACC19DFE74000CC2CFE /* Resources */ = {
			isa = PBXResourcesBuildPhase;
			buildActionMask = 2147483647;
			files = (
				FD39D76C19F07E220043FF37 /* MoxtraConversationResources.bundle in Resources */,
				FD43290A19F0863600C5AE39 /* Main.storyboard in Resources */,
				FD34657B19F07F8800698B27 /* InfoPlist.strings in Resources */,
				FD3465A119F07F8800698B27 /* OctoKit-Info.plist in Resources */,
				FD43290B19F0863A00C5AE39 /* LaunchScreen.xib in Resources */,
				FD31C92B19E3126D0013A245 /* Images.xcassets in Resources */,
			);
			runOnlyForDeploymentPostprocessing = 0;
		};
		FD39FAE519DFE74000CC2CFE /* Resources */ = {
			isa = PBXResourcesBuildPhase;
			buildActionMask = 2147483647;
			files = (
			);
			runOnlyForDeploymentPostprocessing = 0;
		};
/* End PBXResourcesBuildPhase section */

/* Begin PBXShellScriptBuildPhase section */
		9652A07814091EF70D12C811 /* Check Pods Manifest.lock */ = {
			isa = PBXShellScriptBuildPhase;
			buildActionMask = 2147483647;
			files = (
			);
			inputPaths = (
			);
			name = "Check Pods Manifest.lock";
			outputPaths = (
			);
			runOnlyForDeploymentPostprocessing = 0;
			shellPath = /bin/sh;
			shellScript = "diff \"${PODS_ROOT}/../Podfile.lock\" \"${PODS_ROOT}/Manifest.lock\" > /dev/null\nif [[ $? != 0 ]] ; then\n    cat << EOM\nerror: The sandbox is not in sync with the Podfile.lock. Run 'pod install' or update your CocoaPods installation.\nEOM\n    exit 1\nfi\n";
			showEnvVarsInLog = 0;
		};
		F27621B48F04BB7592E842FF /* Copy Pods Resources */ = {
			isa = PBXShellScriptBuildPhase;
			buildActionMask = 2147483647;
			files = (
			);
			inputPaths = (
			);
			name = "Copy Pods Resources";
			outputPaths = (
			);
			runOnlyForDeploymentPostprocessing = 0;
			shellPath = /bin/sh;
			shellScript = "\"${SRCROOT}/Pods/Target Support Files/Pods-GitGood/Pods-GitGood-resources.sh\"\n";
			showEnvVarsInLog = 0;
		};
/* End PBXShellScriptBuildPhase section */

/* Begin PBXSourcesBuildPhase section */
		FD39FACA19DFE74000CC2CFE /* Sources */ = {
			isa = PBXSourcesBuildPhase;
			buildActionMask = 2147483647;
			files = (
				FD34657C19F07F8800698B27 /* NSDateFormatter+OCTFormattingAdditions.m in Sources */,
				FD34658C19F07F8800698B27 /* OCTClient+User.m in Sources */,
				FD3465AF19F07F8800698B27 /* OCTServerMetadata.m in Sources */,
				FD34658719F07F8800698B27 /* OCTClient+Git.m in Sources */,
				FD34658219F07F8800698B27 /* OCTBranch.m in Sources */,
				FDB2489319E35BE500D667D0 /* SettingsViewController.m in Sources */,
				FD3465AA19F07F8800698B27 /* OCTRef.m in Sources */,
				FD34659019F07F8800698B27 /* OCTCommitTreeEntry.m in Sources */,
				FD31C92D19E3126D0013A245 /* main.m in Sources */,
				FD34657D19F07F8800698B27 /* NSURL+OCTQueryAdditions.m in Sources */,
				FD34659219F07F8800698B27 /* OCTContentTreeEntry.m in Sources */,
				FD34659619F07F8800698B27 /* OCTFileContent.m in Sources */,
				FD31C91F19E312260013A245 /* TabBarViewController.m in Sources */,
				FD34658519F07F8800698B27 /* OCTClient+Events.m in Sources */,
				FD3465A519F07F8800698B27 /* OCTPullRequest.m in Sources */,
				FD31C92A19E3126D0013A245 /* AppDelegate.m in Sources */,
				FD31C91E19E312260013A245 /* StartChallengeViewController.m in Sources */,
				FD3465B319F07F8800698B27 /* OCTTree.m in Sources */,
				FDC5520519F06A1F001F0EBE /* GenericGitGoodUser.m in Sources */,
				FD34658D19F07F8800698B27 /* OCTCommit.m in Sources */,
				FD34657F19F07F8800698B27 /* OCTAccessToken.m in Sources */,
				FD34659519F07F8800698B27 /* OCTEvent.m in Sources */,
				FD34657E19F07F8800698B27 /* NSValueTransformer+OCTPredefinedTransformerAdditions.m in Sources */,
				FD34659F19F07F8800698B27 /* OCTNotification.m in Sources */,
				FD34658419F07F8800698B27 /* OCTClient+Activity.m in Sources */,
				FD34659E19F07F8800698B27 /* OCTIssueEvent.m in Sources */,
				FD43294619F086DD00C5AE39 /* PasscodeSettingsViewController.m in Sources */,
				FD34659319F07F8800698B27 /* OCTDirectoryContent.m in Sources */,
				FD3465B219F07F8800698B27 /* OCTTeam.m in Sources */,
				FD34659119F07F8800698B27 /* OCTContent.m in Sources */,
				FD34658319F07F8800698B27 /* OCTClient.m in Sources */,
				FD3465AE19F07F8800698B27 /* OCTServer.m in Sources */,
				FD34659919F07F8800698B27 /* OCTGitCommit.m in Sources */,
				FD34659C19F07F8800698B27 /* OCTIssueComment.m in Sources */,
				FD3465A419F07F8800698B27 /* OCTPublicKey.m in Sources */,
				FD3465A319F07F8800698B27 /* OCTPlan.m in Sources */,
				FD3465B519F07F8800698B27 /* OCTUser.m in Sources */,
				FD3465B419F07F8800698B27 /* OCTTreeEntry.m in Sources */,
				FD3465A619F07F8800698B27 /* OCTPullRequestComment.m in Sources */,
				FD34658919F07F8800698B27 /* OCTClient+Notifications.m in Sources */,
				FD34658B19F07F8800698B27 /* OCTClient+Repositories.m in Sources */,
				FD3465A819F07F8800698B27 /* OCTPullRequestEvent.m in Sources */,
				FD34659419F07F8800698B27 /* OCTEntity.m in Sources */,
				FD3465A719F07F8800698B27 /* OCTPullRequestCommentEvent.m in Sources */,
				FD3465A219F07F8800698B27 /* OCTOrganization.m in Sources */,
				FD34658F19F07F8800698B27 /* OCTCommitCommentEvent.m in Sources */,
				FD3465B619F07F8800698B27 /* RACSignal+OCTClientAdditions.m in Sources */,
				FD34659719F07F8800698B27 /* OCTGist.m in Sources */,
				FD34659D19F07F8800698B27 /* OCTIssueCommentEvent.m in Sources */,
				FD34659B19F07F8800698B27 /* OCTIssue.m in Sources */,
				FD31C92319E312360013A245 /* LocalGitGoodUser.m in Sources */,
				FD3465AD19F07F8800698B27 /* OCTResponse.m in Sources */,
				FD3465B019F07F8800698B27 /* OCTSubmoduleContent.m in Sources */,
				FD3465AC19F07F8800698B27 /* OCTRepository.m in Sources */,
				FD3465B119F07F8800698B27 /* OCTSymlinkContent.m in Sources */,
				FD31C91A19E312260013A245 /* LeaderboardViewController.m in Sources */,
				FD3465A919F07F8800698B27 /* OCTPushEvent.m in Sources */,
				FD34658819F07F8800698B27 /* OCTClient+Keys.m in Sources */,
				FD34659819F07F8800698B27 /* OCTGistFile.m in Sources */,
				FD31C91C19E312260013A245 /* MainViewController.m in Sources */,
				FD31C91D19E312260013A245 /* PaymentViewController.m in Sources */,
				FD34658019F07F8800698B27 /* OCTAuthorization.m in Sources */,
				FD34659A19F07F8800698B27 /* OCTGitCommitFile.m in Sources */,
				FD3465AB19F07F8800698B27 /* OCTRefEvent.m in Sources */,
				FD34658119F07F8800698B27 /* OCTBlobTreeEntry.m in Sources */,
				FD31C92419E312360013A245 /* UserProfile.swift in Sources */,
				FD31C91B19E312260013A245 /* LogInViewController.m in Sources */,
				FD3465A019F07F8800698B27 /* OCTObject.m in Sources */,
				FD34658619F07F8800698B27 /* OCTClient+Gists.m in Sources */,
				FD34658A19F07F8800698B27 /* OCTClient+Organizations.m in Sources */,
				FD31C91919E312260013A245 /* JoinViewController.m in Sources */,
				FD34658E19F07F8800698B27 /* OCTCommitComment.m in Sources */,
			);
			runOnlyForDeploymentPostprocessing = 0;
		};
		FD39FAE319DFE74000CC2CFE /* Sources */ = {
			isa = PBXSourcesBuildPhase;
			buildActionMask = 2147483647;
			files = (
				FD31C94519E3150B0013A245 /* GitGoodTests.m in Sources */,
			);
			runOnlyForDeploymentPostprocessing = 0;
		};
/* End PBXSourcesBuildPhase section */

/* Begin PBXTargetDependency section */
		FD39FAE919DFE74000CC2CFE /* PBXTargetDependency */ = {
			isa = PBXTargetDependency;
			target = FD39FACD19DFE74000CC2CFE /* GitGood */;
			targetProxy = FD39FAE819DFE74000CC2CFE /* PBXContainerItemProxy */;
		};
/* End PBXTargetDependency section */

/* Begin PBXVariantGroup section */
		FD31C8FF19E311850013A245 /* LaunchScreen.xib */ = {
			isa = PBXVariantGroup;
			children = (
				FD31C90019E311850013A245 /* Base */,
			);
			name = LaunchScreen.xib;
			sourceTree = "<group>";
		};
		FD31C90119E311850013A245 /* Main.storyboard */ = {
			isa = PBXVariantGroup;
			children = (
				FD31C90219E311850013A245 /* Base */,
			);
			name = Main.storyboard;
			sourceTree = "<group>";
		};
		FD3464FE19F07F8800698B27 /* InfoPlist.strings */ = {
			isa = PBXVariantGroup;
			children = (
				FD3464FF19F07F8800698B27 /* en */,
			);
			name = InfoPlist.strings;
			sourceTree = "<group>";
		};
/* End PBXVariantGroup section */

/* Begin XCBuildConfiguration section */
		FD39FAEF19DFE74000CC2CFE /* Debug */ = {
			isa = XCBuildConfiguration;
			buildSettings = {
				ALWAYS_SEARCH_USER_PATHS = NO;
				CLANG_CXX_LANGUAGE_STANDARD = "gnu++0x";
				CLANG_CXX_LIBRARY = "libc++";
				CLANG_ENABLE_MODULES = YES;
				CLANG_ENABLE_OBJC_ARC = YES;
				CLANG_WARN_BOOL_CONVERSION = YES;
				CLANG_WARN_CONSTANT_CONVERSION = YES;
				CLANG_WARN_DIRECT_OBJC_ISA_USAGE = YES_ERROR;
				CLANG_WARN_EMPTY_BODY = YES;
				CLANG_WARN_ENUM_CONVERSION = YES;
				CLANG_WARN_INT_CONVERSION = YES;
				CLANG_WARN_OBJC_ROOT_CLASS = YES_ERROR;
				CLANG_WARN_UNREACHABLE_CODE = YES;
				CLANG_WARN__DUPLICATE_METHOD_MATCH = YES;
				CODE_SIGN_IDENTITY = "Apple Development IOS Push Services: com.calhacks.productivity.Product";
				"CODE_SIGN_IDENTITY[sdk=iphoneos*]" = "Apple Development IOS Push Services: com.calhacks.productivity.Product";
				COPY_PHASE_STRIP = NO;
				ENABLE_STRICT_OBJC_MSGSEND = YES;
				GCC_C_LANGUAGE_STANDARD = gnu99;
				GCC_DYNAMIC_NO_PIC = NO;
				GCC_OPTIMIZATION_LEVEL = 0;
				GCC_PREPROCESSOR_DEFINITIONS = (
					"DEBUG=1",
					"$(inherited)",
				);
				GCC_SYMBOLS_PRIVATE_EXTERN = NO;
				GCC_WARN_64_TO_32_BIT_CONVERSION = YES;
				GCC_WARN_ABOUT_RETURN_TYPE = YES_ERROR;
				GCC_WARN_UNDECLARED_SELECTOR = YES;
				GCC_WARN_UNINITIALIZED_AUTOS = YES_AGGRESSIVE;
				GCC_WARN_UNUSED_FUNCTION = YES;
				GCC_WARN_UNUSED_VARIABLE = YES;
				IPHONEOS_DEPLOYMENT_TARGET = 8.0;
				MTL_ENABLE_DEBUG_INFO = YES;
				ONLY_ACTIVE_ARCH = YES;
				SDKROOT = iphoneos;
				TARGETED_DEVICE_FAMILY = "1,2";
			};
			name = Debug;
		};
		FD39FAF019DFE74000CC2CFE /* Release */ = {
			isa = XCBuildConfiguration;
			buildSettings = {
				ALWAYS_SEARCH_USER_PATHS = NO;
				CLANG_CXX_LANGUAGE_STANDARD = "gnu++0x";
				CLANG_CXX_LIBRARY = "libc++";
				CLANG_ENABLE_MODULES = YES;
				CLANG_ENABLE_OBJC_ARC = YES;
				CLANG_WARN_BOOL_CONVERSION = YES;
				CLANG_WARN_CONSTANT_CONVERSION = YES;
				CLANG_WARN_DIRECT_OBJC_ISA_USAGE = YES_ERROR;
				CLANG_WARN_EMPTY_BODY = YES;
				CLANG_WARN_ENUM_CONVERSION = YES;
				CLANG_WARN_INT_CONVERSION = YES;
				CLANG_WARN_OBJC_ROOT_CLASS = YES_ERROR;
				CLANG_WARN_UNREACHABLE_CODE = YES;
				CLANG_WARN__DUPLICATE_METHOD_MATCH = YES;
				CODE_SIGN_IDENTITY = "Apple Development IOS Push Services: com.calhacks.productivity.Product";
				"CODE_SIGN_IDENTITY[sdk=iphoneos*]" = "Apple Development IOS Push Services: com.calhacks.productivity.Product";
				COPY_PHASE_STRIP = YES;
				ENABLE_NS_ASSERTIONS = NO;
				ENABLE_STRICT_OBJC_MSGSEND = YES;
				GCC_C_LANGUAGE_STANDARD = gnu99;
				GCC_WARN_64_TO_32_BIT_CONVERSION = YES;
				GCC_WARN_ABOUT_RETURN_TYPE = YES_ERROR;
				GCC_WARN_UNDECLARED_SELECTOR = YES;
				GCC_WARN_UNINITIALIZED_AUTOS = YES_AGGRESSIVE;
				GCC_WARN_UNUSED_FUNCTION = YES;
				GCC_WARN_UNUSED_VARIABLE = YES;
				IPHONEOS_DEPLOYMENT_TARGET = 8.0;
				MTL_ENABLE_DEBUG_INFO = NO;
				SDKROOT = iphoneos;
				TARGETED_DEVICE_FAMILY = "1,2";
				VALIDATE_PRODUCT = YES;
			};
			name = Release;
		};
		FD39FAF219DFE74000CC2CFE /* Debug */ = {
			isa = XCBuildConfiguration;
			baseConfigurationReference = 3221010A271D17557E38BCB1 /* Pods-GitGood.debug.xcconfig */;
			buildSettings = {
				ASSETCATALOG_COMPILER_APPICON_NAME = AppIcon;
				CLANG_ENABLE_MODULES = YES;
				CODE_SIGN_IDENTITY = "iPhone Developer";
				"CODE_SIGN_IDENTITY[sdk=iphoneos*]" = "iPhone Developer";
				FRAMEWORK_SEARCH_PATHS = (
					"$(inherited)",
					"$(PROJECT_DIR)/SDKs/Parse",
				);
				INFOPLIST_FILE = "$(SRCROOT)/GitGood/Info.plist";
				LD_RUNPATH_SEARCH_PATHS = "$(inherited) @executable_path/Frameworks";
				LIBRARY_SEARCH_PATHS = (
					"$(inherited)",
					"$(PROJECT_DIR)/SDKs/PayPalMobile",
				);
				OTHER_CODE_SIGN_FLAGS = "";
				OTHER_LDFLAGS = (
					"-ObjC",
					"-framework",
					"\"CoreGraphics\"",
					"-framework",
					"\"Foundation\"",
					"-framework",
					"\"MobileCoreServices\"",
					"-framework",
					"\"Security\"",
					"-framework",
					"\"SystemConfiguration\"",
					"-lc++",
					"-lPods-GitGood-AFNetworking",
					"-lPods-GitGood-ReactiveCocoa",
					"-lPods-GitGood-ISO8601DateFormatter",
					"-lPods-GitGood-Mantle",
					"-lPods-GitGood-ABPadLockScreen",
				);
				PRODUCT_NAME = GitGood;
				PROVISIONING_PROFILE = "";
				SWIFT_OBJC_BRIDGING_HEADER = "GitGood-Bridging-Header.h";
				SWIFT_OPTIMIZATION_LEVEL = "-Onone";
				TARGETED_DEVICE_FAMILY = 1;
				VALID_ARCHS = "armv7 armv7s arm64";
			};
			name = Debug;
		};
		FD39FAF319DFE74000CC2CFE /* Release */ = {
			isa = XCBuildConfiguration;
			baseConfigurationReference = AA14908FF7EFA4400976D231 /* Pods-GitGood.release.xcconfig */;
			buildSettings = {
				ASSETCATALOG_COMPILER_APPICON_NAME = AppIcon;
				CLANG_ENABLE_MODULES = YES;
				CODE_SIGN_IDENTITY = "iPhone Developer";
				"CODE_SIGN_IDENTITY[sdk=iphoneos*]" = "iPhone Developer";
				FRAMEWORK_SEARCH_PATHS = (
					"$(inherited)",
					"$(PROJECT_DIR)/SDKs/Parse",
				);
				INFOPLIST_FILE = "$(SRCROOT)/GitGood/Info.plist";
				LD_RUNPATH_SEARCH_PATHS = "$(inherited) @executable_path/Frameworks";
				LIBRARY_SEARCH_PATHS = (
					"$(inherited)",
					"$(PROJECT_DIR)/SDKs/PayPalMobile",
				);
				OTHER_CODE_SIGN_FLAGS = "";
				OTHER_LDFLAGS = (
					"-ObjC",
					"-framework",
					"\"CoreGraphics\"",
					"-framework",
					"\"Foundation\"",
					"-framework",
					"\"MobileCoreServices\"",
					"-framework",
					"\"Security\"",
					"-framework",
					"\"SystemConfiguration\"",
					"-lc++",
					"-lPods-GitGood-AFNetworking",
					"-lPods-GitGood-ReactiveCocoa",
					"-lPods-GitGood-ISO8601DateFormatter",
					"-lPods-GitGood-Mantle",
					"-lPods-GitGood-ABPadLockScreen",
				);
				PRODUCT_NAME = GitGood;
				PROVISIONING_PROFILE = "";
				SWIFT_OBJC_BRIDGING_HEADER = "GitGood-Bridging-Header.h";
				TARGETED_DEVICE_FAMILY = 1;
				VALID_ARCHS = "armv7 armv7s arm64";
			};
			name = Release;
		};
		FD39FAF519DFE74000CC2CFE /* Debug */ = {
			isa = XCBuildConfiguration;
			buildSettings = {
				BUNDLE_LOADER = "$(TEST_HOST)";
				CODE_SIGN_IDENTITY = "iPhone Developer: Stephen Meriwether (93LZVHUHUC)";
				FRAMEWORK_SEARCH_PATHS = (
					"$(SDKROOT)/Developer/Library/Frameworks",
					"$(inherited)",
				);
				GCC_PREPROCESSOR_DEFINITIONS = (
					"DEBUG=1",
					"$(inherited)",
				);
				INFOPLIST_FILE = GitGoodTests/Info.plist;
				LD_RUNPATH_SEARCH_PATHS = "$(inherited) @executable_path/Frameworks @loader_path/Frameworks";
				PRODUCT_NAME = GitGoodTests;
				TEST_HOST = "$(BUILT_PRODUCTS_DIR)/GitGood.app/GitGood";
			};
			name = Debug;
		};
		FD39FAF619DFE74000CC2CFE /* Release */ = {
			isa = XCBuildConfiguration;
			buildSettings = {
				BUNDLE_LOADER = "$(TEST_HOST)";
				CODE_SIGN_IDENTITY = "iPhone Developer: Stephen Meriwether (93LZVHUHUC)";
				"CODE_SIGN_IDENTITY[sdk=iphoneos*]" = "iPhone Developer: Stephen Meriwether (93LZVHUHUC)";
				FRAMEWORK_SEARCH_PATHS = (
					"$(SDKROOT)/Developer/Library/Frameworks",
					"$(inherited)",
				);
				INFOPLIST_FILE = GitGoodTests/Info.plist;
				LD_RUNPATH_SEARCH_PATHS = "$(inherited) @executable_path/Frameworks @loader_path/Frameworks";
				PRODUCT_NAME = GitGoodTests;
				TEST_HOST = "$(BUILT_PRODUCTS_DIR)/GitGood.app/GitGood";
			};
			name = Release;
		};
/* End XCBuildConfiguration section */

/* Begin XCConfigurationList section */
		FD39FAC919DFE74000CC2CFE /* Build configuration list for PBXProject "GitGood" */ = {
			isa = XCConfigurationList;
			buildConfigurations = (
				FD39FAEF19DFE74000CC2CFE /* Debug */,
				FD39FAF019DFE74000CC2CFE /* Release */,
			);
			defaultConfigurationIsVisible = 0;
			defaultConfigurationName = Release;
		};
		FD39FAF119DFE74000CC2CFE /* Build configuration list for PBXNativeTarget "GitGood" */ = {
			isa = XCConfigurationList;
			buildConfigurations = (
				FD39FAF219DFE74000CC2CFE /* Debug */,
				FD39FAF319DFE74000CC2CFE /* Release */,
			);
			defaultConfigurationIsVisible = 0;
			defaultConfigurationName = Release;
		};
		FD39FAF419DFE74000CC2CFE /* Build configuration list for PBXNativeTarget "GitGoodTests" */ = {
			isa = XCConfigurationList;
			buildConfigurations = (
				FD39FAF519DFE74000CC2CFE /* Debug */,
				FD39FAF619DFE74000CC2CFE /* Release */,
			);
			defaultConfigurationIsVisible = 0;
			defaultConfigurationName = Release;
		};
/* End XCConfigurationList section */
	};
	rootObject = FD39FAC619DFE74000CC2CFE /* Project object */;
}
