// !$*UTF8*$!
{
	archiveVersion = 1;
	classes = {
	};
	objectVersion = 46;
	objects = {

/* Begin PBXBuildFile section */
		C02C329419DFFEA2005E1CF7 /* AppDelegate.swift in Sources */ = {isa = PBXBuildFile; fileRef = C02C329319DFFEA2005E1CF7 /* AppDelegate.swift */; };
		C02C329619DFFEA2005E1CF7 /* ViewController.swift in Sources */ = {isa = PBXBuildFile; fileRef = C02C329519DFFEA2005E1CF7 /* ViewController.swift */; };
		C02C329919DFFEA2005E1CF7 /* Main.storyboard in Resources */ = {isa = PBXBuildFile; fileRef = C02C329719DFFEA2005E1CF7 /* Main.storyboard */; };
		C02C329B19DFFEA2005E1CF7 /* Images.xcassets in Resources */ = {isa = PBXBuildFile; fileRef = C02C329A19DFFEA2005E1CF7 /* Images.xcassets */; };
		C02C329E19DFFEA2005E1CF7 /* LaunchScreen.xib in Resources */ = {isa = PBXBuildFile; fileRef = C02C329C19DFFEA2005E1CF7 /* LaunchScreen.xib */; };
		C02C32AA19DFFEA2005E1CF7 /* CalHacksProjectTests.swift in Sources */ = {isa = PBXBuildFile; fileRef = C02C32A919DFFEA2005E1CF7 /* CalHacksProjectTests.swift */; };
/* End PBXBuildFile section */

/* Begin PBXContainerItemProxy section */
		C02C32A419DFFEA2005E1CF7 /* PBXContainerItemProxy */ = {
			isa = PBXContainerItemProxy;
			containerPortal = C02C328619DFFEA2005E1CF7 /* Project object */;
			proxyType = 1;
			remoteGlobalIDString = C02C328D19DFFEA2005E1CF7;
			remoteInfo = CalHacksProject;
		};
/* End PBXContainerItemProxy section */

/* Begin PBXFileReference section */
		C02C328E19DFFEA2005E1CF7 /* CalHacksProject.app */ = {isa = PBXFileReference; explicitFileType = wrapper.application; includeInIndex = 0; path = CalHacksProject.app; sourceTree = BUILT_PRODUCTS_DIR; };
		C02C329219DFFEA2005E1CF7 /* Info.plist */ = {isa = PBXFileReference; lastKnownFileType = text.plist.xml; path = Info.plist; sourceTree = "<group>"; };
		C02C329319DFFEA2005E1CF7 /* AppDelegate.swift */ = {isa = PBXFileReference; lastKnownFileType = sourcecode.swift; path = AppDelegate.swift; sourceTree = "<group>"; };
		C02C329519DFFEA2005E1CF7 /* ViewController.swift */ = {isa = PBXFileReference; lastKnownFileType = sourcecode.swift; path = ViewController.swift; sourceTree = "<group>"; };
		C02C329819DFFEA2005E1CF7 /* Base */ = {isa = PBXFileReference; lastKnownFileType = file.storyboard; name = Base; path = Base.lproj/Main.storyboard; sourceTree = "<group>"; };
		C02C329A19DFFEA2005E1CF7 /* Images.xcassets */ = {isa = PBXFileReference; lastKnownFileType = folder.assetcatalog; path = Images.xcassets; sourceTree = "<group>"; };
		C02C329D19DFFEA2005E1CF7 /* Base */ = {isa = PBXFileReference; lastKnownFileType = file.xib; name = Base; path = Base.lproj/LaunchScreen.xib; sourceTree = "<group>"; };
		C02C32A319DFFEA2005E1CF7 /* CalHacksProjectTests.xctest */ = {isa = PBXFileReference; explicitFileType = wrapper.cfbundle; includeInIndex = 0; path = CalHacksProjectTests.xctest; sourceTree = BUILT_PRODUCTS_DIR; };
		C02C32A819DFFEA2005E1CF7 /* Info.plist */ = {isa = PBXFileReference; lastKnownFileType = text.plist.xml; path = Info.plist; sourceTree = "<group>"; };
		C02C32A919DFFEA2005E1CF7 /* CalHacksProjectTests.swift */ = {isa = PBXFileReference; lastKnownFileType = sourcecode.swift; path = CalHacksProjectTests.swift; sourceTree = "<group>"; };
/* End PBXFileReference section */

/* Begin PBXFrameworksBuildPhase section */
		C02C328B19DFFEA2005E1CF7 /* Frameworks */ = {
			isa = PBXFrameworksBuildPhase;
			buildActionMask = 2147483647;
			files = (
			);
			runOnlyForDeploymentPostprocessing = 0;
		};
		C02C32A019DFFEA2005E1CF7 /* Frameworks */ = {
			isa = PBXFrameworksBuildPhase;
			buildActionMask = 2147483647;
			files = (
			);
			runOnlyForDeploymentPostprocessing = 0;
		};
/* End PBXFrameworksBuildPhase section */

/* Begin PBXGroup section */
		C02C328519DFFEA2005E1CF7 = {
			isa = PBXGroup;
			children = (
				C02C329019DFFEA2005E1CF7 /* CalHacksProject */,
				C02C32A619DFFEA2005E1CF7 /* CalHacksProjectTests */,
				C02C328F19DFFEA2005E1CF7 /* Products */,
			);
			sourceTree = "<group>";
		};
		C02C328F19DFFEA2005E1CF7 /* Products */ = {
			isa = PBXGroup;
			children = (
				C02C328E19DFFEA2005E1CF7 /* CalHacksProject.app */,
				C02C32A319DFFEA2005E1CF7 /* CalHacksProjectTests.xctest */,
			);
			name = Products;
			sourceTree = "<group>";
		};
		C02C329019DFFEA2005E1CF7 /* CalHacksProject */ = {
			isa = PBXGroup;
			children = (
				C02C329319DFFEA2005E1CF7 /* AppDelegate.swift */,
				C02C329519DFFEA2005E1CF7 /* ViewController.swift */,
				C02C329719DFFEA2005E1CF7 /* Main.storyboard */,
				C02C329A19DFFEA2005E1CF7 /* Images.xcassets */,
				C02C329C19DFFEA2005E1CF7 /* LaunchScreen.xib */,
				C02C329119DFFEA2005E1CF7 /* Supporting Files */,
			);
			path = CalHacksProject;
			sourceTree = "<group>";
		};
		C02C329119DFFEA2005E1CF7 /* Supporting Files */ = {
			isa = PBXGroup;
			children = (
				C02C329219DFFEA2005E1CF7 /* Info.plist */,
			);
			name = "Supporting Files";
			sourceTree = "<group>";
		};
		C02C32A619DFFEA2005E1CF7 /* CalHacksProjectTests */ = {
			isa = PBXGroup;
			children = (
				C02C32A919DFFEA2005E1CF7 /* CalHacksProjectTests.swift */,
				C02C32A719DFFEA2005E1CF7 /* Supporting Files */,
			);
			path = CalHacksProjectTests;
			sourceTree = "<group>";
		};
		C02C32A719DFFEA2005E1CF7 /* Supporting Files */ = {
			isa = PBXGroup;
			children = (
				C02C32A819DFFEA2005E1CF7 /* Info.plist */,
			);
			name = "Supporting Files";
			sourceTree = "<group>";
		};
/* End PBXGroup section */

/* Begin PBXNativeTarget section */
		C02C328D19DFFEA2005E1CF7 /* CalHacksProject */ = {
			isa = PBXNativeTarget;
			buildConfigurationList = C02C32AD19DFFEA2005E1CF7 /* Build configuration list for PBXNativeTarget "CalHacksProject" */;
			buildPhases = (
				C02C328A19DFFEA2005E1CF7 /* Sources */,
				C02C328B19DFFEA2005E1CF7 /* Frameworks */,
				C02C328C19DFFEA2005E1CF7 /* Resources */,
			);
			buildRules = (
			);
			dependencies = (
			);
			name = CalHacksProject;
			productName = CalHacksProject;
			productReference = C02C328E19DFFEA2005E1CF7 /* CalHacksProject.app */;
			productType = "com.apple.product-type.application";
		};
		C02C32A219DFFEA2005E1CF7 /* CalHacksProjectTests */ = {
			isa = PBXNativeTarget;
			buildConfigurationList = C02C32B019DFFEA2005E1CF7 /* Build configuration list for PBXNativeTarget "CalHacksProjectTests" */;
			buildPhases = (
				C02C329F19DFFEA2005E1CF7 /* Sources */,
				C02C32A019DFFEA2005E1CF7 /* Frameworks */,
				C02C32A119DFFEA2005E1CF7 /* Resources */,
			);
			buildRules = (
			);
			dependencies = (
				C02C32A519DFFEA2005E1CF7 /* PBXTargetDependency */,
			);
			name = CalHacksProjectTests;
			productName = CalHacksProjectTests;
			productReference = C02C32A319DFFEA2005E1CF7 /* CalHacksProjectTests.xctest */;
			productType = "com.apple.product-type.bundle.unit-test";
		};
/* End PBXNativeTarget section */

/* Begin PBXProject section */
		C02C328619DFFEA2005E1CF7 /* Project object */ = {
			isa = PBXProject;
			attributes = {
				LastUpgradeCheck = 0600;
				ORGANIZATIONNAME = CalHacksProductivity;
				TargetAttributes = {
					C02C328D19DFFEA2005E1CF7 = {
						CreatedOnToolsVersion = 6.0.1;
					};
					C02C32A219DFFEA2005E1CF7 = {
						CreatedOnToolsVersion = 6.0.1;
						TestTargetID = C02C328D19DFFEA2005E1CF7;
					};
				};
			};
			buildConfigurationList = C02C328919DFFEA2005E1CF7 /* Build configuration list for PBXProject "CalHacksProject" */;
			compatibilityVersion = "Xcode 3.2";
			developmentRegion = English;
			hasScannedForEncodings = 0;
			knownRegions = (
				en,
				Base,
			);
			mainGroup = C02C328519DFFEA2005E1CF7;
			productRefGroup = C02C328F19DFFEA2005E1CF7 /* Products */;
			projectDirPath = "";
			projectRoot = "";
			targets = (
				C02C328D19DFFEA2005E1CF7 /* CalHacksProject */,
				C02C32A219DFFEA2005E1CF7 /* CalHacksProjectTests */,
			);
		};
/* End PBXProject section */

/* Begin PBXResourcesBuildPhase section */
		C02C328C19DFFEA2005E1CF7 /* Resources */ = {
			isa = PBXResourcesBuildPhase;
			buildActionMask = 2147483647;
			files = (
				C02C329919DFFEA2005E1CF7 /* Main.storyboard in Resources */,
				C02C329E19DFFEA2005E1CF7 /* LaunchScreen.xib in Resources */,
				C02C329B19DFFEA2005E1CF7 /* Images.xcassets in Resources */,
			);
			runOnlyForDeploymentPostprocessing = 0;
		};
		C02C32A119DFFEA2005E1CF7 /* Resources */ = {
			isa = PBXResourcesBuildPhase;
			buildActionMask = 2147483647;
			files = (
			);
			runOnlyForDeploymentPostprocessing = 0;
		};
/* End PBXResourcesBuildPhase section */

/* Begin PBXSourcesBuildPhase section */
		C02C328A19DFFEA2005E1CF7 /* Sources */ = {
			isa = PBXSourcesBuildPhase;
			buildActionMask = 2147483647;
			files = (
				C02C329619DFFEA2005E1CF7 /* ViewController.swift in Sources */,
				C02C329419DFFEA2005E1CF7 /* AppDelegate.swift in Sources */,
			);
			runOnlyForDeploymentPostprocessing = 0;
		};
		C02C329F19DFFEA2005E1CF7 /* Sources */ = {
			isa = PBXSourcesBuildPhase;
			buildActionMask = 2147483647;
			files = (
				C02C32AA19DFFEA2005E1CF7 /* CalHacksProjectTests.swift in Sources */,
			);
			runOnlyForDeploymentPostprocessing = 0;
		};
/* End PBXSourcesBuildPhase section */

/* Begin PBXTargetDependency section */
		C02C32A519DFFEA2005E1CF7 /* PBXTargetDependency */ = {
			isa = PBXTargetDependency;
			target = C02C328D19DFFEA2005E1CF7 /* CalHacksProject */;
			targetProxy = C02C32A419DFFEA2005E1CF7 /* PBXContainerItemProxy */;
		};
/* End PBXTargetDependency section */

/* Begin PBXVariantGroup section */
		C02C329719DFFEA2005E1CF7 /* Main.storyboard */ = {
			isa = PBXVariantGroup;
			children = (
				C02C329819DFFEA2005E1CF7 /* Base */,
			);
			name = Main.storyboard;
			sourceTree = "<group>";
		};
		C02C329C19DFFEA2005E1CF7 /* LaunchScreen.xib */ = {
			isa = PBXVariantGroup;
			children = (
				C02C329D19DFFEA2005E1CF7 /* Base */,
			);
			name = LaunchScreen.xib;
			sourceTree = "<group>";
		};
/* End PBXVariantGroup section */

/* Begin XCBuildConfiguration section */
		C02C32AB19DFFEA2005E1CF7 /* Debug */ = {
			isa = XCBuildConfiguration;
			buildSettings = {
				ALWAYS_SEARCH_USER_PATHS = NO;
				CLANG_CXX_LANGUAGE_STANDARD = "gnu++0x";
				CLANG_CXX_LIBRARY = "libc++";
				CLANG_ENABLE_MODULES = YES;
				CLANG_ENABLE_OBJC_ARC = YES;
				CLANG_WARN_BOOL_CONVERSION = YES;
				CLANG_WARN_CONSTANT_CONVERSION = YES;
				CLANG_WARN_DIRECT_OBJC_ISA_USAGE = YES_ERROR;
				CLANG_WARN_EMPTY_BODY = YES;
				CLANG_WARN_ENUM_CONVERSION = YES;
				CLANG_WARN_INT_CONVERSION = YES;
				CLANG_WARN_OBJC_ROOT_CLASS = YES_ERROR;
				CLANG_WARN_UNREACHABLE_CODE = YES;
				CLANG_WARN__DUPLICATE_METHOD_MATCH = YES;
				"CODE_SIGN_IDENTITY[sdk=iphoneos*]" = "iPhone Developer";
				COPY_PHASE_STRIP = NO;
				ENABLE_STRICT_OBJC_MSGSEND = YES;
				GCC_C_LANGUAGE_STANDARD = gnu99;
				GCC_DYNAMIC_NO_PIC = NO;
				GCC_OPTIMIZATION_LEVEL = 0;
				GCC_PREPROCESSOR_DEFINITIONS = (
					"DEBUG=1",
					"$(inherited)",
				);
				GCC_SYMBOLS_PRIVATE_EXTERN = NO;
				GCC_WARN_64_TO_32_BIT_CONVERSION = YES;
				GCC_WARN_ABOUT_RETURN_TYPE = YES_ERROR;
				GCC_WARN_UNDECLARED_SELECTOR = YES;
				GCC_WARN_UNINITIALIZED_AUTOS = YES_AGGRESSIVE;
				GCC_WARN_UNUSED_FUNCTION = YES;
				GCC_WARN_UNUSED_VARIABLE = YES;
				IPHONEOS_DEPLOYMENT_TARGET = 8.0;
				MTL_ENABLE_DEBUG_INFO = YES;
				ONLY_ACTIVE_ARCH = YES;
				SDKROOT = iphoneos;
				SWIFT_OPTIMIZATION_LEVEL = "-Onone";
			};
			name = Debug;
		};
		C02C32AC19DFFEA2005E1CF7 /* Release */ = {
			isa = XCBuildConfiguration;
			buildSettings = {
				ALWAYS_SEARCH_USER_PATHS = NO;
				CLANG_CXX_LANGUAGE_STANDARD = "gnu++0x";
				CLANG_CXX_LIBRARY = "libc++";
				CLANG_ENABLE_MODULES = YES;
				CLANG_ENABLE_OBJC_ARC = YES;
				CLANG_WARN_BOOL_CONVERSION = YES;
				CLANG_WARN_CONSTANT_CONVERSION = YES;
				CLANG_WARN_DIRECT_OBJC_ISA_USAGE = YES_ERROR;
				CLANG_WARN_EMPTY_BODY = YES;
				CLANG_WARN_ENUM_CONVERSION = YES;
				CLANG_WARN_INT_CONVERSION = YES;
				CLANG_WARN_OBJC_ROOT_CLASS = YES_ERROR;
				CLANG_WARN_UNREACHABLE_CODE = YES;
				CLANG_WARN__DUPLICATE_METHOD_MATCH = YES;
				"CODE_SIGN_IDENTITY[sdk=iphoneos*]" = "iPhone Developer";
				COPY_PHASE_STRIP = YES;
				ENABLE_NS_ASSERTIONS = NO;
				ENABLE_STRICT_OBJC_MSGSEND = YES;
				GCC_C_LANGUAGE_STANDARD = gnu99;
				GCC_WARN_64_TO_32_BIT_CONVERSION = YES;
				GCC_WARN_ABOUT_RETURN_TYPE = YES_ERROR;
				GCC_WARN_UNDECLARED_SELECTOR = YES;
				GCC_WARN_UNINITIALIZED_AUTOS = YES_AGGRESSIVE;
				GCC_WARN_UNUSED_FUNCTION = YES;
				GCC_WARN_UNUSED_VARIABLE = YES;
				IPHONEOS_DEPLOYMENT_TARGET = 8.0;
				MTL_ENABLE_DEBUG_INFO = NO;
				SDKROOT = iphoneos;
				VALIDATE_PRODUCT = YES;
			};
			name = Release;
		};
		C02C32AE19DFFEA2005E1CF7 /* Debug */ = {
			isa = XCBuildConfiguration;
			buildSettings = {
				ASSETCATALOG_COMPILER_APPICON_NAME = AppIcon;
				INFOPLIST_FILE = CalHacksProject/Info.plist;
				LD_RUNPATH_SEARCH_PATHS = "$(inherited) @executable_path/Frameworks";
				PRODUCT_NAME = "$(TARGET_NAME)";
			};
			name = Debug;
		};
		C02C32AF19DFFEA2005E1CF7 /* Release */ = {
			isa = XCBuildConfiguration;
			buildSettings = {
				ASSETCATALOG_COMPILER_APPICON_NAME = AppIcon;
				INFOPLIST_FILE = CalHacksProject/Info.plist;
				LD_RUNPATH_SEARCH_PATHS = "$(inherited) @executable_path/Frameworks";
				PRODUCT_NAME = "$(TARGET_NAME)";
			};
			name = Release;
		};
		C02C32B119DFFEA2005E1CF7 /* Debug */ = {
			isa = XCBuildConfiguration;
			buildSettings = {
				BUNDLE_LOADER = "$(TEST_HOST)";
				FRAMEWORK_SEARCH_PATHS = (
					"$(SDKROOT)/Developer/Library/Frameworks",
					"$(inherited)",
				);
				GCC_PREPROCESSOR_DEFINITIONS = (
					"DEBUG=1",
					"$(inherited)",
				);
				INFOPLIST_FILE = CalHacksProjectTests/Info.plist;
				LD_RUNPATH_SEARCH_PATHS = "$(inherited) @executable_path/Frameworks @loader_path/Frameworks";
				PRODUCT_NAME = "$(TARGET_NAME)";
				TEST_HOST = "$(BUILT_PRODUCTS_DIR)/CalHacksProject.app/CalHacksProject";
			};
			name = Debug;
		};
		C02C32B219DFFEA2005E1CF7 /* Release */ = {
			isa = XCBuildConfiguration;
			buildSettings = {
				BUNDLE_LOADER = "$(TEST_HOST)";
				FRAMEWORK_SEARCH_PATHS = (
					"$(SDKROOT)/Developer/Library/Frameworks",
					"$(inherited)",
				);
				INFOPLIST_FILE = CalHacksProjectTests/Info.plist;
				LD_RUNPATH_SEARCH_PATHS = "$(inherited) @executable_path/Frameworks @loader_path/Frameworks";
				PRODUCT_NAME = "$(TARGET_NAME)";
				TEST_HOST = "$(BUILT_PRODUCTS_DIR)/CalHacksProject.app/CalHacksProject";
			};
			name = Release;
		};
/* End XCBuildConfiguration section */

/* Begin XCConfigurationList section */
		C02C328919DFFEA2005E1CF7 /* Build configuration list for PBXProject "CalHacksProject" */ = {
			isa = XCConfigurationList;
			buildConfigurations = (
				C02C32AB19DFFEA2005E1CF7 /* Debug */,
				C02C32AC19DFFEA2005E1CF7 /* Release */,
			);
			defaultConfigurationIsVisible = 0;
			defaultConfigurationName = Release;
		};
		C02C32AD19DFFEA2005E1CF7 /* Build configuration list for PBXNativeTarget "CalHacksProject" */ = {
			isa = XCConfigurationList;
			buildConfigurations = (
				C02C32AE19DFFEA2005E1CF7 /* Debug */,
				C02C32AF19DFFEA2005E1CF7 /* Release */,
			);
			defaultConfigurationIsVisible = 0;
		};
		C02C32B019DFFEA2005E1CF7 /* Build configuration list for PBXNativeTarget "CalHacksProjectTests" */ = {
			isa = XCConfigurationList;
			buildConfigurations = (
				C02C32B119DFFEA2005E1CF7 /* Debug */,
				C02C32B219DFFEA2005E1CF7 /* Release */,
			);
			defaultConfigurationIsVisible = 0;
		};
/* End XCConfigurationList section */
	};
	rootObject = C02C328619DFFEA2005E1CF7 /* Project object */;
}
