// !$*UTF8*$!
{
	archiveVersion = 1;
	classes = {
	};
	objectVersion = 46;
	objects = {

/* Begin PBXBuildFile section */
		4725715CE0C4E28EF044B1B0 /* libPods-Product.a in Frameworks */ = {isa = PBXBuildFile; fileRef = 77A371ADE834F3414C3A8C8E /* libPods-Product.a */; };
		FD212EEB19E091D900C1F5FC /* User.m in Sources */ = {isa = PBXBuildFile; fileRef = FD212EEA19E091D900C1F5FC /* User.m */; };
		FD39FAD419DFE74000CC2CFE /* main.m in Sources */ = {isa = PBXBuildFile; fileRef = FD39FAD319DFE74000CC2CFE /* main.m */; };
		FD39FAD719DFE74000CC2CFE /* AppDelegate.m in Sources */ = {isa = PBXBuildFile; fileRef = FD39FAD619DFE74000CC2CFE /* AppDelegate.m */; };
		FD39FADA19DFE74000CC2CFE /* ViewController.m in Sources */ = {isa = PBXBuildFile; fileRef = FD39FAD919DFE74000CC2CFE /* ViewController.m */; };
		FD39FADF19DFE74000CC2CFE /* Images.xcassets in Resources */ = {isa = PBXBuildFile; fileRef = FD39FADE19DFE74000CC2CFE /* Images.xcassets */; };
		FD39FAEE19DFE74000CC2CFE /* ProductTests.m in Sources */ = {isa = PBXBuildFile; fileRef = FD39FAED19DFE74000CC2CFE /* ProductTests.m */; };
		FD39FAF919DFF4FC00CC2CFE /* StartChallengeViewController.m in Sources */ = {isa = PBXBuildFile; fileRef = FD39FAF819DFF4FC00CC2CFE /* StartChallengeViewController.m */; };
		FD39FAFC19E02C5200CC2CFE /* LeaderboardViewController.m in Sources */ = {isa = PBXBuildFile; fileRef = FD39FAFB19E02C5200CC2CFE /* LeaderboardViewController.m */; };
		FD39FAFF19E0320B00CC2CFE /* LogInViewController.m in Sources */ = {isa = PBXBuildFile; fileRef = FD39FAFE19E0320B00CC2CFE /* LogInViewController.m */; };
		FD39FB0119E065DD00CC2CFE /* CoreGraphics.framework in Frameworks */ = {isa = PBXBuildFile; fileRef = FD39FB0019E065DD00CC2CFE /* CoreGraphics.framework */; };
		FD39FB0719E0664100CC2CFE /* Accelerate.framework in Frameworks */ = {isa = PBXBuildFile; fileRef = FD39FB0219E0664100CC2CFE /* Accelerate.framework */; };
		FD39FB0819E0664100CC2CFE /* AVFoundation.framework in Frameworks */ = {isa = PBXBuildFile; fileRef = FD39FB0319E0664100CC2CFE /* AVFoundation.framework */; };
		FD39FB0919E0664100CC2CFE /* CoreFoundation.framework in Frameworks */ = {isa = PBXBuildFile; fileRef = FD39FB0419E0664100CC2CFE /* CoreFoundation.framework */; };
		FD39FB0A19E0664100CC2CFE /* CoreImage.framework in Frameworks */ = {isa = PBXBuildFile; fileRef = FD39FB0519E0664100CC2CFE /* CoreImage.framework */; };
		FD39FB0B19E0664100CC2CFE /* CoreMedia.framework in Frameworks */ = {isa = PBXBuildFile; fileRef = FD39FB0619E0664100CC2CFE /* CoreMedia.framework */; };
		FD4C2EDB19E0E10200A332A1 /* InfoPlist.strings in Resources */ = {isa = PBXBuildFile; fileRef = FD4C2E5C19E0E10200A332A1 /* InfoPlist.strings */; };
		FD4C2EDC19E0E10200A332A1 /* NSDateFormatter+OCTFormattingAdditions.m in Sources */ = {isa = PBXBuildFile; fileRef = FD4C2E5F19E0E10200A332A1 /* NSDateFormatter+OCTFormattingAdditions.m */; };
		FD4C2EDD19E0E10200A332A1 /* NSURL+OCTQueryAdditions.m in Sources */ = {isa = PBXBuildFile; fileRef = FD4C2E6119E0E10200A332A1 /* NSURL+OCTQueryAdditions.m */; };
		FD4C2EDE19E0E10200A332A1 /* NSValueTransformer+OCTPredefinedTransformerAdditions.m in Sources */ = {isa = PBXBuildFile; fileRef = FD4C2E6319E0E10200A332A1 /* NSValueTransformer+OCTPredefinedTransformerAdditions.m */; };
		FD4C2EDF19E0E10200A332A1 /* OCTAccessToken.m in Sources */ = {isa = PBXBuildFile; fileRef = FD4C2E6519E0E10200A332A1 /* OCTAccessToken.m */; };
		FD4C2EE019E0E10200A332A1 /* OCTAuthorization.m in Sources */ = {isa = PBXBuildFile; fileRef = FD4C2E6719E0E10200A332A1 /* OCTAuthorization.m */; };
		FD4C2EE119E0E10200A332A1 /* OCTBlobTreeEntry.m in Sources */ = {isa = PBXBuildFile; fileRef = FD4C2E6919E0E10200A332A1 /* OCTBlobTreeEntry.m */; };
		FD4C2EE219E0E10200A332A1 /* OCTBranch.m in Sources */ = {isa = PBXBuildFile; fileRef = FD4C2E6B19E0E10200A332A1 /* OCTBranch.m */; };
		FD4C2EE319E0E10200A332A1 /* OCTClient+Activity.m in Sources */ = {isa = PBXBuildFile; fileRef = FD4C2E6D19E0E10200A332A1 /* OCTClient+Activity.m */; };
		FD4C2EE419E0E10200A332A1 /* OCTClient+Events.m in Sources */ = {isa = PBXBuildFile; fileRef = FD4C2E6F19E0E10200A332A1 /* OCTClient+Events.m */; };
		FD4C2EE519E0E10200A332A1 /* OCTClient+Gists.m in Sources */ = {isa = PBXBuildFile; fileRef = FD4C2E7119E0E10200A332A1 /* OCTClient+Gists.m */; };
		FD4C2EE619E0E10200A332A1 /* OCTClient+Git.m in Sources */ = {isa = PBXBuildFile; fileRef = FD4C2E7319E0E10200A332A1 /* OCTClient+Git.m */; };
		FD4C2EE719E0E10200A332A1 /* OCTClient+Keys.m in Sources */ = {isa = PBXBuildFile; fileRef = FD4C2E7519E0E10200A332A1 /* OCTClient+Keys.m */; };
		FD4C2EE819E0E10200A332A1 /* OCTClient+Notifications.m in Sources */ = {isa = PBXBuildFile; fileRef = FD4C2E7719E0E10200A332A1 /* OCTClient+Notifications.m */; };
		FD4C2EE919E0E10200A332A1 /* OCTClient+Organizations.m in Sources */ = {isa = PBXBuildFile; fileRef = FD4C2E7919E0E10200A332A1 /* OCTClient+Organizations.m */; };
		FD4C2EEA19E0E10200A332A1 /* OCTClient+Repositories.m in Sources */ = {isa = PBXBuildFile; fileRef = FD4C2E7C19E0E10200A332A1 /* OCTClient+Repositories.m */; };
		FD4C2EEB19E0E10200A332A1 /* OCTClient+User.m in Sources */ = {isa = PBXBuildFile; fileRef = FD4C2E7E19E0E10200A332A1 /* OCTClient+User.m */; };
		FD4C2EEC19E0E10200A332A1 /* OCTClient.m in Sources */ = {isa = PBXBuildFile; fileRef = FD4C2E8019E0E10200A332A1 /* OCTClient.m */; };
		FD4C2EED19E0E10200A332A1 /* OCTCommit.m in Sources */ = {isa = PBXBuildFile; fileRef = FD4C2E8319E0E10200A332A1 /* OCTCommit.m */; };
		FD4C2EEE19E0E10200A332A1 /* OCTCommitComment.m in Sources */ = {isa = PBXBuildFile; fileRef = FD4C2E8519E0E10200A332A1 /* OCTCommitComment.m */; };
		FD4C2EEF19E0E10200A332A1 /* OCTCommitCommentEvent.m in Sources */ = {isa = PBXBuildFile; fileRef = FD4C2E8719E0E10200A332A1 /* OCTCommitCommentEvent.m */; };
		FD4C2EF019E0E10200A332A1 /* OCTCommitTreeEntry.m in Sources */ = {isa = PBXBuildFile; fileRef = FD4C2E8919E0E10200A332A1 /* OCTCommitTreeEntry.m */; };
		FD4C2EF119E0E10200A332A1 /* OCTContent.m in Sources */ = {isa = PBXBuildFile; fileRef = FD4C2E8B19E0E10200A332A1 /* OCTContent.m */; };
		FD4C2EF219E0E10200A332A1 /* OCTContentTreeEntry.m in Sources */ = {isa = PBXBuildFile; fileRef = FD4C2E8D19E0E10200A332A1 /* OCTContentTreeEntry.m */; };
		FD4C2EF319E0E10200A332A1 /* OCTDirectoryContent.m in Sources */ = {isa = PBXBuildFile; fileRef = FD4C2E8F19E0E10200A332A1 /* OCTDirectoryContent.m */; };
		FD4C2EF419E0E10200A332A1 /* OCTEntity.m in Sources */ = {isa = PBXBuildFile; fileRef = FD4C2E9119E0E10200A332A1 /* OCTEntity.m */; };
		FD4C2EF519E0E10200A332A1 /* OCTEvent.m in Sources */ = {isa = PBXBuildFile; fileRef = FD4C2E9319E0E10200A332A1 /* OCTEvent.m */; };
		FD4C2EF619E0E10200A332A1 /* OCTFileContent.m in Sources */ = {isa = PBXBuildFile; fileRef = FD4C2E9519E0E10200A332A1 /* OCTFileContent.m */; };
		FD4C2EF719E0E10200A332A1 /* OCTGist.m in Sources */ = {isa = PBXBuildFile; fileRef = FD4C2E9719E0E10200A332A1 /* OCTGist.m */; };
		FD4C2EF819E0E10200A332A1 /* OCTGistFile.m in Sources */ = {isa = PBXBuildFile; fileRef = FD4C2E9919E0E10200A332A1 /* OCTGistFile.m */; };
		FD4C2EF919E0E10200A332A1 /* OCTGitCommit.m in Sources */ = {isa = PBXBuildFile; fileRef = FD4C2E9B19E0E10200A332A1 /* OCTGitCommit.m */; };
		FD4C2EFA19E0E10200A332A1 /* OCTGitCommitFile.m in Sources */ = {isa = PBXBuildFile; fileRef = FD4C2E9D19E0E10200A332A1 /* OCTGitCommitFile.m */; };
		FD4C2EFB19E0E10200A332A1 /* OCTIssue.m in Sources */ = {isa = PBXBuildFile; fileRef = FD4C2E9F19E0E10200A332A1 /* OCTIssue.m */; };
		FD4C2EFC19E0E10200A332A1 /* OCTIssueComment.m in Sources */ = {isa = PBXBuildFile; fileRef = FD4C2EA119E0E10200A332A1 /* OCTIssueComment.m */; };
		FD4C2EFD19E0E10200A332A1 /* OCTIssueCommentEvent.m in Sources */ = {isa = PBXBuildFile; fileRef = FD4C2EA319E0E10200A332A1 /* OCTIssueCommentEvent.m */; };
		FD4C2EFE19E0E10200A332A1 /* OCTIssueEvent.m in Sources */ = {isa = PBXBuildFile; fileRef = FD4C2EA519E0E10200A332A1 /* OCTIssueEvent.m */; };
		FD4C2EFF19E0E10200A332A1 /* OCTNotification.m in Sources */ = {isa = PBXBuildFile; fileRef = FD4C2EA719E0E10200A332A1 /* OCTNotification.m */; };
		FD4C2F0019E0E10200A332A1 /* OCTObject.m in Sources */ = {isa = PBXBuildFile; fileRef = FD4C2EAA19E0E10200A332A1 /* OCTObject.m */; };
		FD4C2F0119E0E10200A332A1 /* OctoKit-Info.plist in Resources */ = {isa = PBXBuildFile; fileRef = FD4C2EAB19E0E10200A332A1 /* OctoKit-Info.plist */; };
		FD4C2F0219E0E10200A332A1 /* OCTOrganization.m in Sources */ = {isa = PBXBuildFile; fileRef = FD4C2EAF19E0E10200A332A1 /* OCTOrganization.m */; };
		FD4C2F0319E0E10200A332A1 /* OCTPlan.m in Sources */ = {isa = PBXBuildFile; fileRef = FD4C2EB119E0E10200A332A1 /* OCTPlan.m */; };
		FD4C2F0419E0E10200A332A1 /* OCTPublicKey.m in Sources */ = {isa = PBXBuildFile; fileRef = FD4C2EB319E0E10200A332A1 /* OCTPublicKey.m */; };
		FD4C2F0519E0E10200A332A1 /* OCTPullRequest.m in Sources */ = {isa = PBXBuildFile; fileRef = FD4C2EB519E0E10200A332A1 /* OCTPullRequest.m */; };
		FD4C2F0619E0E10200A332A1 /* OCTPullRequestComment.m in Sources */ = {isa = PBXBuildFile; fileRef = FD4C2EB719E0E10200A332A1 /* OCTPullRequestComment.m */; };
		FD4C2F0719E0E10200A332A1 /* OCTPullRequestCommentEvent.m in Sources */ = {isa = PBXBuildFile; fileRef = FD4C2EB919E0E10200A332A1 /* OCTPullRequestCommentEvent.m */; };
		FD4C2F0819E0E10200A332A1 /* OCTPullRequestEvent.m in Sources */ = {isa = PBXBuildFile; fileRef = FD4C2EBB19E0E10200A332A1 /* OCTPullRequestEvent.m */; };
		FD4C2F0919E0E10200A332A1 /* OCTPushEvent.m in Sources */ = {isa = PBXBuildFile; fileRef = FD4C2EBD19E0E10200A332A1 /* OCTPushEvent.m */; };
		FD4C2F0A19E0E10200A332A1 /* OCTRef.m in Sources */ = {isa = PBXBuildFile; fileRef = FD4C2EBF19E0E10200A332A1 /* OCTRef.m */; };
		FD4C2F0B19E0E10200A332A1 /* OCTRefEvent.m in Sources */ = {isa = PBXBuildFile; fileRef = FD4C2EC119E0E10200A332A1 /* OCTRefEvent.m */; };
		FD4C2F0C19E0E10200A332A1 /* OCTRepository.m in Sources */ = {isa = PBXBuildFile; fileRef = FD4C2EC319E0E10200A332A1 /* OCTRepository.m */; };
		FD4C2F0D19E0E10200A332A1 /* OCTResponse.m in Sources */ = {isa = PBXBuildFile; fileRef = FD4C2EC519E0E10200A332A1 /* OCTResponse.m */; };
		FD4C2F0E19E0E10200A332A1 /* OCTServer.m in Sources */ = {isa = PBXBuildFile; fileRef = FD4C2EC919E0E10200A332A1 /* OCTServer.m */; };
		FD4C2F0F19E0E10200A332A1 /* OCTServerMetadata.m in Sources */ = {isa = PBXBuildFile; fileRef = FD4C2ECB19E0E10200A332A1 /* OCTServerMetadata.m */; };
		FD4C2F1019E0E10200A332A1 /* OCTSubmoduleContent.m in Sources */ = {isa = PBXBuildFile; fileRef = FD4C2ECD19E0E10200A332A1 /* OCTSubmoduleContent.m */; };
		FD4C2F1119E0E10200A332A1 /* OCTSymlinkContent.m in Sources */ = {isa = PBXBuildFile; fileRef = FD4C2ECF19E0E10200A332A1 /* OCTSymlinkContent.m */; };
		FD4C2F1219E0E10200A332A1 /* OCTTeam.m in Sources */ = {isa = PBXBuildFile; fileRef = FD4C2ED119E0E10200A332A1 /* OCTTeam.m */; };
		FD4C2F1319E0E10200A332A1 /* OCTTree.m in Sources */ = {isa = PBXBuildFile; fileRef = FD4C2ED319E0E10200A332A1 /* OCTTree.m */; };
		FD4C2F1419E0E10200A332A1 /* OCTTreeEntry.m in Sources */ = {isa = PBXBuildFile; fileRef = FD4C2ED519E0E10200A332A1 /* OCTTreeEntry.m */; };
		FD4C2F1519E0E10200A332A1 /* OCTUser.m in Sources */ = {isa = PBXBuildFile; fileRef = FD4C2ED719E0E10200A332A1 /* OCTUser.m */; };
		FD4C2F1619E0E10200A332A1 /* RACSignal+OCTClientAdditions.m in Sources */ = {isa = PBXBuildFile; fileRef = FD4C2ED919E0E10200A332A1 /* RACSignal+OCTClientAdditions.m */; };
/* End PBXBuildFile section */

/* Begin PBXContainerItemProxy section */
		FD39FAE819DFE74000CC2CFE /* PBXContainerItemProxy */ = {
			isa = PBXContainerItemProxy;
			containerPortal = FD39FAC619DFE74000CC2CFE /* Project object */;
			proxyType = 1;
			remoteGlobalIDString = FD39FACD19DFE74000CC2CFE;
			remoteInfo = Product;
		};
/* End PBXContainerItemProxy section */

/* Begin PBXFileReference section */
		34DDC7DA19E07CED00EDA7B0 /* Parse.framework */ = {isa = PBXFileReference; lastKnownFileType = wrapper.framework; name = Parse.framework; path = "../../Downloads/parse-library-1/Parse.framework"; sourceTree = "<group>"; };
		34DDC7DC19E07CF600EDA7B0 /* Bolts.framework */ = {isa = PBXFileReference; lastKnownFileType = wrapper.framework; name = Bolts.framework; path = "../../Downloads/parse-library-1/Bolts.framework"; sourceTree = "<group>"; };
		34DDC7DE19E07D5500EDA7B0 /* AudioToolbox.framework */ = {isa = PBXFileReference; lastKnownFileType = wrapper.framework; name = AudioToolbox.framework; path = System/Library/Frameworks/AudioToolbox.framework; sourceTree = SDKROOT; };
		34DDC7E019E07D5A00EDA7B0 /* CFNetwork.framework */ = {isa = PBXFileReference; lastKnownFileType = wrapper.framework; name = CFNetwork.framework; path = System/Library/Frameworks/CFNetwork.framework; sourceTree = SDKROOT; };
		34DDC7E219E07D6B00EDA7B0 /* CoreLocation.framework */ = {isa = PBXFileReference; lastKnownFileType = wrapper.framework; name = CoreLocation.framework; path = System/Library/Frameworks/CoreLocation.framework; sourceTree = SDKROOT; };
		34DDC7E419E07D7200EDA7B0 /* libz.dylib */ = {isa = PBXFileReference; lastKnownFileType = "compiled.mach-o.dylib"; name = libz.dylib; path = usr/lib/libz.dylib; sourceTree = SDKROOT; };
		34DDC7E619E07D7800EDA7B0 /* MobileCoreServices.framework */ = {isa = PBXFileReference; lastKnownFileType = wrapper.framework; name = MobileCoreServices.framework; path = System/Library/Frameworks/MobileCoreServices.framework; sourceTree = SDKROOT; };
		34DDC7E819E07D7F00EDA7B0 /* QuartzCore.framework */ = {isa = PBXFileReference; lastKnownFileType = wrapper.framework; name = QuartzCore.framework; path = System/Library/Frameworks/QuartzCore.framework; sourceTree = SDKROOT; };
		34DDC7EA19E07D8400EDA7B0 /* Security.framework */ = {isa = PBXFileReference; lastKnownFileType = wrapper.framework; name = Security.framework; path = System/Library/Frameworks/Security.framework; sourceTree = SDKROOT; };
		34DDC7EC19E07D8900EDA7B0 /* StoreKit.framework */ = {isa = PBXFileReference; lastKnownFileType = wrapper.framework; name = StoreKit.framework; path = System/Library/Frameworks/StoreKit.framework; sourceTree = SDKROOT; };
		34DDC7EE19E07D8E00EDA7B0 /* SystemConfiguration.framework */ = {isa = PBXFileReference; lastKnownFileType = wrapper.framework; name = SystemConfiguration.framework; path = System/Library/Frameworks/SystemConfiguration.framework; sourceTree = SDKROOT; };
		34DDC7F019E07D9100EDA7B0 /* Social.framework */ = {isa = PBXFileReference; lastKnownFileType = wrapper.framework; name = Social.framework; path = System/Library/Frameworks/Social.framework; sourceTree = SDKROOT; };
		34DDC7F219E07D9500EDA7B0 /* Accounts.framework */ = {isa = PBXFileReference; lastKnownFileType = wrapper.framework; name = Accounts.framework; path = System/Library/Frameworks/Accounts.framework; sourceTree = SDKROOT; };
		4E70468C9BFA4F2CB04AB08A /* Pods-Product.release.xcconfig */ = {isa = PBXFileReference; includeInIndex = 1; lastKnownFileType = text.xcconfig; name = "Pods-Product.release.xcconfig"; path = "Pods/Target Support Files/Pods-Product/Pods-Product.release.xcconfig"; sourceTree = "<group>"; };
		70AACC3A7DCF240AAC5FE5FC /* Pods.debug.xcconfig */ = {isa = PBXFileReference; includeInIndex = 1; lastKnownFileType = text.xcconfig; name = Pods.debug.xcconfig; path = "Pods/Target Support Files/Pods/Pods.debug.xcconfig"; sourceTree = "<group>"; };
		77A371ADE834F3414C3A8C8E /* libPods-Product.a */ = {isa = PBXFileReference; explicitFileType = archive.ar; includeInIndex = 0; path = "libPods-Product.a"; sourceTree = BUILT_PRODUCTS_DIR; };
		C02C32B519E02F83005E1CF7 /* Product-Bridging-Header.h */ = {isa = PBXFileReference; lastKnownFileType = sourcecode.c.h; path = "Product-Bridging-Header.h"; sourceTree = "<group>"; };
		E43F8A772FB52DC68360813C /* Pods.release.xcconfig */ = {isa = PBXFileReference; includeInIndex = 1; lastKnownFileType = text.xcconfig; name = Pods.release.xcconfig; path = "Pods/Target Support Files/Pods/Pods.release.xcconfig"; sourceTree = "<group>"; };
		F43CA9980177AE1EE503F9BA /* Pods-Product.debug.xcconfig */ = {isa = PBXFileReference; includeInIndex = 1; lastKnownFileType = text.xcconfig; name = "Pods-Product.debug.xcconfig"; path = "Pods/Target Support Files/Pods-Product/Pods-Product.debug.xcconfig"; sourceTree = "<group>"; };
		FD212EE919E091D900C1F5FC /* User.h */ = {isa = PBXFileReference; fileEncoding = 4; lastKnownFileType = sourcecode.c.h; path = User.h; sourceTree = "<group>"; };
		FD212EEA19E091D900C1F5FC /* User.m */ = {isa = PBXFileReference; fileEncoding = 4; lastKnownFileType = sourcecode.c.objc; path = User.m; sourceTree = "<group>"; };
		FD39FACE19DFE74000CC2CFE /* Product.app */ = {isa = PBXFileReference; explicitFileType = wrapper.application; includeInIndex = 0; path = Product.app; sourceTree = BUILT_PRODUCTS_DIR; };
		FD39FAD219DFE74000CC2CFE /* Info.plist */ = {isa = PBXFileReference; lastKnownFileType = text.plist.xml; path = Info.plist; sourceTree = "<group>"; };
		FD39FAD319DFE74000CC2CFE /* main.m */ = {isa = PBXFileReference; lastKnownFileType = sourcecode.c.objc; path = main.m; sourceTree = "<group>"; };
		FD39FAD519DFE74000CC2CFE /* AppDelegate.h */ = {isa = PBXFileReference; lastKnownFileType = sourcecode.c.h; path = AppDelegate.h; sourceTree = "<group>"; };
		FD39FAD619DFE74000CC2CFE /* AppDelegate.m */ = {isa = PBXFileReference; lastKnownFileType = sourcecode.c.objc; path = AppDelegate.m; sourceTree = "<group>"; };
		FD39FAD819DFE74000CC2CFE /* ViewController.h */ = {isa = PBXFileReference; lastKnownFileType = sourcecode.c.h; path = ViewController.h; sourceTree = "<group>"; };
		FD39FAD919DFE74000CC2CFE /* ViewController.m */ = {isa = PBXFileReference; lastKnownFileType = sourcecode.c.objc; path = ViewController.m; sourceTree = "<group>"; };
		FD39FADC19DFE74000CC2CFE /* Base */ = {isa = PBXFileReference; lastKnownFileType = file.storyboard; name = Base; path = Base.lproj/Main.storyboard; sourceTree = "<group>"; };
		FD39FADE19DFE74000CC2CFE /* Images.xcassets */ = {isa = PBXFileReference; lastKnownFileType = folder.assetcatalog; path = Images.xcassets; sourceTree = "<group>"; };
		FD39FAE119DFE74000CC2CFE /* Base */ = {isa = PBXFileReference; lastKnownFileType = file.xib; name = Base; path = Base.lproj/LaunchScreen.xib; sourceTree = "<group>"; };
		FD39FAE719DFE74000CC2CFE /* ProductTests.xctest */ = {isa = PBXFileReference; explicitFileType = wrapper.cfbundle; includeInIndex = 0; path = ProductTests.xctest; sourceTree = BUILT_PRODUCTS_DIR; };
		FD39FAEC19DFE74000CC2CFE /* Info.plist */ = {isa = PBXFileReference; lastKnownFileType = text.plist.xml; path = Info.plist; sourceTree = "<group>"; };
		FD39FAED19DFE74000CC2CFE /* ProductTests.m */ = {isa = PBXFileReference; lastKnownFileType = sourcecode.c.objc; path = ProductTests.m; sourceTree = "<group>"; };
		FD39FAF719DFF4FC00CC2CFE /* StartChallengeViewController.h */ = {isa = PBXFileReference; fileEncoding = 4; lastKnownFileType = sourcecode.c.h; path = StartChallengeViewController.h; sourceTree = "<group>"; };
		FD39FAF819DFF4FC00CC2CFE /* StartChallengeViewController.m */ = {isa = PBXFileReference; fileEncoding = 4; lastKnownFileType = sourcecode.c.objc; path = StartChallengeViewController.m; sourceTree = "<group>"; };
		FD39FAFA19E02C5200CC2CFE /* LeaderboardViewController.h */ = {isa = PBXFileReference; fileEncoding = 4; lastKnownFileType = sourcecode.c.h; path = LeaderboardViewController.h; sourceTree = "<group>"; };
		FD39FAFB19E02C5200CC2CFE /* LeaderboardViewController.m */ = {isa = PBXFileReference; fileEncoding = 4; lastKnownFileType = sourcecode.c.objc; path = LeaderboardViewController.m; sourceTree = "<group>"; };
		FD39FAFD19E0320B00CC2CFE /* LogInViewController.h */ = {isa = PBXFileReference; fileEncoding = 4; lastKnownFileType = sourcecode.c.h; path = LogInViewController.h; sourceTree = "<group>"; };
		FD39FAFE19E0320B00CC2CFE /* LogInViewController.m */ = {isa = PBXFileReference; fileEncoding = 4; lastKnownFileType = sourcecode.c.objc; path = LogInViewController.m; sourceTree = "<group>"; };
		FD39FB0019E065DD00CC2CFE /* CoreGraphics.framework */ = {isa = PBXFileReference; lastKnownFileType = wrapper.framework; name = CoreGraphics.framework; path = System/Library/Frameworks/CoreGraphics.framework; sourceTree = SDKROOT; };
		FD39FB0219E0664100CC2CFE /* Accelerate.framework */ = {isa = PBXFileReference; lastKnownFileType = wrapper.framework; name = Accelerate.framework; path = System/Library/Frameworks/Accelerate.framework; sourceTree = SDKROOT; };
		FD39FB0319E0664100CC2CFE /* AVFoundation.framework */ = {isa = PBXFileReference; lastKnownFileType = wrapper.framework; name = AVFoundation.framework; path = System/Library/Frameworks/AVFoundation.framework; sourceTree = SDKROOT; };
		FD39FB0419E0664100CC2CFE /* CoreFoundation.framework */ = {isa = PBXFileReference; lastKnownFileType = wrapper.framework; name = CoreFoundation.framework; path = System/Library/Frameworks/CoreFoundation.framework; sourceTree = SDKROOT; };
		FD39FB0519E0664100CC2CFE /* CoreImage.framework */ = {isa = PBXFileReference; lastKnownFileType = wrapper.framework; name = CoreImage.framework; path = System/Library/Frameworks/CoreImage.framework; sourceTree = SDKROOT; };
		FD39FB0619E0664100CC2CFE /* CoreMedia.framework */ = {isa = PBXFileReference; lastKnownFileType = wrapper.framework; name = CoreMedia.framework; path = System/Library/Frameworks/CoreMedia.framework; sourceTree = SDKROOT; };
		FD4C2E5819E0DA5400A332A1 /* libPods-UAGithubEngine.a */ = {isa = PBXFileReference; lastKnownFileType = archive.ar; name = "libPods-UAGithubEngine.a"; path = "Pods/build/Debug-iphoneos/libPods-UAGithubEngine.a"; sourceTree = "<group>"; };
		FD4C2E5A19E0DA5A00A332A1 /* libPods.a */ = {isa = PBXFileReference; lastKnownFileType = archive.ar; name = libPods.a; path = "Pods/build/Debug-iphoneos/libPods.a"; sourceTree = "<group>"; };
		FD4C2E5C19E0E10200A332A1 /* InfoPlist.strings */ = {isa = PBXFileReference; fileEncoding = 4; lastKnownFileType = text.plist.strings; path = InfoPlist.strings; sourceTree = "<group>"; };
		FD4C2E5E19E0E10200A332A1 /* NSDateFormatter+OCTFormattingAdditions.h */ = {isa = PBXFileReference; fileEncoding = 4; lastKnownFileType = sourcecode.c.h; path = "NSDateFormatter+OCTFormattingAdditions.h"; sourceTree = "<group>"; };
		FD4C2E5F19E0E10200A332A1 /* NSDateFormatter+OCTFormattingAdditions.m */ = {isa = PBXFileReference; fileEncoding = 4; lastKnownFileType = sourcecode.c.objc; path = "NSDateFormatter+OCTFormattingAdditions.m"; sourceTree = "<group>"; };
		FD4C2E6019E0E10200A332A1 /* NSURL+OCTQueryAdditions.h */ = {isa = PBXFileReference; fileEncoding = 4; lastKnownFileType = sourcecode.c.h; path = "NSURL+OCTQueryAdditions.h"; sourceTree = "<group>"; };
		FD4C2E6119E0E10200A332A1 /* NSURL+OCTQueryAdditions.m */ = {isa = PBXFileReference; fileEncoding = 4; lastKnownFileType = sourcecode.c.objc; path = "NSURL+OCTQueryAdditions.m"; sourceTree = "<group>"; };
		FD4C2E6219E0E10200A332A1 /* NSValueTransformer+OCTPredefinedTransformerAdditions.h */ = {isa = PBXFileReference; fileEncoding = 4; lastKnownFileType = sourcecode.c.h; path = "NSValueTransformer+OCTPredefinedTransformerAdditions.h"; sourceTree = "<group>"; };
		FD4C2E6319E0E10200A332A1 /* NSValueTransformer+OCTPredefinedTransformerAdditions.m */ = {isa = PBXFileReference; fileEncoding = 4; lastKnownFileType = sourcecode.c.objc; path = "NSValueTransformer+OCTPredefinedTransformerAdditions.m"; sourceTree = "<group>"; };
		FD4C2E6419E0E10200A332A1 /* OCTAccessToken.h */ = {isa = PBXFileReference; fileEncoding = 4; lastKnownFileType = sourcecode.c.h; path = OCTAccessToken.h; sourceTree = "<group>"; };
		FD4C2E6519E0E10200A332A1 /* OCTAccessToken.m */ = {isa = PBXFileReference; fileEncoding = 4; lastKnownFileType = sourcecode.c.objc; path = OCTAccessToken.m; sourceTree = "<group>"; };
		FD4C2E6619E0E10200A332A1 /* OCTAuthorization.h */ = {isa = PBXFileReference; fileEncoding = 4; lastKnownFileType = sourcecode.c.h; path = OCTAuthorization.h; sourceTree = "<group>"; };
		FD4C2E6719E0E10200A332A1 /* OCTAuthorization.m */ = {isa = PBXFileReference; fileEncoding = 4; lastKnownFileType = sourcecode.c.objc; path = OCTAuthorization.m; sourceTree = "<group>"; };
		FD4C2E6819E0E10200A332A1 /* OCTBlobTreeEntry.h */ = {isa = PBXFileReference; fileEncoding = 4; lastKnownFileType = sourcecode.c.h; path = OCTBlobTreeEntry.h; sourceTree = "<group>"; };
		FD4C2E6919E0E10200A332A1 /* OCTBlobTreeEntry.m */ = {isa = PBXFileReference; fileEncoding = 4; lastKnownFileType = sourcecode.c.objc; path = OCTBlobTreeEntry.m; sourceTree = "<group>"; };
		FD4C2E6A19E0E10200A332A1 /* OCTBranch.h */ = {isa = PBXFileReference; fileEncoding = 4; lastKnownFileType = sourcecode.c.h; path = OCTBranch.h; sourceTree = "<group>"; };
		FD4C2E6B19E0E10200A332A1 /* OCTBranch.m */ = {isa = PBXFileReference; fileEncoding = 4; lastKnownFileType = sourcecode.c.objc; path = OCTBranch.m; sourceTree = "<group>"; };
		FD4C2E6C19E0E10200A332A1 /* OCTClient+Activity.h */ = {isa = PBXFileReference; fileEncoding = 4; lastKnownFileType = sourcecode.c.h; path = "OCTClient+Activity.h"; sourceTree = "<group>"; };
		FD4C2E6D19E0E10200A332A1 /* OCTClient+Activity.m */ = {isa = PBXFileReference; fileEncoding = 4; lastKnownFileType = sourcecode.c.objc; path = "OCTClient+Activity.m"; sourceTree = "<group>"; };
		FD4C2E6E19E0E10200A332A1 /* OCTClient+Events.h */ = {isa = PBXFileReference; fileEncoding = 4; lastKnownFileType = sourcecode.c.h; path = "OCTClient+Events.h"; sourceTree = "<group>"; };
		FD4C2E6F19E0E10200A332A1 /* OCTClient+Events.m */ = {isa = PBXFileReference; fileEncoding = 4; lastKnownFileType = sourcecode.c.objc; path = "OCTClient+Events.m"; sourceTree = "<group>"; };
		FD4C2E7019E0E10200A332A1 /* OCTClient+Gists.h */ = {isa = PBXFileReference; fileEncoding = 4; lastKnownFileType = sourcecode.c.h; path = "OCTClient+Gists.h"; sourceTree = "<group>"; };
		FD4C2E7119E0E10200A332A1 /* OCTClient+Gists.m */ = {isa = PBXFileReference; fileEncoding = 4; lastKnownFileType = sourcecode.c.objc; path = "OCTClient+Gists.m"; sourceTree = "<group>"; };
		FD4C2E7219E0E10200A332A1 /* OCTClient+Git.h */ = {isa = PBXFileReference; fileEncoding = 4; lastKnownFileType = sourcecode.c.h; path = "OCTClient+Git.h"; sourceTree = "<group>"; };
		FD4C2E7319E0E10200A332A1 /* OCTClient+Git.m */ = {isa = PBXFileReference; fileEncoding = 4; lastKnownFileType = sourcecode.c.objc; path = "OCTClient+Git.m"; sourceTree = "<group>"; };
		FD4C2E7419E0E10200A332A1 /* OCTClient+Keys.h */ = {isa = PBXFileReference; fileEncoding = 4; lastKnownFileType = sourcecode.c.h; path = "OCTClient+Keys.h"; sourceTree = "<group>"; };
		FD4C2E7519E0E10200A332A1 /* OCTClient+Keys.m */ = {isa = PBXFileReference; fileEncoding = 4; lastKnownFileType = sourcecode.c.objc; path = "OCTClient+Keys.m"; sourceTree = "<group>"; };
		FD4C2E7619E0E10200A332A1 /* OCTClient+Notifications.h */ = {isa = PBXFileReference; fileEncoding = 4; lastKnownFileType = sourcecode.c.h; path = "OCTClient+Notifications.h"; sourceTree = "<group>"; };
		FD4C2E7719E0E10200A332A1 /* OCTClient+Notifications.m */ = {isa = PBXFileReference; fileEncoding = 4; lastKnownFileType = sourcecode.c.objc; path = "OCTClient+Notifications.m"; sourceTree = "<group>"; };
		FD4C2E7819E0E10200A332A1 /* OCTClient+Organizations.h */ = {isa = PBXFileReference; fileEncoding = 4; lastKnownFileType = sourcecode.c.h; path = "OCTClient+Organizations.h"; sourceTree = "<group>"; };
		FD4C2E7919E0E10200A332A1 /* OCTClient+Organizations.m */ = {isa = PBXFileReference; fileEncoding = 4; lastKnownFileType = sourcecode.c.objc; path = "OCTClient+Organizations.m"; sourceTree = "<group>"; };
		FD4C2E7A19E0E10200A332A1 /* OCTClient+Private.h */ = {isa = PBXFileReference; fileEncoding = 4; lastKnownFileType = sourcecode.c.h; path = "OCTClient+Private.h"; sourceTree = "<group>"; };
		FD4C2E7B19E0E10200A332A1 /* OCTClient+Repositories.h */ = {isa = PBXFileReference; fileEncoding = 4; lastKnownFileType = sourcecode.c.h; path = "OCTClient+Repositories.h"; sourceTree = "<group>"; };
		FD4C2E7C19E0E10200A332A1 /* OCTClient+Repositories.m */ = {isa = PBXFileReference; fileEncoding = 4; lastKnownFileType = sourcecode.c.objc; path = "OCTClient+Repositories.m"; sourceTree = "<group>"; };
		FD4C2E7D19E0E10200A332A1 /* OCTClient+User.h */ = {isa = PBXFileReference; fileEncoding = 4; lastKnownFileType = sourcecode.c.h; path = "OCTClient+User.h"; sourceTree = "<group>"; };
		FD4C2E7E19E0E10200A332A1 /* OCTClient+User.m */ = {isa = PBXFileReference; fileEncoding = 4; lastKnownFileType = sourcecode.c.objc; path = "OCTClient+User.m"; sourceTree = "<group>"; };
		FD4C2E7F19E0E10200A332A1 /* OCTClient.h */ = {isa = PBXFileReference; fileEncoding = 4; lastKnownFileType = sourcecode.c.h; path = OCTClient.h; sourceTree = "<group>"; };
		FD4C2E8019E0E10200A332A1 /* OCTClient.m */ = {isa = PBXFileReference; fileEncoding = 4; lastKnownFileType = sourcecode.c.objc; path = OCTClient.m; sourceTree = "<group>"; };
		FD4C2E8119E0E10200A332A1 /* OCTComment.h */ = {isa = PBXFileReference; fileEncoding = 4; lastKnownFileType = sourcecode.c.h; path = OCTComment.h; sourceTree = "<group>"; };
		FD4C2E8219E0E10200A332A1 /* OCTCommit.h */ = {isa = PBXFileReference; fileEncoding = 4; lastKnownFileType = sourcecode.c.h; path = OCTCommit.h; sourceTree = "<group>"; };
		FD4C2E8319E0E10200A332A1 /* OCTCommit.m */ = {isa = PBXFileReference; fileEncoding = 4; lastKnownFileType = sourcecode.c.objc; path = OCTCommit.m; sourceTree = "<group>"; };
		FD4C2E8419E0E10200A332A1 /* OCTCommitComment.h */ = {isa = PBXFileReference; fileEncoding = 4; lastKnownFileType = sourcecode.c.h; path = OCTCommitComment.h; sourceTree = "<group>"; };
		FD4C2E8519E0E10200A332A1 /* OCTCommitComment.m */ = {isa = PBXFileReference; fileEncoding = 4; lastKnownFileType = sourcecode.c.objc; path = OCTCommitComment.m; sourceTree = "<group>"; };
		FD4C2E8619E0E10200A332A1 /* OCTCommitCommentEvent.h */ = {isa = PBXFileReference; fileEncoding = 4; lastKnownFileType = sourcecode.c.h; path = OCTCommitCommentEvent.h; sourceTree = "<group>"; };
		FD4C2E8719E0E10200A332A1 /* OCTCommitCommentEvent.m */ = {isa = PBXFileReference; fileEncoding = 4; lastKnownFileType = sourcecode.c.objc; path = OCTCommitCommentEvent.m; sourceTree = "<group>"; };
		FD4C2E8819E0E10200A332A1 /* OCTCommitTreeEntry.h */ = {isa = PBXFileReference; fileEncoding = 4; lastKnownFileType = sourcecode.c.h; path = OCTCommitTreeEntry.h; sourceTree = "<group>"; };
		FD4C2E8919E0E10200A332A1 /* OCTCommitTreeEntry.m */ = {isa = PBXFileReference; fileEncoding = 4; lastKnownFileType = sourcecode.c.objc; path = OCTCommitTreeEntry.m; sourceTree = "<group>"; };
		FD4C2E8A19E0E10200A332A1 /* OCTContent.h */ = {isa = PBXFileReference; fileEncoding = 4; lastKnownFileType = sourcecode.c.h; path = OCTContent.h; sourceTree = "<group>"; };
		FD4C2E8B19E0E10200A332A1 /* OCTContent.m */ = {isa = PBXFileReference; fileEncoding = 4; lastKnownFileType = sourcecode.c.objc; path = OCTContent.m; sourceTree = "<group>"; };
		FD4C2E8C19E0E10200A332A1 /* OCTContentTreeEntry.h */ = {isa = PBXFileReference; fileEncoding = 4; lastKnownFileType = sourcecode.c.h; path = OCTContentTreeEntry.h; sourceTree = "<group>"; };
		FD4C2E8D19E0E10200A332A1 /* OCTContentTreeEntry.m */ = {isa = PBXFileReference; fileEncoding = 4; lastKnownFileType = sourcecode.c.objc; path = OCTContentTreeEntry.m; sourceTree = "<group>"; };
		FD4C2E8E19E0E10200A332A1 /* OCTDirectoryContent.h */ = {isa = PBXFileReference; fileEncoding = 4; lastKnownFileType = sourcecode.c.h; path = OCTDirectoryContent.h; sourceTree = "<group>"; };
		FD4C2E8F19E0E10200A332A1 /* OCTDirectoryContent.m */ = {isa = PBXFileReference; fileEncoding = 4; lastKnownFileType = sourcecode.c.objc; path = OCTDirectoryContent.m; sourceTree = "<group>"; };
		FD4C2E9019E0E10200A332A1 /* OCTEntity.h */ = {isa = PBXFileReference; fileEncoding = 4; lastKnownFileType = sourcecode.c.h; path = OCTEntity.h; sourceTree = "<group>"; };
		FD4C2E9119E0E10200A332A1 /* OCTEntity.m */ = {isa = PBXFileReference; fileEncoding = 4; lastKnownFileType = sourcecode.c.objc; path = OCTEntity.m; sourceTree = "<group>"; };
		FD4C2E9219E0E10200A332A1 /* OCTEvent.h */ = {isa = PBXFileReference; fileEncoding = 4; lastKnownFileType = sourcecode.c.h; path = OCTEvent.h; sourceTree = "<group>"; };
		FD4C2E9319E0E10200A332A1 /* OCTEvent.m */ = {isa = PBXFileReference; fileEncoding = 4; lastKnownFileType = sourcecode.c.objc; path = OCTEvent.m; sourceTree = "<group>"; };
		FD4C2E9419E0E10200A332A1 /* OCTFileContent.h */ = {isa = PBXFileReference; fileEncoding = 4; lastKnownFileType = sourcecode.c.h; path = OCTFileContent.h; sourceTree = "<group>"; };
		FD4C2E9519E0E10200A332A1 /* OCTFileContent.m */ = {isa = PBXFileReference; fileEncoding = 4; lastKnownFileType = sourcecode.c.objc; path = OCTFileContent.m; sourceTree = "<group>"; };
		FD4C2E9619E0E10200A332A1 /* OCTGist.h */ = {isa = PBXFileReference; fileEncoding = 4; lastKnownFileType = sourcecode.c.h; path = OCTGist.h; sourceTree = "<group>"; };
		FD4C2E9719E0E10200A332A1 /* OCTGist.m */ = {isa = PBXFileReference; fileEncoding = 4; lastKnownFileType = sourcecode.c.objc; path = OCTGist.m; sourceTree = "<group>"; };
		FD4C2E9819E0E10200A332A1 /* OCTGistFile.h */ = {isa = PBXFileReference; fileEncoding = 4; lastKnownFileType = sourcecode.c.h; path = OCTGistFile.h; sourceTree = "<group>"; };
		FD4C2E9919E0E10200A332A1 /* OCTGistFile.m */ = {isa = PBXFileReference; fileEncoding = 4; lastKnownFileType = sourcecode.c.objc; path = OCTGistFile.m; sourceTree = "<group>"; };
		FD4C2E9A19E0E10200A332A1 /* OCTGitCommit.h */ = {isa = PBXFileReference; fileEncoding = 4; lastKnownFileType = sourcecode.c.h; path = OCTGitCommit.h; sourceTree = "<group>"; };
		FD4C2E9B19E0E10200A332A1 /* OCTGitCommit.m */ = {isa = PBXFileReference; fileEncoding = 4; lastKnownFileType = sourcecode.c.objc; path = OCTGitCommit.m; sourceTree = "<group>"; };
		FD4C2E9C19E0E10200A332A1 /* OCTGitCommitFile.h */ = {isa = PBXFileReference; fileEncoding = 4; lastKnownFileType = sourcecode.c.h; path = OCTGitCommitFile.h; sourceTree = "<group>"; };
		FD4C2E9D19E0E10200A332A1 /* OCTGitCommitFile.m */ = {isa = PBXFileReference; fileEncoding = 4; lastKnownFileType = sourcecode.c.objc; path = OCTGitCommitFile.m; sourceTree = "<group>"; };
		FD4C2E9E19E0E10200A332A1 /* OCTIssue.h */ = {isa = PBXFileReference; fileEncoding = 4; lastKnownFileType = sourcecode.c.h; path = OCTIssue.h; sourceTree = "<group>"; };
		FD4C2E9F19E0E10200A332A1 /* OCTIssue.m */ = {isa = PBXFileReference; fileEncoding = 4; lastKnownFileType = sourcecode.c.objc; path = OCTIssue.m; sourceTree = "<group>"; };
		FD4C2EA019E0E10200A332A1 /* OCTIssueComment.h */ = {isa = PBXFileReference; fileEncoding = 4; lastKnownFileType = sourcecode.c.h; path = OCTIssueComment.h; sourceTree = "<group>"; };
		FD4C2EA119E0E10200A332A1 /* OCTIssueComment.m */ = {isa = PBXFileReference; fileEncoding = 4; lastKnownFileType = sourcecode.c.objc; path = OCTIssueComment.m; sourceTree = "<group>"; };
		FD4C2EA219E0E10200A332A1 /* OCTIssueCommentEvent.h */ = {isa = PBXFileReference; fileEncoding = 4; lastKnownFileType = sourcecode.c.h; path = OCTIssueCommentEvent.h; sourceTree = "<group>"; };
		FD4C2EA319E0E10200A332A1 /* OCTIssueCommentEvent.m */ = {isa = PBXFileReference; fileEncoding = 4; lastKnownFileType = sourcecode.c.objc; path = OCTIssueCommentEvent.m; sourceTree = "<group>"; };
		FD4C2EA419E0E10200A332A1 /* OCTIssueEvent.h */ = {isa = PBXFileReference; fileEncoding = 4; lastKnownFileType = sourcecode.c.h; path = OCTIssueEvent.h; sourceTree = "<group>"; };
		FD4C2EA519E0E10200A332A1 /* OCTIssueEvent.m */ = {isa = PBXFileReference; fileEncoding = 4; lastKnownFileType = sourcecode.c.objc; path = OCTIssueEvent.m; sourceTree = "<group>"; };
		FD4C2EA619E0E10200A332A1 /* OCTNotification.h */ = {isa = PBXFileReference; fileEncoding = 4; lastKnownFileType = sourcecode.c.h; path = OCTNotification.h; sourceTree = "<group>"; };
		FD4C2EA719E0E10200A332A1 /* OCTNotification.m */ = {isa = PBXFileReference; fileEncoding = 4; lastKnownFileType = sourcecode.c.objc; path = OCTNotification.m; sourceTree = "<group>"; };
		FD4C2EA819E0E10200A332A1 /* OCTObject+Private.h */ = {isa = PBXFileReference; fileEncoding = 4; lastKnownFileType = sourcecode.c.h; path = "OCTObject+Private.h"; sourceTree = "<group>"; };
		FD4C2EA919E0E10200A332A1 /* OCTObject.h */ = {isa = PBXFileReference; fileEncoding = 4; lastKnownFileType = sourcecode.c.h; path = OCTObject.h; sourceTree = "<group>"; };
		FD4C2EAA19E0E10200A332A1 /* OCTObject.m */ = {isa = PBXFileReference; fileEncoding = 4; lastKnownFileType = sourcecode.c.objc; path = OCTObject.m; sourceTree = "<group>"; };
		FD4C2EAB19E0E10200A332A1 /* OctoKit-Info.plist */ = {isa = PBXFileReference; fileEncoding = 4; lastKnownFileType = text.plist.xml; path = "OctoKit-Info.plist"; sourceTree = "<group>"; };
		FD4C2EAC19E0E10200A332A1 /* OctoKit-Prefix.pch */ = {isa = PBXFileReference; fileEncoding = 4; lastKnownFileType = sourcecode.c.h; path = "OctoKit-Prefix.pch"; sourceTree = "<group>"; };
		FD4C2EAD19E0E10200A332A1 /* OctoKit.h */ = {isa = PBXFileReference; fileEncoding = 4; lastKnownFileType = sourcecode.c.h; path = OctoKit.h; sourceTree = "<group>"; };
		FD4C2EAE19E0E10200A332A1 /* OCTOrganization.h */ = {isa = PBXFileReference; fileEncoding = 4; lastKnownFileType = sourcecode.c.h; path = OCTOrganization.h; sourceTree = "<group>"; };
		FD4C2EAF19E0E10200A332A1 /* OCTOrganization.m */ = {isa = PBXFileReference; fileEncoding = 4; lastKnownFileType = sourcecode.c.objc; path = OCTOrganization.m; sourceTree = "<group>"; };
		FD4C2EB019E0E10200A332A1 /* OCTPlan.h */ = {isa = PBXFileReference; fileEncoding = 4; lastKnownFileType = sourcecode.c.h; path = OCTPlan.h; sourceTree = "<group>"; };
		FD4C2EB119E0E10200A332A1 /* OCTPlan.m */ = {isa = PBXFileReference; fileEncoding = 4; lastKnownFileType = sourcecode.c.objc; path = OCTPlan.m; sourceTree = "<group>"; };
		FD4C2EB219E0E10200A332A1 /* OCTPublicKey.h */ = {isa = PBXFileReference; fileEncoding = 4; lastKnownFileType = sourcecode.c.h; path = OCTPublicKey.h; sourceTree = "<group>"; };
		FD4C2EB319E0E10200A332A1 /* OCTPublicKey.m */ = {isa = PBXFileReference; fileEncoding = 4; lastKnownFileType = sourcecode.c.objc; path = OCTPublicKey.m; sourceTree = "<group>"; };
		FD4C2EB419E0E10200A332A1 /* OCTPullRequest.h */ = {isa = PBXFileReference; fileEncoding = 4; lastKnownFileType = sourcecode.c.h; path = OCTPullRequest.h; sourceTree = "<group>"; };
		FD4C2EB519E0E10200A332A1 /* OCTPullRequest.m */ = {isa = PBXFileReference; fileEncoding = 4; lastKnownFileType = sourcecode.c.objc; path = OCTPullRequest.m; sourceTree = "<group>"; };
		FD4C2EB619E0E10200A332A1 /* OCTPullRequestComment.h */ = {isa = PBXFileReference; fileEncoding = 4; lastKnownFileType = sourcecode.c.h; path = OCTPullRequestComment.h; sourceTree = "<group>"; };
		FD4C2EB719E0E10200A332A1 /* OCTPullRequestComment.m */ = {isa = PBXFileReference; fileEncoding = 4; lastKnownFileType = sourcecode.c.objc; path = OCTPullRequestComment.m; sourceTree = "<group>"; };
		FD4C2EB819E0E10200A332A1 /* OCTPullRequestCommentEvent.h */ = {isa = PBXFileReference; fileEncoding = 4; lastKnownFileType = sourcecode.c.h; path = OCTPullRequestCommentEvent.h; sourceTree = "<group>"; };
		FD4C2EB919E0E10200A332A1 /* OCTPullRequestCommentEvent.m */ = {isa = PBXFileReference; fileEncoding = 4; lastKnownFileType = sourcecode.c.objc; path = OCTPullRequestCommentEvent.m; sourceTree = "<group>"; };
		FD4C2EBA19E0E10200A332A1 /* OCTPullRequestEvent.h */ = {isa = PBXFileReference; fileEncoding = 4; lastKnownFileType = sourcecode.c.h; path = OCTPullRequestEvent.h; sourceTree = "<group>"; };
		FD4C2EBB19E0E10200A332A1 /* OCTPullRequestEvent.m */ = {isa = PBXFileReference; fileEncoding = 4; lastKnownFileType = sourcecode.c.objc; path = OCTPullRequestEvent.m; sourceTree = "<group>"; };
		FD4C2EBC19E0E10200A332A1 /* OCTPushEvent.h */ = {isa = PBXFileReference; fileEncoding = 4; lastKnownFileType = sourcecode.c.h; path = OCTPushEvent.h; sourceTree = "<group>"; };
		FD4C2EBD19E0E10200A332A1 /* OCTPushEvent.m */ = {isa = PBXFileReference; fileEncoding = 4; lastKnownFileType = sourcecode.c.objc; path = OCTPushEvent.m; sourceTree = "<group>"; };
		FD4C2EBE19E0E10200A332A1 /* OCTRef.h */ = {isa = PBXFileReference; fileEncoding = 4; lastKnownFileType = sourcecode.c.h; path = OCTRef.h; sourceTree = "<group>"; };
		FD4C2EBF19E0E10200A332A1 /* OCTRef.m */ = {isa = PBXFileReference; fileEncoding = 4; lastKnownFileType = sourcecode.c.objc; path = OCTRef.m; sourceTree = "<group>"; };
		FD4C2EC019E0E10200A332A1 /* OCTRefEvent.h */ = {isa = PBXFileReference; fileEncoding = 4; lastKnownFileType = sourcecode.c.h; path = OCTRefEvent.h; sourceTree = "<group>"; };
		FD4C2EC119E0E10200A332A1 /* OCTRefEvent.m */ = {isa = PBXFileReference; fileEncoding = 4; lastKnownFileType = sourcecode.c.objc; path = OCTRefEvent.m; sourceTree = "<group>"; };
		FD4C2EC219E0E10200A332A1 /* OCTRepository.h */ = {isa = PBXFileReference; fileEncoding = 4; lastKnownFileType = sourcecode.c.h; path = OCTRepository.h; sourceTree = "<group>"; };
		FD4C2EC319E0E10200A332A1 /* OCTRepository.m */ = {isa = PBXFileReference; fileEncoding = 4; lastKnownFileType = sourcecode.c.objc; path = OCTRepository.m; sourceTree = "<group>"; };
		FD4C2EC419E0E10200A332A1 /* OCTResponse.h */ = {isa = PBXFileReference; fileEncoding = 4; lastKnownFileType = sourcecode.c.h; path = OCTResponse.h; sourceTree = "<group>"; };
		FD4C2EC519E0E10200A332A1 /* OCTResponse.m */ = {isa = PBXFileReference; fileEncoding = 4; lastKnownFileType = sourcecode.c.objc; path = OCTResponse.m; sourceTree = "<group>"; };
		FD4C2EC619E0E10200A332A1 /* OCTReviewComment.h */ = {isa = PBXFileReference; fileEncoding = 4; lastKnownFileType = sourcecode.c.h; path = OCTReviewComment.h; sourceTree = "<group>"; };
		FD4C2EC719E0E10200A332A1 /* OCTServer+Private.h */ = {isa = PBXFileReference; fileEncoding = 4; lastKnownFileType = sourcecode.c.h; path = "OCTServer+Private.h"; sourceTree = "<group>"; };
		FD4C2EC819E0E10200A332A1 /* OCTServer.h */ = {isa = PBXFileReference; fileEncoding = 4; lastKnownFileType = sourcecode.c.h; path = OCTServer.h; sourceTree = "<group>"; };
		FD4C2EC919E0E10200A332A1 /* OCTServer.m */ = {isa = PBXFileReference; fileEncoding = 4; lastKnownFileType = sourcecode.c.objc; path = OCTServer.m; sourceTree = "<group>"; };
		FD4C2ECA19E0E10200A332A1 /* OCTServerMetadata.h */ = {isa = PBXFileReference; fileEncoding = 4; lastKnownFileType = sourcecode.c.h; path = OCTServerMetadata.h; sourceTree = "<group>"; };
		FD4C2ECB19E0E10200A332A1 /* OCTServerMetadata.m */ = {isa = PBXFileReference; fileEncoding = 4; lastKnownFileType = sourcecode.c.objc; path = OCTServerMetadata.m; sourceTree = "<group>"; };
		FD4C2ECC19E0E10200A332A1 /* OCTSubmoduleContent.h */ = {isa = PBXFileReference; fileEncoding = 4; lastKnownFileType = sourcecode.c.h; path = OCTSubmoduleContent.h; sourceTree = "<group>"; };
		FD4C2ECD19E0E10200A332A1 /* OCTSubmoduleContent.m */ = {isa = PBXFileReference; fileEncoding = 4; lastKnownFileType = sourcecode.c.objc; path = OCTSubmoduleContent.m; sourceTree = "<group>"; };
		FD4C2ECE19E0E10200A332A1 /* OCTSymlinkContent.h */ = {isa = PBXFileReference; fileEncoding = 4; lastKnownFileType = sourcecode.c.h; path = OCTSymlinkContent.h; sourceTree = "<group>"; };
		FD4C2ECF19E0E10200A332A1 /* OCTSymlinkContent.m */ = {isa = PBXFileReference; fileEncoding = 4; lastKnownFileType = sourcecode.c.objc; path = OCTSymlinkContent.m; sourceTree = "<group>"; };
		FD4C2ED019E0E10200A332A1 /* OCTTeam.h */ = {isa = PBXFileReference; fileEncoding = 4; lastKnownFileType = sourcecode.c.h; path = OCTTeam.h; sourceTree = "<group>"; };
		FD4C2ED119E0E10200A332A1 /* OCTTeam.m */ = {isa = PBXFileReference; fileEncoding = 4; lastKnownFileType = sourcecode.c.objc; path = OCTTeam.m; sourceTree = "<group>"; };
		FD4C2ED219E0E10200A332A1 /* OCTTree.h */ = {isa = PBXFileReference; fileEncoding = 4; lastKnownFileType = sourcecode.c.h; path = OCTTree.h; sourceTree = "<group>"; };
		FD4C2ED319E0E10200A332A1 /* OCTTree.m */ = {isa = PBXFileReference; fileEncoding = 4; lastKnownFileType = sourcecode.c.objc; path = OCTTree.m; sourceTree = "<group>"; };
		FD4C2ED419E0E10200A332A1 /* OCTTreeEntry.h */ = {isa = PBXFileReference; fileEncoding = 4; lastKnownFileType = sourcecode.c.h; path = OCTTreeEntry.h; sourceTree = "<group>"; };
		FD4C2ED519E0E10200A332A1 /* OCTTreeEntry.m */ = {isa = PBXFileReference; fileEncoding = 4; lastKnownFileType = sourcecode.c.objc; path = OCTTreeEntry.m; sourceTree = "<group>"; };
		FD4C2ED619E0E10200A332A1 /* OCTUser.h */ = {isa = PBXFileReference; fileEncoding = 4; lastKnownFileType = sourcecode.c.h; path = OCTUser.h; sourceTree = "<group>"; };
		FD4C2ED719E0E10200A332A1 /* OCTUser.m */ = {isa = PBXFileReference; fileEncoding = 4; lastKnownFileType = sourcecode.c.objc; path = OCTUser.m; sourceTree = "<group>"; };
		FD4C2ED819E0E10200A332A1 /* RACSignal+OCTClientAdditions.h */ = {isa = PBXFileReference; fileEncoding = 4; lastKnownFileType = sourcecode.c.h; path = "RACSignal+OCTClientAdditions.h"; sourceTree = "<group>"; };
		FD4C2ED919E0E10200A332A1 /* RACSignal+OCTClientAdditions.m */ = {isa = PBXFileReference; fileEncoding = 4; lastKnownFileType = sourcecode.c.objc; path = "RACSignal+OCTClientAdditions.m"; sourceTree = "<group>"; };
/* End PBXFileReference section */

/* Begin PBXFrameworksBuildPhase section */
		FD39FACB19DFE74000CC2CFE /* Frameworks */ = {
			isa = PBXFrameworksBuildPhase;
			buildActionMask = 2147483647;
			files = (
				34DDC80019E0B20500EDA7B0 /* CFNetwork.framework in Frameworks */,
				34DDC7FF19E0B1F200EDA7B0 /* Accounts.framework in Frameworks */,
				34DDC7FE19E0B1ED00EDA7B0 /* AudioToolbox.framework in Frameworks */,
				34DDC7FD19E0B1E400EDA7B0 /* CoreLocation.framework in Frameworks */,
				34DDC7FC19E0B1DE00EDA7B0 /* libz.dylib in Frameworks */,
				34DDC7FB19E0B1D900EDA7B0 /* MobileCoreServices.framework in Frameworks */,
				34DDC7FA19E0B1D300EDA7B0 /* QuartzCore.framework in Frameworks */,
				34DDC7F919E0B1CD00EDA7B0 /* Social.framework in Frameworks */,
				34DDC7F819E0B1C900EDA7B0 /* StoreKit.framework in Frameworks */,
				34DDC7F719E0B1B700EDA7B0 /* Bolts.framework in Frameworks */,
				34DDC7F519E0B1AC00EDA7B0 /* Parse.framework in Frameworks */,
				FD39FB0119E065DD00CC2CFE /* CoreGraphics.framework in Frameworks */,
				FD39FB0719E0664100CC2CFE /* Accelerate.framework in Frameworks */,
				FD39FB0819E0664100CC2CFE /* AVFoundation.framework in Frameworks */,
				FD39FB0919E0664100CC2CFE /* CoreFoundation.framework in Frameworks */,
				FD39FB0A19E0664100CC2CFE /* CoreImage.framework in Frameworks */,
				FD39FB0B19E0664100CC2CFE /* CoreMedia.framework in Frameworks */,
				4725715CE0C4E28EF044B1B0 /* libPods-Product.a in Frameworks */,
			);
			runOnlyForDeploymentPostprocessing = 0;
		};
		FD39FAE419DFE74000CC2CFE /* Frameworks */ = {
			isa = PBXFrameworksBuildPhase;
			buildActionMask = 2147483647;
			files = (
			);
			runOnlyForDeploymentPostprocessing = 0;
		};
/* End PBXFrameworksBuildPhase section */

/* Begin PBXGroup section */
		56624183DED6FDFB17CAEC71 /* Pods */ = {
			isa = PBXGroup;
			children = (
				70AACC3A7DCF240AAC5FE5FC /* Pods.debug.xcconfig */,
				E43F8A772FB52DC68360813C /* Pods.release.xcconfig */,
				F43CA9980177AE1EE503F9BA /* Pods-Product.debug.xcconfig */,
				4E70468C9BFA4F2CB04AB08A /* Pods-Product.release.xcconfig */,
			);
			name = Pods;
			sourceTree = "<group>";
		};
		EF234D5B625C3F0B2B537CD0 /* Frameworks */ = {
			isa = PBXGroup;
			children = (
				FD4C2E5A19E0DA5A00A332A1 /* libPods.a */,
				FD4C2E5819E0DA5400A332A1 /* libPods-UAGithubEngine.a */,
				34DDC7F219E07D9500EDA7B0 /* Accounts.framework */,
				34DDC7F019E07D9100EDA7B0 /* Social.framework */,
				34DDC7EE19E07D8E00EDA7B0 /* SystemConfiguration.framework */,
				34DDC7EC19E07D8900EDA7B0 /* StoreKit.framework */,
				34DDC7EA19E07D8400EDA7B0 /* Security.framework */,
				34DDC7E819E07D7F00EDA7B0 /* QuartzCore.framework */,
				34DDC7E619E07D7800EDA7B0 /* MobileCoreServices.framework */,
				34DDC7E419E07D7200EDA7B0 /* libz.dylib */,
				34DDC7E219E07D6B00EDA7B0 /* CoreLocation.framework */,
				34DDC7E019E07D5A00EDA7B0 /* CFNetwork.framework */,
				34DDC7DE19E07D5500EDA7B0 /* AudioToolbox.framework */,
				34DDC7DC19E07CF600EDA7B0 /* Bolts.framework */,
				34DDC7DA19E07CED00EDA7B0 /* Parse.framework */,
				FD39FB0219E0664100CC2CFE /* Accelerate.framework */,
				FD39FB0319E0664100CC2CFE /* AVFoundation.framework */,
				FD39FB0419E0664100CC2CFE /* CoreFoundation.framework */,
				FD39FB0519E0664100CC2CFE /* CoreImage.framework */,
				FD39FB0619E0664100CC2CFE /* CoreMedia.framework */,
				FD39FB0019E065DD00CC2CFE /* CoreGraphics.framework */,
				77A371ADE834F3414C3A8C8E /* libPods-Product.a */,
			);
			name = Frameworks;
			sourceTree = "<group>";
		};
		FD39FAC519DFE74000CC2CFE = {
			isa = PBXGroup;
			children = (
				FD4C2EDA19E0E10200A332A1 /* OctoKit */,
				FD39FAD019DFE74000CC2CFE /* Product */,
				FD39FAEA19DFE74000CC2CFE /* ProductTests */,
				FD39FACF19DFE74000CC2CFE /* Products */,
				C02C32B519E02F83005E1CF7 /* Product-Bridging-Header.h */,
				56624183DED6FDFB17CAEC71 /* Pods */,
				EF234D5B625C3F0B2B537CD0 /* Frameworks */,
			);
			sourceTree = "<group>";
		};
		FD39FACF19DFE74000CC2CFE /* Products */ = {
			isa = PBXGroup;
			children = (
				FD39FACE19DFE74000CC2CFE /* Product.app */,
				FD39FAE719DFE74000CC2CFE /* ProductTests.xctest */,
			);
			name = Products;
			sourceTree = "<group>";
		};
		FD39FAD019DFE74000CC2CFE /* Product */ = {
			isa = PBXGroup;
			children = (
				FD39FAD519DFE74000CC2CFE /* AppDelegate.h */,
				FD39FAD619DFE74000CC2CFE /* AppDelegate.m */,
				FD39FAD819DFE74000CC2CFE /* ViewController.h */,
				FD39FAD919DFE74000CC2CFE /* ViewController.m */,
				FD39FAFD19E0320B00CC2CFE /* LogInViewController.h */,
				FD39FAFE19E0320B00CC2CFE /* LogInViewController.m */,
				FD39FADB19DFE74000CC2CFE /* Main.storyboard */,
				FD39FAFA19E02C5200CC2CFE /* LeaderboardViewController.h */,
				FD39FAFB19E02C5200CC2CFE /* LeaderboardViewController.m */,
				FD39FAF719DFF4FC00CC2CFE /* StartChallengeViewController.h */,
				FD39FAF819DFF4FC00CC2CFE /* StartChallengeViewController.m */,
				FD212EE919E091D900C1F5FC /* User.h */,
				FD212EEA19E091D900C1F5FC /* User.m */,
				FD39FADE19DFE74000CC2CFE /* Images.xcassets */,
				FD39FAE019DFE74000CC2CFE /* LaunchScreen.xib */,
				FD39FAD119DFE74000CC2CFE /* Supporting Files */,
			);
			path = Product;
			sourceTree = "<group>";
		};
		FD39FAD119DFE74000CC2CFE /* Supporting Files */ = {
			isa = PBXGroup;
			children = (
				FD39FAD219DFE74000CC2CFE /* Info.plist */,
				FD39FAD319DFE74000CC2CFE /* main.m */,
			);
			name = "Supporting Files";
			sourceTree = "<group>";
		};
		FD39FAEA19DFE74000CC2CFE /* ProductTests */ = {
			isa = PBXGroup;
			children = (
				FD39FAED19DFE74000CC2CFE /* ProductTests.m */,
				FD39FAEB19DFE74000CC2CFE /* Supporting Files */,
			);
			path = ProductTests;
			sourceTree = "<group>";
		};
		FD39FAEB19DFE74000CC2CFE /* Supporting Files */ = {
			isa = PBXGroup;
			children = (
				FD39FAEC19DFE74000CC2CFE /* Info.plist */,
			);
			name = "Supporting Files";
			sourceTree = "<group>";
		};
		FD4C2E5D19E0E10200A332A1 /* en.lproj */ = {
			isa = PBXGroup;
			children = (
				FD4C2E5C19E0E10200A332A1 /* InfoPlist.strings */,
			);
			path = en.lproj;
			sourceTree = "<group>";
		};
		FD4C2EDA19E0E10200A332A1 /* OctoKit */ = {
			isa = PBXGroup;
			children = (
				FD4C2E5D19E0E10200A332A1 /* en.lproj */,
				FD4C2E5E19E0E10200A332A1 /* NSDateFormatter+OCTFormattingAdditions.h */,
				FD4C2E5F19E0E10200A332A1 /* NSDateFormatter+OCTFormattingAdditions.m */,
				FD4C2E6019E0E10200A332A1 /* NSURL+OCTQueryAdditions.h */,
				FD4C2E6119E0E10200A332A1 /* NSURL+OCTQueryAdditions.m */,
				FD4C2E6219E0E10200A332A1 /* NSValueTransformer+OCTPredefinedTransformerAdditions.h */,
				FD4C2E6319E0E10200A332A1 /* NSValueTransformer+OCTPredefinedTransformerAdditions.m */,
				FD4C2E6419E0E10200A332A1 /* OCTAccessToken.h */,
				FD4C2E6519E0E10200A332A1 /* OCTAccessToken.m */,
				FD4C2E6619E0E10200A332A1 /* OCTAuthorization.h */,
				FD4C2E6719E0E10200A332A1 /* OCTAuthorization.m */,
				FD4C2E6819E0E10200A332A1 /* OCTBlobTreeEntry.h */,
				FD4C2E6919E0E10200A332A1 /* OCTBlobTreeEntry.m */,
				FD4C2E6A19E0E10200A332A1 /* OCTBranch.h */,
				FD4C2E6B19E0E10200A332A1 /* OCTBranch.m */,
				FD4C2E6C19E0E10200A332A1 /* OCTClient+Activity.h */,
				FD4C2E6D19E0E10200A332A1 /* OCTClient+Activity.m */,
				FD4C2E6E19E0E10200A332A1 /* OCTClient+Events.h */,
				FD4C2E6F19E0E10200A332A1 /* OCTClient+Events.m */,
				FD4C2E7019E0E10200A332A1 /* OCTClient+Gists.h */,
				FD4C2E7119E0E10200A332A1 /* OCTClient+Gists.m */,
				FD4C2E7219E0E10200A332A1 /* OCTClient+Git.h */,
				FD4C2E7319E0E10200A332A1 /* OCTClient+Git.m */,
				FD4C2E7419E0E10200A332A1 /* OCTClient+Keys.h */,
				FD4C2E7519E0E10200A332A1 /* OCTClient+Keys.m */,
				FD4C2E7619E0E10200A332A1 /* OCTClient+Notifications.h */,
				FD4C2E7719E0E10200A332A1 /* OCTClient+Notifications.m */,
				FD4C2E7819E0E10200A332A1 /* OCTClient+Organizations.h */,
				FD4C2E7919E0E10200A332A1 /* OCTClient+Organizations.m */,
				FD4C2E7A19E0E10200A332A1 /* OCTClient+Private.h */,
				FD4C2E7B19E0E10200A332A1 /* OCTClient+Repositories.h */,
				FD4C2E7C19E0E10200A332A1 /* OCTClient+Repositories.m */,
				FD4C2E7D19E0E10200A332A1 /* OCTClient+User.h */,
				FD4C2E7E19E0E10200A332A1 /* OCTClient+User.m */,
				FD4C2E7F19E0E10200A332A1 /* OCTClient.h */,
				FD4C2E8019E0E10200A332A1 /* OCTClient.m */,
				FD4C2E8119E0E10200A332A1 /* OCTComment.h */,
				FD4C2E8219E0E10200A332A1 /* OCTCommit.h */,
				FD4C2E8319E0E10200A332A1 /* OCTCommit.m */,
				FD4C2E8419E0E10200A332A1 /* OCTCommitComment.h */,
				FD4C2E8519E0E10200A332A1 /* OCTCommitComment.m */,
				FD4C2E8619E0E10200A332A1 /* OCTCommitCommentEvent.h */,
				FD4C2E8719E0E10200A332A1 /* OCTCommitCommentEvent.m */,
				FD4C2E8819E0E10200A332A1 /* OCTCommitTreeEntry.h */,
				FD4C2E8919E0E10200A332A1 /* OCTCommitTreeEntry.m */,
				FD4C2E8A19E0E10200A332A1 /* OCTContent.h */,
				FD4C2E8B19E0E10200A332A1 /* OCTContent.m */,
				FD4C2E8C19E0E10200A332A1 /* OCTContentTreeEntry.h */,
				FD4C2E8D19E0E10200A332A1 /* OCTContentTreeEntry.m */,
				FD4C2E8E19E0E10200A332A1 /* OCTDirectoryContent.h */,
				FD4C2E8F19E0E10200A332A1 /* OCTDirectoryContent.m */,
				FD4C2E9019E0E10200A332A1 /* OCTEntity.h */,
				FD4C2E9119E0E10200A332A1 /* OCTEntity.m */,
				FD4C2E9219E0E10200A332A1 /* OCTEvent.h */,
				FD4C2E9319E0E10200A332A1 /* OCTEvent.m */,
				FD4C2E9419E0E10200A332A1 /* OCTFileContent.h */,
				FD4C2E9519E0E10200A332A1 /* OCTFileContent.m */,
				FD4C2E9619E0E10200A332A1 /* OCTGist.h */,
				FD4C2E9719E0E10200A332A1 /* OCTGist.m */,
				FD4C2E9819E0E10200A332A1 /* OCTGistFile.h */,
				FD4C2E9919E0E10200A332A1 /* OCTGistFile.m */,
				FD4C2E9A19E0E10200A332A1 /* OCTGitCommit.h */,
				FD4C2E9B19E0E10200A332A1 /* OCTGitCommit.m */,
				FD4C2E9C19E0E10200A332A1 /* OCTGitCommitFile.h */,
				FD4C2E9D19E0E10200A332A1 /* OCTGitCommitFile.m */,
				FD4C2E9E19E0E10200A332A1 /* OCTIssue.h */,
				FD4C2E9F19E0E10200A332A1 /* OCTIssue.m */,
				FD4C2EA019E0E10200A332A1 /* OCTIssueComment.h */,
				FD4C2EA119E0E10200A332A1 /* OCTIssueComment.m */,
				FD4C2EA219E0E10200A332A1 /* OCTIssueCommentEvent.h */,
				FD4C2EA319E0E10200A332A1 /* OCTIssueCommentEvent.m */,
				FD4C2EA419E0E10200A332A1 /* OCTIssueEvent.h */,
				FD4C2EA519E0E10200A332A1 /* OCTIssueEvent.m */,
				FD4C2EA619E0E10200A332A1 /* OCTNotification.h */,
				FD4C2EA719E0E10200A332A1 /* OCTNotification.m */,
				FD4C2EA819E0E10200A332A1 /* OCTObject+Private.h */,
				FD4C2EA919E0E10200A332A1 /* OCTObject.h */,
				FD4C2EAA19E0E10200A332A1 /* OCTObject.m */,
				FD4C2EAB19E0E10200A332A1 /* OctoKit-Info.plist */,
				FD4C2EAC19E0E10200A332A1 /* OctoKit-Prefix.pch */,
				FD4C2EAD19E0E10200A332A1 /* OctoKit.h */,
				FD4C2EAE19E0E10200A332A1 /* OCTOrganization.h */,
				FD4C2EAF19E0E10200A332A1 /* OCTOrganization.m */,
				FD4C2EB019E0E10200A332A1 /* OCTPlan.h */,
				FD4C2EB119E0E10200A332A1 /* OCTPlan.m */,
				FD4C2EB219E0E10200A332A1 /* OCTPublicKey.h */,
				FD4C2EB319E0E10200A332A1 /* OCTPublicKey.m */,
				FD4C2EB419E0E10200A332A1 /* OCTPullRequest.h */,
				FD4C2EB519E0E10200A332A1 /* OCTPullRequest.m */,
				FD4C2EB619E0E10200A332A1 /* OCTPullRequestComment.h */,
				FD4C2EB719E0E10200A332A1 /* OCTPullRequestComment.m */,
				FD4C2EB819E0E10200A332A1 /* OCTPullRequestCommentEvent.h */,
				FD4C2EB919E0E10200A332A1 /* OCTPullRequestCommentEvent.m */,
				FD4C2EBA19E0E10200A332A1 /* OCTPullRequestEvent.h */,
				FD4C2EBB19E0E10200A332A1 /* OCTPullRequestEvent.m */,
				FD4C2EBC19E0E10200A332A1 /* OCTPushEvent.h */,
				FD4C2EBD19E0E10200A332A1 /* OCTPushEvent.m */,
				FD4C2EBE19E0E10200A332A1 /* OCTRef.h */,
				FD4C2EBF19E0E10200A332A1 /* OCTRef.m */,
				FD4C2EC019E0E10200A332A1 /* OCTRefEvent.h */,
				FD4C2EC119E0E10200A332A1 /* OCTRefEvent.m */,
				FD4C2EC219E0E10200A332A1 /* OCTRepository.h */,
				FD4C2EC319E0E10200A332A1 /* OCTRepository.m */,
				FD4C2EC419E0E10200A332A1 /* OCTResponse.h */,
				FD4C2EC519E0E10200A332A1 /* OCTResponse.m */,
				FD4C2EC619E0E10200A332A1 /* OCTReviewComment.h */,
				FD4C2EC719E0E10200A332A1 /* OCTServer+Private.h */,
				FD4C2EC819E0E10200A332A1 /* OCTServer.h */,
				FD4C2EC919E0E10200A332A1 /* OCTServer.m */,
				FD4C2ECA19E0E10200A332A1 /* OCTServerMetadata.h */,
				FD4C2ECB19E0E10200A332A1 /* OCTServerMetadata.m */,
				FD4C2ECC19E0E10200A332A1 /* OCTSubmoduleContent.h */,
				FD4C2ECD19E0E10200A332A1 /* OCTSubmoduleContent.m */,
				FD4C2ECE19E0E10200A332A1 /* OCTSymlinkContent.h */,
				FD4C2ECF19E0E10200A332A1 /* OCTSymlinkContent.m */,
				FD4C2ED019E0E10200A332A1 /* OCTTeam.h */,
				FD4C2ED119E0E10200A332A1 /* OCTTeam.m */,
				FD4C2ED219E0E10200A332A1 /* OCTTree.h */,
				FD4C2ED319E0E10200A332A1 /* OCTTree.m */,
				FD4C2ED419E0E10200A332A1 /* OCTTreeEntry.h */,
				FD4C2ED519E0E10200A332A1 /* OCTTreeEntry.m */,
				FD4C2ED619E0E10200A332A1 /* OCTUser.h */,
				FD4C2ED719E0E10200A332A1 /* OCTUser.m */,
				FD4C2ED819E0E10200A332A1 /* RACSignal+OCTClientAdditions.h */,
				FD4C2ED919E0E10200A332A1 /* RACSignal+OCTClientAdditions.m */,
			);
			name = OctoKit;
			path = "../../Frameworks/GithubAuth/octokit.objc-master/OctoKit";
			sourceTree = "<group>";
		};
/* End PBXGroup section */

/* Begin PBXNativeTarget section */
		FD39FACD19DFE74000CC2CFE /* Product */ = {
			isa = PBXNativeTarget;
			buildConfigurationList = FD39FAF119DFE74000CC2CFE /* Build configuration list for PBXNativeTarget "Product" */;
			buildPhases = (
				9652A07814091EF70D12C811 /* Check Pods Manifest.lock */,
				FD39FACA19DFE74000CC2CFE /* Sources */,
				FD39FACB19DFE74000CC2CFE /* Frameworks */,
				FD39FACC19DFE74000CC2CFE /* Resources */,
				F27621B48F04BB7592E842FF /* Copy Pods Resources */,
			);
			buildRules = (
			);
			dependencies = (
			);
			name = Product;
			productName = Product;
			productReference = FD39FACE19DFE74000CC2CFE /* Product.app */;
			productType = "com.apple.product-type.application";
		};
		FD39FAE619DFE74000CC2CFE /* ProductTests */ = {
			isa = PBXNativeTarget;
			buildConfigurationList = FD39FAF419DFE74000CC2CFE /* Build configuration list for PBXNativeTarget "ProductTests" */;
			buildPhases = (
				FD39FAE319DFE74000CC2CFE /* Sources */,
				FD39FAE419DFE74000CC2CFE /* Frameworks */,
				FD39FAE519DFE74000CC2CFE /* Resources */,
			);
			buildRules = (
			);
			dependencies = (
				FD39FAE919DFE74000CC2CFE /* PBXTargetDependency */,
			);
			name = ProductTests;
			productName = ProductTests;
			productReference = FD39FAE719DFE74000CC2CFE /* ProductTests.xctest */;
			productType = "com.apple.product-type.bundle.unit-test";
		};
/* End PBXNativeTarget section */

/* Begin PBXProject section */
		FD39FAC619DFE74000CC2CFE /* Project object */ = {
			isa = PBXProject;
			attributes = {
				LastUpgradeCheck = 0600;
				ORGANIZATIONNAME = CalHacksProductivity;
				TargetAttributes = {
					FD39FACD19DFE74000CC2CFE = {
						CreatedOnToolsVersion = 6.0.1;
						DevelopmentTeam = 8G4H6268W7;
					};
					FD39FAE619DFE74000CC2CFE = {
						CreatedOnToolsVersion = 6.0.1;
						TestTargetID = FD39FACD19DFE74000CC2CFE;
					};
				};
			};
			buildConfigurationList = FD39FAC919DFE74000CC2CFE /* Build configuration list for PBXProject "Product" */;
			compatibilityVersion = "Xcode 3.2";
			developmentRegion = English;
			hasScannedForEncodings = 0;
			knownRegions = (
				en,
				Base,
			);
			mainGroup = FD39FAC519DFE74000CC2CFE;
			productRefGroup = FD39FACF19DFE74000CC2CFE /* Products */;
			projectDirPath = "";
			projectRoot = "";
			targets = (
				FD39FACD19DFE74000CC2CFE /* Product */,
				FD39FAE619DFE74000CC2CFE /* ProductTests */,
			);
		};
/* End PBXProject section */

/* Begin PBXResourcesBuildPhase section */
		FD39FACC19DFE74000CC2CFE /* Resources */ = {
			isa = PBXResourcesBuildPhase;
			buildActionMask = 2147483647;
			files = (
				FD39FADF19DFE74000CC2CFE /* Images.xcassets in Resources */,
				FD4C2EDB19E0E10200A332A1 /* InfoPlist.strings in Resources */,
				FD4C2F0119E0E10200A332A1 /* OctoKit-Info.plist in Resources */,
			);
			runOnlyForDeploymentPostprocessing = 0;
		};
		FD39FAE519DFE74000CC2CFE /* Resources */ = {
			isa = PBXResourcesBuildPhase;
			buildActionMask = 2147483647;
			files = (
			);
			runOnlyForDeploymentPostprocessing = 0;
		};
/* End PBXResourcesBuildPhase section */

/* Begin PBXShellScriptBuildPhase section */
		9652A07814091EF70D12C811 /* Check Pods Manifest.lock */ = {
			isa = PBXShellScriptBuildPhase;
			buildActionMask = 2147483647;
			files = (
			);
			inputPaths = (
			);
			name = "Check Pods Manifest.lock";
			outputPaths = (
			);
			runOnlyForDeploymentPostprocessing = 0;
			shellPath = /bin/sh;
			shellScript = "diff \"${PODS_ROOT}/../Podfile.lock\" \"${PODS_ROOT}/Manifest.lock\" > /dev/null\nif [[ $? != 0 ]] ; then\n    cat << EOM\nerror: The sandbox is not in sync with the Podfile.lock. Run 'pod install' or update your CocoaPods installation.\nEOM\n    exit 1\nfi\n";
			showEnvVarsInLog = 0;
		};
		F27621B48F04BB7592E842FF /* Copy Pods Resources */ = {
			isa = PBXShellScriptBuildPhase;
			buildActionMask = 2147483647;
			files = (
			);
			inputPaths = (
			);
			name = "Copy Pods Resources";
			outputPaths = (
			);
			runOnlyForDeploymentPostprocessing = 0;
			shellPath = /bin/sh;
			shellScript = "\"${SRCROOT}/Pods/Target Support Files/Pods-Product/Pods-Product-resources.sh\"\n";
			showEnvVarsInLog = 0;
		};
/* End PBXShellScriptBuildPhase section */

/* Begin PBXSourcesBuildPhase section */
		FD39FACA19DFE74000CC2CFE /* Sources */ = {
			isa = PBXSourcesBuildPhase;
			buildActionMask = 2147483647;
			files = (
				FD4C2EDF19E0E10200A332A1 /* OCTAccessToken.m in Sources */,
				FD4C2EDD19E0E10200A332A1 /* NSURL+OCTQueryAdditions.m in Sources */,
				FD4C2EF119E0E10200A332A1 /* OCTContent.m in Sources */,
				FD4C2EEF19E0E10200A332A1 /* OCTCommitCommentEvent.m in Sources */,
				FD4C2EEB19E0E10200A332A1 /* OCTClient+User.m in Sources */,
				FD4C2EE419E0E10200A332A1 /* OCTClient+Events.m in Sources */,
				FD4C2EF319E0E10200A332A1 /* OCTDirectoryContent.m in Sources */,
				FD4C2F0919E0E10200A332A1 /* OCTPushEvent.m in Sources */,
				FD4C2F1519E0E10200A332A1 /* OCTUser.m in Sources */,
				FD4C2EE019E0E10200A332A1 /* OCTAuthorization.m in Sources */,
				FD212EEB19E091D900C1F5FC /* User.m in Sources */,
				FD4C2EE119E0E10200A332A1 /* OCTBlobTreeEntry.m in Sources */,
				FD4C2EE819E0E10200A332A1 /* OCTClient+Notifications.m in Sources */,
				FD4C2EEA19E0E10200A332A1 /* OCTClient+Repositories.m in Sources */,
				FD4C2EFE19E0E10200A332A1 /* OCTIssueEvent.m in Sources */,
				FD4C2EFF19E0E10200A332A1 /* OCTNotification.m in Sources */,
				FD4C2EF919E0E10200A332A1 /* OCTGitCommit.m in Sources */,
				FD4C2EDE19E0E10200A332A1 /* NSValueTransformer+OCTPredefinedTransformerAdditions.m in Sources */,
				FD4C2F0E19E0E10200A332A1 /* OCTServer.m in Sources */,
				FD39FADA19DFE74000CC2CFE /* ViewController.m in Sources */,
				FD4C2F0219E0E10200A332A1 /* OCTOrganization.m in Sources */,
				FD4C2EDC19E0E10200A332A1 /* NSDateFormatter+OCTFormattingAdditions.m in Sources */,
				FD4C2EE219E0E10200A332A1 /* OCTBranch.m in Sources */,
				FD4C2F0019E0E10200A332A1 /* OCTObject.m in Sources */,
				FD4C2EFD19E0E10200A332A1 /* OCTIssueCommentEvent.m in Sources */,
				FD4C2EE519E0E10200A332A1 /* OCTClient+Gists.m in Sources */,
				FD4C2F0B19E0E10200A332A1 /* OCTRefEvent.m in Sources */,
				FD4C2F0419E0E10200A332A1 /* OCTPublicKey.m in Sources */,
				FD4C2EF519E0E10200A332A1 /* OCTEvent.m in Sources */,
				FD39FAFC19E02C5200CC2CFE /* LeaderboardViewController.m in Sources */,
				FD4C2EE619E0E10200A332A1 /* OCTClient+Git.m in Sources */,
				FD4C2F0D19E0E10200A332A1 /* OCTResponse.m in Sources */,
				FD4C2F0F19E0E10200A332A1 /* OCTServerMetadata.m in Sources */,
				FD4C2F0A19E0E10200A332A1 /* OCTRef.m in Sources */,
				FD4C2EE919E0E10200A332A1 /* OCTClient+Organizations.m in Sources */,
				FD4C2F0319E0E10200A332A1 /* OCTPlan.m in Sources */,
				FD4C2EF819E0E10200A332A1 /* OCTGistFile.m in Sources */,
				FD4C2F0819E0E10200A332A1 /* OCTPullRequestEvent.m in Sources */,
				FD4C2F1019E0E10200A332A1 /* OCTSubmoduleContent.m in Sources */,
				FD4C2EF719E0E10200A332A1 /* OCTGist.m in Sources */,
				FD4C2F1619E0E10200A332A1 /* RACSignal+OCTClientAdditions.m in Sources */,
				FD4C2EF619E0E10200A332A1 /* OCTFileContent.m in Sources */,
				FD4C2F0719E0E10200A332A1 /* OCTPullRequestCommentEvent.m in Sources */,
				FD4C2EFA19E0E10200A332A1 /* OCTGitCommitFile.m in Sources */,
				FD4C2EEE19E0E10200A332A1 /* OCTCommitComment.m in Sources */,
				FD4C2F0C19E0E10200A332A1 /* OCTRepository.m in Sources */,
				FD39FAFF19E0320B00CC2CFE /* LogInViewController.m in Sources */,
				FD4C2EEC19E0E10200A332A1 /* OCTClient.m in Sources */,
				FD4C2EF219E0E10200A332A1 /* OCTContentTreeEntry.m in Sources */,
				FD4C2F1319E0E10200A332A1 /* OCTTree.m in Sources */,
				FD4C2F1419E0E10200A332A1 /* OCTTreeEntry.m in Sources */,
				FD4C2EE319E0E10200A332A1 /* OCTClient+Activity.m in Sources */,
				FD4C2F1219E0E10200A332A1 /* OCTTeam.m in Sources */,
				FD4C2EED19E0E10200A332A1 /* OCTCommit.m in Sources */,
				FD4C2F1119E0E10200A332A1 /* OCTSymlinkContent.m in Sources */,
				FD39FAF919DFF4FC00CC2CFE /* StartChallengeViewController.m in Sources */,
				FD4C2EFC19E0E10200A332A1 /* OCTIssueComment.m in Sources */,
				FD39FAD719DFE74000CC2CFE /* AppDelegate.m in Sources */,
				FD4C2F0519E0E10200A332A1 /* OCTPullRequest.m in Sources */,
				FD4C2EF419E0E10200A332A1 /* OCTEntity.m in Sources */,
				FD4C2F0619E0E10200A332A1 /* OCTPullRequestComment.m in Sources */,
				FD4C2EFB19E0E10200A332A1 /* OCTIssue.m in Sources */,
				FD4C2EF019E0E10200A332A1 /* OCTCommitTreeEntry.m in Sources */,
				FD39FAD419DFE74000CC2CFE /* main.m in Sources */,
				FD4C2EE719E0E10200A332A1 /* OCTClient+Keys.m in Sources */,
			);
			runOnlyForDeploymentPostprocessing = 0;
		};
		FD39FAE319DFE74000CC2CFE /* Sources */ = {
			isa = PBXSourcesBuildPhase;
			buildActionMask = 2147483647;
			files = (
				FD39FAEE19DFE74000CC2CFE /* ProductTests.m in Sources */,
			);
			runOnlyForDeploymentPostprocessing = 0;
		};
/* End PBXSourcesBuildPhase section */

/* Begin PBXTargetDependency section */
		FD39FAE919DFE74000CC2CFE /* PBXTargetDependency */ = {
			isa = PBXTargetDependency;
			target = FD39FACD19DFE74000CC2CFE /* Product */;
			targetProxy = FD39FAE819DFE74000CC2CFE /* PBXContainerItemProxy */;
		};
/* End PBXTargetDependency section */

/* Begin PBXVariantGroup section */
		FD39FADB19DFE74000CC2CFE /* Main.storyboard */ = {
			isa = PBXVariantGroup;
			children = (
				FD39FADC19DFE74000CC2CFE /* Base */,
			);
			name = Main.storyboard;
			sourceTree = "<group>";
		};
		FD39FAE019DFE74000CC2CFE /* LaunchScreen.xib */ = {
			isa = PBXVariantGroup;
			children = (
				FD39FAE119DFE74000CC2CFE /* Base */,
			);
			name = LaunchScreen.xib;
			sourceTree = "<group>";
		};
/* End PBXVariantGroup section */

/* Begin XCBuildConfiguration section */
		FD39FAEF19DFE74000CC2CFE /* Debug */ = {
			isa = XCBuildConfiguration;
			buildSettings = {
				ALWAYS_SEARCH_USER_PATHS = NO;
				CLANG_CXX_LANGUAGE_STANDARD = "gnu++0x";
				CLANG_CXX_LIBRARY = "libc++";
				CLANG_ENABLE_MODULES = YES;
				CLANG_ENABLE_OBJC_ARC = YES;
				CLANG_WARN_BOOL_CONVERSION = YES;
				CLANG_WARN_CONSTANT_CONVERSION = YES;
				CLANG_WARN_DIRECT_OBJC_ISA_USAGE = YES_ERROR;
				CLANG_WARN_EMPTY_BODY = YES;
				CLANG_WARN_ENUM_CONVERSION = YES;
				CLANG_WARN_INT_CONVERSION = YES;
				CLANG_WARN_OBJC_ROOT_CLASS = YES_ERROR;
				CLANG_WARN_UNREACHABLE_CODE = YES;
				CLANG_WARN__DUPLICATE_METHOD_MATCH = YES;
				"CODE_SIGN_IDENTITY[sdk=iphoneos*]" = "iPhone Developer";
				COPY_PHASE_STRIP = NO;
				ENABLE_STRICT_OBJC_MSGSEND = YES;
				GCC_C_LANGUAGE_STANDARD = gnu99;
				GCC_DYNAMIC_NO_PIC = NO;
				GCC_OPTIMIZATION_LEVEL = 0;
				GCC_PREPROCESSOR_DEFINITIONS = (
					"DEBUG=1",
					"$(inherited)",
				);
				GCC_SYMBOLS_PRIVATE_EXTERN = NO;
				GCC_WARN_64_TO_32_BIT_CONVERSION = YES;
				GCC_WARN_ABOUT_RETURN_TYPE = YES_ERROR;
				GCC_WARN_UNDECLARED_SELECTOR = YES;
				GCC_WARN_UNINITIALIZED_AUTOS = YES_AGGRESSIVE;
				GCC_WARN_UNUSED_FUNCTION = YES;
				GCC_WARN_UNUSED_VARIABLE = YES;
				IPHONEOS_DEPLOYMENT_TARGET = 8.0;
				MTL_ENABLE_DEBUG_INFO = YES;
				ONLY_ACTIVE_ARCH = YES;
				SDKROOT = iphoneos;
				TARGETED_DEVICE_FAMILY = "1,2";
			};
			name = Debug;
		};
		FD39FAF019DFE74000CC2CFE /* Release */ = {
			isa = XCBuildConfiguration;
			buildSettings = {
				ALWAYS_SEARCH_USER_PATHS = NO;
				CLANG_CXX_LANGUAGE_STANDARD = "gnu++0x";
				CLANG_CXX_LIBRARY = "libc++";
				CLANG_ENABLE_MODULES = YES;
				CLANG_ENABLE_OBJC_ARC = YES;
				CLANG_WARN_BOOL_CONVERSION = YES;
				CLANG_WARN_CONSTANT_CONVERSION = YES;
				CLANG_WARN_DIRECT_OBJC_ISA_USAGE = YES_ERROR;
				CLANG_WARN_EMPTY_BODY = YES;
				CLANG_WARN_ENUM_CONVERSION = YES;
				CLANG_WARN_INT_CONVERSION = YES;
				CLANG_WARN_OBJC_ROOT_CLASS = YES_ERROR;
				CLANG_WARN_UNREACHABLE_CODE = YES;
				CLANG_WARN__DUPLICATE_METHOD_MATCH = YES;
				"CODE_SIGN_IDENTITY[sdk=iphoneos*]" = "iPhone Developer";
				COPY_PHASE_STRIP = YES;
				ENABLE_NS_ASSERTIONS = NO;
				ENABLE_STRICT_OBJC_MSGSEND = YES;
				GCC_C_LANGUAGE_STANDARD = gnu99;
				GCC_WARN_64_TO_32_BIT_CONVERSION = YES;
				GCC_WARN_ABOUT_RETURN_TYPE = YES_ERROR;
				GCC_WARN_UNDECLARED_SELECTOR = YES;
				GCC_WARN_UNINITIALIZED_AUTOS = YES_AGGRESSIVE;
				GCC_WARN_UNUSED_FUNCTION = YES;
				GCC_WARN_UNUSED_VARIABLE = YES;
				IPHONEOS_DEPLOYMENT_TARGET = 8.0;
				MTL_ENABLE_DEBUG_INFO = NO;
				SDKROOT = iphoneos;
				TARGETED_DEVICE_FAMILY = "1,2";
				VALIDATE_PRODUCT = YES;
			};
			name = Release;
		};
		FD39FAF219DFE74000CC2CFE /* Debug */ = {
			isa = XCBuildConfiguration;
			baseConfigurationReference = F43CA9980177AE1EE503F9BA /* Pods-Product.debug.xcconfig */;
			buildSettings = {
				ASSETCATALOG_COMPILER_APPICON_NAME = AppIcon;
				CLANG_ENABLE_MODULES = YES;
				CODE_SIGN_IDENTITY = "iPhone Developer";
				FRAMEWORK_SEARCH_PATHS = "$(inherited)";
				INFOPLIST_FILE = Product/Info.plist;
				LD_RUNPATH_SEARCH_PATHS = "$(inherited) @executable_path/Frameworks";
				LIBRARY_SEARCH_PATHS = (
					"$(inherited)",
					"$(PROJECT_DIR)/Pods/build/Debug-iphoneos",
				);
				OTHER_CODE_SIGN_FLAGS = "";
				PRODUCT_NAME = "$(TARGET_NAME)";
				SWIFT_OBJC_BRIDGING_HEADER = "Product-Bridging-Header.h";
				SWIFT_OPTIMIZATION_LEVEL = "-Onone";
				TARGETED_DEVICE_FAMILY = 1;
				VALID_ARCHS = "armv7 armv7s arm64";
			};
			name = Debug;
		};
		FD39FAF319DFE74000CC2CFE /* Release */ = {
			isa = XCBuildConfiguration;
			baseConfigurationReference = 4E70468C9BFA4F2CB04AB08A /* Pods-Product.release.xcconfig */;
			buildSettings = {
				ASSETCATALOG_COMPILER_APPICON_NAME = AppIcon;
				CLANG_ENABLE_MODULES = YES;
				CODE_SIGN_IDENTITY = "iPhone Developer";
				FRAMEWORK_SEARCH_PATHS = "$(inherited)";
				INFOPLIST_FILE = Product/Info.plist;
				LD_RUNPATH_SEARCH_PATHS = "$(inherited) @executable_path/Frameworks";
				LIBRARY_SEARCH_PATHS = (
					"$(inherited)",
					"$(PROJECT_DIR)/Pods/build/Debug-iphoneos",
				);
				OTHER_CODE_SIGN_FLAGS = "";
				PRODUCT_NAME = "$(TARGET_NAME)";
				SWIFT_OBJC_BRIDGING_HEADER = "Product-Bridging-Header.h";
				TARGETED_DEVICE_FAMILY = 1;
				VALID_ARCHS = "armv7 armv7s arm64";
			};
			name = Release;
		};
		FD39FAF519DFE74000CC2CFE /* Debug */ = {
			isa = XCBuildConfiguration;
			buildSettings = {
				BUNDLE_LOADER = "$(TEST_HOST)";
				FRAMEWORK_SEARCH_PATHS = (
					"$(SDKROOT)/Developer/Library/Frameworks",
					"$(inherited)",
				);
				GCC_PREPROCESSOR_DEFINITIONS = (
					"DEBUG=1",
					"$(inherited)",
				);
				INFOPLIST_FILE = ProductTests/Info.plist;
				LD_RUNPATH_SEARCH_PATHS = "$(inherited) @executable_path/Frameworks @loader_path/Frameworks";
				PRODUCT_NAME = "$(TARGET_NAME)";
				TEST_HOST = "$(BUILT_PRODUCTS_DIR)/Product.app/Product";
			};
			name = Debug;
		};
		FD39FAF619DFE74000CC2CFE /* Release */ = {
			isa = XCBuildConfiguration;
			buildSettings = {
				BUNDLE_LOADER = "$(TEST_HOST)";
				FRAMEWORK_SEARCH_PATHS = (
					"$(SDKROOT)/Developer/Library/Frameworks",
					"$(inherited)",
				);
				INFOPLIST_FILE = ProductTests/Info.plist;
				LD_RUNPATH_SEARCH_PATHS = "$(inherited) @executable_path/Frameworks @loader_path/Frameworks";
				PRODUCT_NAME = "$(TARGET_NAME)";
				TEST_HOST = "$(BUILT_PRODUCTS_DIR)/Product.app/Product";
			};
			name = Release;
		};
/* End XCBuildConfiguration section */

/* Begin XCConfigurationList section */
		FD39FAC919DFE74000CC2CFE /* Build configuration list for PBXProject "Product" */ = {
			isa = XCConfigurationList;
			buildConfigurations = (
				FD39FAEF19DFE74000CC2CFE /* Debug */,
				FD39FAF019DFE74000CC2CFE /* Release */,
			);
			defaultConfigurationIsVisible = 0;
			defaultConfigurationName = Release;
		};
		FD39FAF119DFE74000CC2CFE /* Build configuration list for PBXNativeTarget "Product" */ = {
			isa = XCConfigurationList;
			buildConfigurations = (
				FD39FAF219DFE74000CC2CFE /* Debug */,
				FD39FAF319DFE74000CC2CFE /* Release */,
			);
			defaultConfigurationIsVisible = 0;
			defaultConfigurationName = Release;
		};
		FD39FAF419DFE74000CC2CFE /* Build configuration list for PBXNativeTarget "ProductTests" */ = {
			isa = XCConfigurationList;
			buildConfigurations = (
				FD39FAF519DFE74000CC2CFE /* Debug */,
				FD39FAF619DFE74000CC2CFE /* Release */,
			);
			defaultConfigurationIsVisible = 0;
			defaultConfigurationName = Release;
		};
/* End XCConfigurationList section */
	};
	rootObject = FD39FAC619DFE74000CC2CFE /* Project object */;
}
